
Microsoft Visual Studio Solution File, Format Version 12.00
# Visual Studio Version 16
VisualStudioVersion = 16.0.31229.75
MinimumVisualStudioVersion = 15.0.26124.0
Project("{9A19103F-16F7-4668-BE54-9A1E7A4F7556}") = "Asset.Samples", "Asset.Samples\Asset.Samples.csproj", "{9E6D0AED-B21C-4A20-90EA-F17875346C8D}"
EndProject
Project("{9A19103F-16F7-4668-BE54-9A1E7A4F7556}") = "Asset.Samples.Tests", "Asset.Samples.Tests\Asset.Samples.Tests.csproj", "{41022AA6-36CD-46FA-A8DE-3D08E0E71A2C}"
EndProject
Project("{9A19103F-16F7-4668-BE54-9A1E7A4F7556}") = "testutil", "..\..\testutil\testutil.csproj", "{ABA11F4F-A3AF-44CD-A6FF-359BCEFBA601}"
EndProject
Global
	GlobalSection(SolutionConfigurationPlatforms) = preSolution
		Debug|Any CPU = Debug|Any CPU
		Debug|x64 = Debug|x64
		Debug|x86 = Debug|x86
		Release|Any CPU = Release|Any CPU
		Release|x64 = Release|x64
		Release|x86 = Release|x86
	EndGlobalSection
	GlobalSection(ProjectConfigurationPlatforms) = postSolution
		{9E6D0AED-B21C-4A20-90EA-F17875346C8D}.Debug|Any CPU.ActiveCfg = Debug|Any CPU
		{9E6D0AED-B21C-4A20-90EA-F17875346C8D}.Debug|Any CPU.Build.0 = Debug|Any CPU
		{9E6D0AED-B21C-4A20-90EA-F17875346C8D}.Debug|x64.ActiveCfg = Debug|Any CPU
		{9E6D0AED-B21C-4A20-90EA-F17875346C8D}.Debug|x64.Build.0 = Debug|Any CPU
		{9E6D0AED-B21C-4A20-90EA-F17875346C8D}.Debug|x86.ActiveCfg = Debug|Any CPU
		{9E6D0AED-B21C-4A20-90EA-F17875346C8D}.Debug|x86.Build.0 = Debug|Any CPU
		{9E6D0AED-B21C-4A20-90EA-F17875346C8D}.Release|Any CPU.ActiveCfg = Release|Any CPU
		{9E6D0AED-B21C-4A20-90EA-F17875346C8D}.Release|Any CPU.Build.0 = Release|Any CPU
		{9E6D0AED-B21C-4A20-90EA-F17875346C8D}.Release|x64.ActiveCfg = Release|Any CPU
		{9E6D0AED-B21C-4A20-90EA-F17875346C8D}.Release|x64.Build.0 = Release|Any CPU
		{9E6D0AED-B21C-4A20-90EA-F17875346C8D}.Release|x86.ActiveCfg = Release|Any CPU
		{9E6D0AED-B21C-4A20-90EA-F17875346C8D}.Release|x86.Build.0 = Release|Any CPU
		{41022AA6-36CD-46FA-A8DE-3D08E0E71A2C}.Debug|Any CPU.ActiveCfg = Debug|Any CPU
		{41022AA6-36CD-46FA-A8DE-3D08E0E71A2C}.Debug|Any CPU.Build.0 = Debug|Any CPU
		{41022AA6-36CD-46FA-A8DE-3D08E0E71A2C}.Debug|x64.ActiveCfg = Debug|Any CPU
		{41022AA6-36CD-46FA-A8DE-3D08E0E71A2C}.Debug|x64.Build.0 = Debug|Any CPU
		{41022AA6-36CD-46FA-A8DE-3D08E0E71A2C}.Debug|x86.ActiveCfg = Debug|Any CPU
		{41022AA6-36CD-46FA-A8DE-3D08E0E71A2C}.Debug|x86.Build.0 = Debug|Any CPU
		{41022AA6-36CD-46FA-A8DE-3D08E0E71A2C}.Release|Any CPU.ActiveCfg = Release|Any CPU
		{41022AA6-36CD-46FA-A8DE-3D08E0E71A2C}.Release|Any CPU.Build.0 = Release|Any CPU
		{41022AA6-36CD-46FA-A8DE-3D08E0E71A2C}.Release|x64.ActiveCfg = Release|Any CPU
		{41022AA6-36CD-46FA-A8DE-3D08E0E71A2C}.Release|x64.Build.0 = Release|Any CPU
		{41022AA6-36CD-46FA-A8DE-3D08E0E71A2C}.Release|x86.ActiveCfg = Release|Any CPU
		{41022AA6-36CD-46FA-A8DE-3D08E0E71A2C}.Release|x86.Build.0 = Release|Any CPU
		{ABA11F4F-A3AF-44CD-A6FF-359BCEFBA601}.Debug|Any CPU.ActiveCfg = Debug|Any CPU
		{ABA11F4F-A3AF-44CD-A6FF-359BCEFBA601}.Debug|Any CPU.Build.0 = Debug|Any CPU
		{ABA11F4F-A3AF-44CD-A6FF-359BCEFBA601}.Debug|x64.ActiveCfg = Debug|Any CPU
		{ABA11F4F-A3AF-44CD-A6FF-359BCEFBA601}.Debug|x64.Build.0 = Debug|Any CPU
		{ABA11F4F-A3AF-44CD-A6FF-359BCEFBA601}.Debug|x86.ActiveCfg = Debug|Any CPU
		{ABA11F4F-A3AF-44CD-A6FF-359BCEFBA601}.Debug|x86.Build.0 = Debug|Any CPU
		{ABA11F4F-A3AF-44CD-A6FF-359BCEFBA601}.Release|Any CPU.ActiveCfg = Release|Any CPU
		{ABA11F4F-A3AF-44CD-A6FF-359BCEFBA601}.Release|Any CPU.Build.0 = Release|Any CPU
		{ABA11F4F-A3AF-44CD-A6FF-359BCEFBA601}.Release|x64.ActiveCfg = Release|Any CPU
		{ABA11F4F-A3AF-44CD-A6FF-359BCEFBA601}.Release|x64.Build.0 = Release|Any CPU
		{ABA11F4F-A3AF-44CD-A6FF-359BCEFBA601}.Release|x86.ActiveCfg = Release|Any CPU
		{ABA11F4F-A3AF-44CD-A6FF-359BCEFBA601}.Release|x86.Build.0 = Release|Any CPU
	EndGlobalSection
	GlobalSection(SolutionProperties) = preSolution
		HideSolutionNode = FALSE
	EndGlobalSection
	GlobalSection(ExtensibilityGlobals) = postSolution
		SolutionGuid = {DACE767A-5A82-40B1-915E-81B0D711C455}
	EndGlobalSection
EndGlobal
