Microsoft Visual Studio Solution File, Format Version 12.00
# Visual Studio 15
VisualStudioVersion = 15.0.27130.2010
MinimumVisualStudioVersion = 15.0.26124.0
Project("{9A19103F-16F7-4668-BE54-9A1E7A4F7556}") = "QuickStart", "QuickStart\QuickStart.csproj", "{84B95D03-47FA-4819-B6A2-B28250557297}"
EndProject
Project("{9A19103F-16F7-4668-BE54-9A1E7A4F7556}") = "QuickStartTest", "QuickStartTest\QuickStartTest.csproj", "{D1CC00A4-C811-4E57-8399-B7270385C8E9}"
EndProject
Global
	GlobalSection(SolutionConfigurationPlatforms) = preSolution
		Debug|Any CPU = Debug|Any CPU
		Release|Any CPU = Release|Any CPU
	EndGlobalSection
	GlobalSection(ProjectConfigurationPlatforms) = postSolution
		{84B95D03-47FA-4819-B6A2-B28250557297}.Debug|Any CPU.ActiveCfg = Debug|Any CPU
		{84B95D03-47FA-4819-B6A2-B28250557297}.Debug|Any CPU.Build.0 = Debug|Any CPU
		{84B95D03-47FA-4819-B6A2-B28250557297}.Release|Any CPU.ActiveCfg = Release|Any CPU
		{84B95D03-47FA-4819-B6A2-B28250557297}.Release|Any CPU.Build.0 = Release|Any CPU
		{D1CC00A4-C811-4E57-8399-B7270385C8E9}.Debug|Any CPU.ActiveCfg = Debug|Any CPU
		{D1CC00A4-C811-4E57-8399-B7270385C8E9}.Debug|Any CPU.Build.0 = Debug|Any CPU
		{D1CC00A4-C811-4E57-8399-B7270385C8E9}.Release|Any CPU.ActiveCfg = Release|Any CPU
		{D1CC00A4-C811-4E57-8399-B7270385C8E9}.Release|Any CPU.Build.0 = Release|Any CPU
	EndGlobalSection
	GlobalSection(SolutionProperties) = preSolution
		HideSolutionNode = FALSE
	EndGlobalSection
	GlobalSection(ExtensibilityGlobals) = postSolution
		SolutionGuid = {FDBEB51A-4769-4229-B30F-7E29A3BDEDEE}
	EndGlobalSection
EndGlobal
