
Microsoft Visual Studio Solution File, Format Version 12.00
# Visual Studio Version 17
VisualStudioVersion = 17.0.31903.59
MinimumVisualStudioVersion = 10.0.40219.1
Project("{FAE04EC0-301F-11D3-BF4B-00C04F79EFBC}") = "GenAI.Samples", "GenAI.Samples\GenAI.Samples.csproj", "{4CE7122F-BB91-4CDD-AE2A-50AE6F00ECF8}"
EndProject
Project("{FAE04EC0-301F-11D3-BF4B-00C04F79EFBC}") = "GenAI.Samples.Tests", "GenAI.Samples.Tests\GenAI.Samples.Tests.csproj", "{5381F18E-8B7E-4D71-A909-C936F784AB65}"
EndProject
Global
	GlobalSection(SolutionConfigurationPlatforms) = preSolution
		Debug|Any CPU = Debug|Any CPU
		Release|Any CPU = Release|Any CPU
	EndGlobalSection
	GlobalSection(SolutionProperties) = preSolution
		HideSolutionNode = FALSE
	EndGlobalSection
	GlobalSection(ProjectConfigurationPlatforms) = postSolution
		{4CE7122F-BB91-4CDD-AE2A-50AE6F00ECF8}.Debug|Any CPU.ActiveCfg = Debug|Any CPU
		{4CE7122F-BB91-4CDD-AE2A-50AE6F00ECF8}.Debug|Any CPU.Build.0 = Debug|Any CPU
		{4CE7122F-BB91-4CDD-AE2A-50AE6F00ECF8}.Release|Any CPU.ActiveCfg = Release|Any CPU
		{4CE7122F-BB91-4CDD-AE2A-50AE6F00ECF8}.Release|Any CPU.Build.0 = Release|Any CPU
		{5381F18E-8B7E-4D71-A909-C936F784AB65}.Debug|Any CPU.ActiveCfg = Debug|Any CPU
		{5381F18E-8B7E-4D71-A909-C936F784AB65}.Debug|Any CPU.Build.0 = Debug|Any CPU
		{5381F18E-8B7E-4D71-A909-C936F784AB65}.Release|Any CPU.ActiveCfg = Release|Any CPU
		{5381F18E-8B7E-4D71-A909-C936F784AB65}.Release|Any CPU.Build.0 = Release|Any CPU
	EndGlobalSection
EndGlobal
