Microsoft Visual Studio Solution File, Format Version 12.00
# Visual Studio Version 16
VisualStudioVersion = 16.0.29806.167
MinimumVisualStudioVersion = 15.0.26124.0
Project("{9A19103F-16F7-4668-BE54-9A1E7A4F7556}") = "TextToSpeech", "TextToSpeech\TextToSpeech.csproj", "{A405DC18-1A8E-4C97-8A56-76FA0EF735E5}"
EndProject
Project("{9A19103F-16F7-4668-BE54-9A1E7A4F7556}") = "TextToSpeech.Samples", "TextToSpeech.Samples\TextToSpeech.Samples.csproj", "{7B859566-B630-4A42-BCDF-13D8A35515EA}"
EndProject
Project("{9A19103F-16F7-4668-BE54-9A1E7A4F7556}") = "TextToSpeech.Samples.Tests", "TextToSpeech.Samples.Tests\TextToSpeech.Samples.Tests.csproj", "{34B793A8-01F6-4FC6-9091-41E07330630D}"
EndProject
Global
	GlobalSection(SolutionConfigurationPlatforms) = preSolution
		Debug|Any CPU = Debug|Any CPU
		Debug|x64 = Debug|x64
		Debug|x86 = Debug|x86
		Release|Any CPU = Release|Any CPU
		Release|x64 = Release|x64
		Release|x86 = Release|x86
	EndGlobalSection
	GlobalSection(ProjectConfigurationPlatforms) = postSolution
		{A405DC18-1A8E-4C97-8A56-76FA0EF735E5}.Debug|Any CPU.ActiveCfg = Debug|Any CPU
		{A405DC18-1A8E-4C97-8A56-76FA0EF735E5}.Debug|Any CPU.Build.0 = Debug|Any CPU
		{A405DC18-1A8E-4C97-8A56-76FA0EF735E5}.Debug|x64.ActiveCfg = Debug|Any CPU
		{A405DC18-1A8E-4C97-8A56-76FA0EF735E5}.Debug|x64.Build.0 = Debug|Any CPU
		{A405DC18-1A8E-4C97-8A56-76FA0EF735E5}.Debug|x86.ActiveCfg = Debug|Any CPU
		{A405DC18-1A8E-4C97-8A56-76FA0EF735E5}.Debug|x86.Build.0 = Debug|Any CPU
		{A405DC18-1A8E-4C97-8A56-76FA0EF735E5}.Release|Any CPU.ActiveCfg = Release|Any CPU
		{A405DC18-1A8E-4C97-8A56-76FA0EF735E5}.Release|Any CPU.Build.0 = Release|Any CPU
		{A405DC18-1A8E-4C97-8A56-76FA0EF735E5}.Release|x64.ActiveCfg = Release|Any CPU
		{A405DC18-1A8E-4C97-8A56-76FA0EF735E5}.Release|x64.Build.0 = Release|Any CPU
		{A405DC18-1A8E-4C97-8A56-76FA0EF735E5}.Release|x86.ActiveCfg = Release|Any CPU
		{A405DC18-1A8E-4C97-8A56-76FA0EF735E5}.Release|x86.Build.0 = Release|Any CPU
		{7B859566-B630-4A42-BCDF-13D8A35515EA}.Debug|Any CPU.ActiveCfg = Debug|Any CPU
		{7B859566-B630-4A42-BCDF-13D8A35515EA}.Debug|Any CPU.Build.0 = Debug|Any CPU
		{7B859566-B630-4A42-BCDF-13D8A35515EA}.Debug|x64.ActiveCfg = Debug|Any CPU
		{7B859566-B630-4A42-BCDF-13D8A35515EA}.Debug|x64.Build.0 = Debug|Any CPU
		{7B859566-B630-4A42-BCDF-13D8A35515EA}.Debug|x86.ActiveCfg = Debug|Any CPU
		{7B859566-B630-4A42-BCDF-13D8A35515EA}.Debug|x86.Build.0 = Debug|Any CPU
		{7B859566-B630-4A42-BCDF-13D8A35515EA}.Release|Any CPU.ActiveCfg = Release|Any CPU
		{7B859566-B630-4A42-BCDF-13D8A35515EA}.Release|Any CPU.Build.0 = Release|Any CPU
		{7B859566-B630-4A42-BCDF-13D8A35515EA}.Release|x64.ActiveCfg = Release|Any CPU
		{7B859566-B630-4A42-BCDF-13D8A35515EA}.Release|x64.Build.0 = Release|Any CPU
		{7B859566-B630-4A42-BCDF-13D8A35515EA}.Release|x86.ActiveCfg = Release|Any CPU
		{7B859566-B630-4A42-BCDF-13D8A35515EA}.Release|x86.Build.0 = Release|Any CPU
		{34B793A8-01F6-4FC6-9091-41E07330630D}.Debug|Any CPU.ActiveCfg = Debug|Any CPU
		{34B793A8-01F6-4FC6-9091-41E07330630D}.Debug|Any CPU.Build.0 = Debug|Any CPU
		{34B793A8-01F6-4FC6-9091-41E07330630D}.Debug|x64.ActiveCfg = Debug|Any CPU
		{34B793A8-01F6-4FC6-9091-41E07330630D}.Debug|x64.Build.0 = Debug|Any CPU
		{34B793A8-01F6-4FC6-9091-41E07330630D}.Debug|x86.ActiveCfg = Debug|Any CPU
		{34B793A8-01F6-4FC6-9091-41E07330630D}.Debug|x86.Build.0 = Debug|Any CPU
		{34B793A8-01F6-4FC6-9091-41E07330630D}.Release|Any CPU.ActiveCfg = Release|Any CPU
		{34B793A8-01F6-4FC6-9091-41E07330630D}.Release|Any CPU.Build.0 = Release|Any CPU
		{34B793A8-01F6-4FC6-9091-41E07330630D}.Release|x64.ActiveCfg = Release|Any CPU
		{34B793A8-01F6-4FC6-9091-41E07330630D}.Release|x64.Build.0 = Release|Any CPU
		{34B793A8-01F6-4FC6-9091-41E07330630D}.Release|x86.ActiveCfg = Release|Any CPU
		{34B793A8-01F6-4FC6-9091-41E07330630D}.Release|x86.Build.0 = Release|Any CPU
	EndGlobalSection
	GlobalSection(SolutionProperties) = preSolution
		HideSolutionNode = FALSE
	EndGlobalSection
	GlobalSection(ExtensibilityGlobals) = postSolution
		SolutionGuid = {5628B1C9-51A4-4F36-97F9-F8BD3226649A}
	EndGlobalSection
EndGlobal
