Microsoft Visual Studio Solution File, Format Version 12.00
# Visual Studio Version 16
VisualStudioVersion = 16.0.29806.167
MinimumVisualStudioVersion = 15.0.26124.0
Project("{9A19103F-16F7-4668-BE54-9A1E7A4F7556}") = "CommandLineUtil", "Lib\CommandLineUtil.csproj", "{07B9A950-A42B-4CBB-8C82-0D661A4AAF17}"
EndProject
Project("{9A19103F-16F7-4668-BE54-9A1E7A4F7556}") = "CommandLineUtilSample", "Sample\CommandLineUtilSample.csproj", "{7701A537-C10B-481C-8C79-6AF26CAC4488}"
EndProject
Project("{9A19103F-16F7-4668-BE54-9A1E7A4F7556}") = "SampleTest", "SampleTest\SampleTest.csproj", "{76D6C928-9DA8-40EA-B819-026CDBB57EDC}"
EndProject
Project("{9A19103F-16F7-4668-BE54-9A1E7A4F7556}") = "testutil", "..\testutil\testutil.csproj", "{A8D66654-8FE9-427A-AFF5-CE90FD12CA3F}"
EndProject
Global
	GlobalSection(SolutionConfigurationPlatforms) = preSolution
		Debug|Any CPU = Debug|Any CPU
		Debug|x64 = Debug|x64
		Debug|x86 = Debug|x86
		Release|Any CPU = Release|Any CPU
		Release|x64 = Release|x64
		Release|x86 = Release|x86
	EndGlobalSection
	GlobalSection(ProjectConfigurationPlatforms) = postSolution
		{07B9A950-A42B-4CBB-8C82-0D661A4AAF17}.Debug|Any CPU.ActiveCfg = Debug|Any CPU
		{07B9A950-A42B-4CBB-8C82-0D661A4AAF17}.Debug|Any CPU.Build.0 = Debug|Any CPU
		{07B9A950-A42B-4CBB-8C82-0D661A4AAF17}.Debug|x64.ActiveCfg = Debug|Any CPU
		{07B9A950-A42B-4CBB-8C82-0D661A4AAF17}.Debug|x64.Build.0 = Debug|Any CPU
		{07B9A950-A42B-4CBB-8C82-0D661A4AAF17}.Debug|x86.ActiveCfg = Debug|Any CPU
		{07B9A950-A42B-4CBB-8C82-0D661A4AAF17}.Debug|x86.Build.0 = Debug|Any CPU
		{07B9A950-A42B-4CBB-8C82-0D661A4AAF17}.Release|Any CPU.ActiveCfg = Release|Any CPU
		{07B9A950-A42B-4CBB-8C82-0D661A4AAF17}.Release|Any CPU.Build.0 = Release|Any CPU
		{07B9A950-A42B-4CBB-8C82-0D661A4AAF17}.Release|x64.ActiveCfg = Release|Any CPU
		{07B9A950-A42B-4CBB-8C82-0D661A4AAF17}.Release|x64.Build.0 = Release|Any CPU
		{07B9A950-A42B-4CBB-8C82-0D661A4AAF17}.Release|x86.ActiveCfg = Release|Any CPU
		{07B9A950-A42B-4CBB-8C82-0D661A4AAF17}.Release|x86.Build.0 = Release|Any CPU
		{7701A537-C10B-481C-8C79-6AF26CAC4488}.Debug|Any CPU.ActiveCfg = Debug|Any CPU
		{7701A537-C10B-481C-8C79-6AF26CAC4488}.Debug|Any CPU.Build.0 = Debug|Any CPU
		{7701A537-C10B-481C-8C79-6AF26CAC4488}.Debug|x64.ActiveCfg = Debug|Any CPU
		{7701A537-C10B-481C-8C79-6AF26CAC4488}.Debug|x64.Build.0 = Debug|Any CPU
		{7701A537-C10B-481C-8C79-6AF26CAC4488}.Debug|x86.ActiveCfg = Debug|Any CPU
		{7701A537-C10B-481C-8C79-6AF26CAC4488}.Debug|x86.Build.0 = Debug|Any CPU
		{7701A537-C10B-481C-8C79-6AF26CAC4488}.Release|Any CPU.ActiveCfg = Release|Any CPU
		{7701A537-C10B-481C-8C79-6AF26CAC4488}.Release|Any CPU.Build.0 = Release|Any CPU
		{7701A537-C10B-481C-8C79-6AF26CAC4488}.Release|x64.ActiveCfg = Release|Any CPU
		{7701A537-C10B-481C-8C79-6AF26CAC4488}.Release|x64.Build.0 = Release|Any CPU
		{7701A537-C10B-481C-8C79-6AF26CAC4488}.Release|x86.ActiveCfg = Release|Any CPU
		{7701A537-C10B-481C-8C79-6AF26CAC4488}.Release|x86.Build.0 = Release|Any CPU
		{76D6C928-9DA8-40EA-B819-026CDBB57EDC}.Debug|Any CPU.ActiveCfg = Debug|Any CPU
		{76D6C928-9DA8-40EA-B819-026CDBB57EDC}.Debug|Any CPU.Build.0 = Debug|Any CPU
		{76D6C928-9DA8-40EA-B819-026CDBB57EDC}.Debug|x64.ActiveCfg = Debug|Any CPU
		{76D6C928-9DA8-40EA-B819-026CDBB57EDC}.Debug|x64.Build.0 = Debug|Any CPU
		{76D6C928-9DA8-40EA-B819-026CDBB57EDC}.Debug|x86.ActiveCfg = Debug|Any CPU
		{76D6C928-9DA8-40EA-B819-026CDBB57EDC}.Debug|x86.Build.0 = Debug|Any CPU
		{76D6C928-9DA8-40EA-B819-026CDBB57EDC}.Release|Any CPU.ActiveCfg = Release|Any CPU
		{76D6C928-9DA8-40EA-B819-026CDBB57EDC}.Release|Any CPU.Build.0 = Release|Any CPU
		{76D6C928-9DA8-40EA-B819-026CDBB57EDC}.Release|x64.ActiveCfg = Release|Any CPU
		{76D6C928-9DA8-40EA-B819-026CDBB57EDC}.Release|x64.Build.0 = Release|Any CPU
		{76D6C928-9DA8-40EA-B819-026CDBB57EDC}.Release|x86.ActiveCfg = Release|Any CPU
		{76D6C928-9DA8-40EA-B819-026CDBB57EDC}.Release|x86.Build.0 = Release|Any CPU
		{A8D66654-8FE9-427A-AFF5-CE90FD12CA3F}.Debug|Any CPU.ActiveCfg = Debug|Any CPU
		{A8D66654-8FE9-427A-AFF5-CE90FD12CA3F}.Debug|Any CPU.Build.0 = Debug|Any CPU
		{A8D66654-8FE9-427A-AFF5-CE90FD12CA3F}.Debug|x64.ActiveCfg = Debug|Any CPU
		{A8D66654-8FE9-427A-AFF5-CE90FD12CA3F}.Debug|x64.Build.0 = Debug|Any CPU
		{A8D66654-8FE9-427A-AFF5-CE90FD12CA3F}.Debug|x86.ActiveCfg = Debug|Any CPU
		{A8D66654-8FE9-427A-AFF5-CE90FD12CA3F}.Debug|x86.Build.0 = Debug|Any CPU
		{A8D66654-8FE9-427A-AFF5-CE90FD12CA3F}.Release|Any CPU.ActiveCfg = Release|Any CPU
		{A8D66654-8FE9-427A-AFF5-CE90FD12CA3F}.Release|Any CPU.Build.0 = Release|Any CPU
		{A8D66654-8FE9-427A-AFF5-CE90FD12CA3F}.Release|x64.ActiveCfg = Release|Any CPU
		{A8D66654-8FE9-427A-AFF5-CE90FD12CA3F}.Release|x64.Build.0 = Release|Any CPU
		{A8D66654-8FE9-427A-AFF5-CE90FD12CA3F}.Release|x86.ActiveCfg = Release|Any CPU
		{A8D66654-8FE9-427A-AFF5-CE90FD12CA3F}.Release|x86.Build.0 = Release|Any CPU
	EndGlobalSection
	GlobalSection(SolutionProperties) = preSolution
		HideSolutionNode = FALSE
	EndGlobalSection
	GlobalSection(ExtensibilityGlobals) = postSolution
		SolutionGuid = {238E6874-FBE5-47FA-92CE-EE0D1E943DC6}
	EndGlobalSection
EndGlobal
