
Microsoft Visual Studio Solution File, Format Version 12.00
# Visual Studio 15
VisualStudioVersion = 15.0.26124.0
MinimumVisualStudioVersion = 15.0.26124.0
Project("{FAE04EC0-301F-11D3-BF4B-00C04F79EFBC}") = "CommandLineUtil", "Lib\CommandLineUtil.csproj", "{07B9A950-A42B-4CBB-8C82-0D661A4AAF17}"
EndProject
Project("{FAE04EC0-301F-11D3-BF4B-00C04F79EFBC}") = "CommandLineUtilSample", "Sample\CommandLineUtilSample.csproj", "{7701A537-C10B-481C-8C79-6AF26CAC4488}"
EndProject
Project("{FAE04EC0-301F-11D3-BF4B-00C04F79EFBC}") = "SampleTest", "SampleTest\SampleTest.csproj", "{76D6C928-9DA8-40EA-B819-026CDBB57EDC}"
EndProject
Global
	GlobalSection(SolutionConfigurationPlatforms) = preSolution
		Debug|Any CPU = Debug|Any CPU
		Debug|x64 = Debug|x64
		Debug|x86 = Debug|x86
		Release|Any CPU = Release|Any CPU
		Release|x64 = Release|x64
		Release|x86 = Release|x86
	EndGlobalSection
	GlobalSection(SolutionProperties) = preSolution
		HideSolutionNode = FALSE
	EndGlobalSection
	GlobalSection(ProjectConfigurationPlatforms) = postSolution
		{07B9A950-A42B-4CBB-8C82-0D661A4AAF17}.Debug|Any CPU.ActiveCfg = Debug|Any CPU
		{07B9A950-A42B-4CBB-8C82-0D661A4AAF17}.Debug|Any CPU.Build.0 = Debug|Any CPU
		{07B9A950-A42B-4CBB-8C82-0D661A4AAF17}.Debug|x64.ActiveCfg = Debug|x64
		{07B9A950-A42B-4CBB-8C82-0D661A4AAF17}.Debug|x64.Build.0 = Debug|x64
		{07B9A950-A42B-4CBB-8C82-0D661A4AAF17}.Debug|x86.ActiveCfg = Debug|x86
		{07B9A950-A42B-4CBB-8C82-0D661A4AAF17}.Debug|x86.Build.0 = Debug|x86
		{07B9A950-A42B-4CBB-8C82-0D661A4AAF17}.Release|Any CPU.ActiveCfg = Release|Any CPU
		{07B9A950-A42B-4CBB-8C82-0D661A4AAF17}.Release|Any CPU.Build.0 = Release|Any CPU
		{07B9A950-A42B-4CBB-8C82-0D661A4AAF17}.Release|x64.ActiveCfg = Release|x64
		{07B9A950-A42B-4CBB-8C82-0D661A4AAF17}.Release|x64.Build.0 = Release|x64
		{07B9A950-A42B-4CBB-8C82-0D661A4AAF17}.Release|x86.ActiveCfg = Release|x86
		{07B9A950-A42B-4CBB-8C82-0D661A4AAF17}.Release|x86.Build.0 = Release|x86
		{7701A537-C10B-481C-8C79-6AF26CAC4488}.Debug|Any CPU.ActiveCfg = Debug|Any CPU
		{7701A537-C10B-481C-8C79-6AF26CAC4488}.Debug|Any CPU.Build.0 = Debug|Any CPU
		{7701A537-C10B-481C-8C79-6AF26CAC4488}.Debug|x64.ActiveCfg = Debug|x64
		{7701A537-C10B-481C-8C79-6AF26CAC4488}.Debug|x64.Build.0 = Debug|x64
		{7701A537-C10B-481C-8C79-6AF26CAC4488}.Debug|x86.ActiveCfg = Debug|x86
		{7701A537-C10B-481C-8C79-6AF26CAC4488}.Debug|x86.Build.0 = Debug|x86
		{7701A537-C10B-481C-8C79-6AF26CAC4488}.Release|Any CPU.ActiveCfg = Release|Any CPU
		{7701A537-C10B-481C-8C79-6AF26CAC4488}.Release|Any CPU.Build.0 = Release|Any CPU
		{7701A537-C10B-481C-8C79-6AF26CAC4488}.Release|x64.ActiveCfg = Release|x64
		{7701A537-C10B-481C-8C79-6AF26CAC4488}.Release|x64.Build.0 = Release|x64
		{7701A537-C10B-481C-8C79-6AF26CAC4488}.Release|x86.ActiveCfg = Release|x86
		{7701A537-C10B-481C-8C79-6AF26CAC4488}.Release|x86.Build.0 = Release|x86
		{76D6C928-9DA8-40EA-B819-026CDBB57EDC}.Debug|Any CPU.ActiveCfg = Debug|Any CPU
		{76D6C928-9DA8-40EA-B819-026CDBB57EDC}.Debug|Any CPU.Build.0 = Debug|Any CPU
		{76D6C928-9DA8-40EA-B819-026CDBB57EDC}.Debug|x64.ActiveCfg = Debug|x64
		{76D6C928-9DA8-40EA-B819-026CDBB57EDC}.Debug|x64.Build.0 = Debug|x64
		{76D6C928-9DA8-40EA-B819-026CDBB57EDC}.Debug|x86.ActiveCfg = Debug|x86
		{76D6C928-9DA8-40EA-B819-026CDBB57EDC}.Debug|x86.Build.0 = Debug|x86
		{76D6C928-9DA8-40EA-B819-026CDBB57EDC}.Release|Any CPU.ActiveCfg = Release|Any CPU
		{76D6C928-9DA8-40EA-B819-026CDBB57EDC}.Release|Any CPU.Build.0 = Release|Any CPU
		{76D6C928-9DA8-40EA-B819-026CDBB57EDC}.Release|x64.ActiveCfg = Release|x64
		{76D6C928-9DA8-40EA-B819-026CDBB57EDC}.Release|x64.Build.0 = Release|x64
		{76D6C928-9DA8-40EA-B819-026CDBB57EDC}.Release|x86.ActiveCfg = Release|x86
		{76D6C928-9DA8-40EA-B819-026CDBB57EDC}.Release|x86.Build.0 = Release|x86
	EndGlobalSection
EndGlobal
