Microsoft Visual Studio Solution File, Format Version 12.00
# Visual Studio Version 16
VisualStudioVersion = 16.0.29806.167
MinimumVisualStudioVersion = 15.0.26124.0
Project("{9A19103F-16F7-4668-BE54-9A1E7A4F7556}") = "QuickStart", "..\QuickStart\QuickStart.csproj", "{2753146F-159B-4852-A593-99CBA4A4A8DB}"
EndProject
Project("{9A19103F-16F7-4668-BE54-9A1E7A4F7556}") = "QuickStartTest", "..\QuickStartTest\QuickStartTest.csproj", "{B900B950-50F9-4E9C-AA44-0DF24E5EA165}"
EndProject
Project("{9A19103F-16F7-4668-BE54-9A1E7A4F7556}") = "TaskList", "..\TaskList\TaskList.csproj", "{31F3DC01-6009-4C9B-B938-42E100015672}"
EndProject
Project("{9A19103F-16F7-4668-BE54-9A1E7A4F7556}") = "DatastoreTest", "..\TaskListTest\DatastoreTest.csproj", "{20AEB4A7-20CA-467C-83D0-19FDAB2734AA}"
EndProject
Project("{9A19103F-16F7-4668-BE54-9A1E7A4F7556}") = "testutil", "..\..\..\testutil\testutil.csproj", "{48E1FB15-BEB8-4847-BAAF-38891F507029}"
EndProject
Global
	GlobalSection(SolutionConfigurationPlatforms) = preSolution
		Debug|Any CPU = Debug|Any CPU
		Debug|x64 = Debug|x64
		Debug|x86 = Debug|x86
		Release|Any CPU = Release|Any CPU
		Release|x64 = Release|x64
		Release|x86 = Release|x86
	EndGlobalSection
	GlobalSection(ProjectConfigurationPlatforms) = postSolution
		{2753146F-159B-4852-A593-99CBA4A4A8DB}.Debug|Any CPU.ActiveCfg = Debug|Any CPU
		{2753146F-159B-4852-A593-99CBA4A4A8DB}.Debug|Any CPU.Build.0 = Debug|Any CPU
		{2753146F-159B-4852-A593-99CBA4A4A8DB}.Debug|x64.ActiveCfg = Debug|Any CPU
		{2753146F-159B-4852-A593-99CBA4A4A8DB}.Debug|x64.Build.0 = Debug|Any CPU
		{2753146F-159B-4852-A593-99CBA4A4A8DB}.Debug|x86.ActiveCfg = Debug|Any CPU
		{2753146F-159B-4852-A593-99CBA4A4A8DB}.Debug|x86.Build.0 = Debug|Any CPU
		{2753146F-159B-4852-A593-99CBA4A4A8DB}.Release|Any CPU.ActiveCfg = Release|Any CPU
		{2753146F-159B-4852-A593-99CBA4A4A8DB}.Release|Any CPU.Build.0 = Release|Any CPU
		{2753146F-159B-4852-A593-99CBA4A4A8DB}.Release|x64.ActiveCfg = Release|Any CPU
		{2753146F-159B-4852-A593-99CBA4A4A8DB}.Release|x64.Build.0 = Release|Any CPU
		{2753146F-159B-4852-A593-99CBA4A4A8DB}.Release|x86.ActiveCfg = Release|Any CPU
		{2753146F-159B-4852-A593-99CBA4A4A8DB}.Release|x86.Build.0 = Release|Any CPU
		{B900B950-50F9-4E9C-AA44-0DF24E5EA165}.Debug|Any CPU.ActiveCfg = Debug|Any CPU
		{B900B950-50F9-4E9C-AA44-0DF24E5EA165}.Debug|Any CPU.Build.0 = Debug|Any CPU
		{B900B950-50F9-4E9C-AA44-0DF24E5EA165}.Debug|x64.ActiveCfg = Debug|Any CPU
		{B900B950-50F9-4E9C-AA44-0DF24E5EA165}.Debug|x64.Build.0 = Debug|Any CPU
		{B900B950-50F9-4E9C-AA44-0DF24E5EA165}.Debug|x86.ActiveCfg = Debug|Any CPU
		{B900B950-50F9-4E9C-AA44-0DF24E5EA165}.Debug|x86.Build.0 = Debug|Any CPU
		{B900B950-50F9-4E9C-AA44-0DF24E5EA165}.Release|Any CPU.ActiveCfg = Release|Any CPU
		{B900B950-50F9-4E9C-AA44-0DF24E5EA165}.Release|Any CPU.Build.0 = Release|Any CPU
		{B900B950-50F9-4E9C-AA44-0DF24E5EA165}.Release|x64.ActiveCfg = Release|Any CPU
		{B900B950-50F9-4E9C-AA44-0DF24E5EA165}.Release|x64.Build.0 = Release|Any CPU
		{B900B950-50F9-4E9C-AA44-0DF24E5EA165}.Release|x86.ActiveCfg = Release|Any CPU
		{B900B950-50F9-4E9C-AA44-0DF24E5EA165}.Release|x86.Build.0 = Release|Any CPU
		{31F3DC01-6009-4C9B-B938-42E100015672}.Debug|Any CPU.ActiveCfg = Debug|Any CPU
		{31F3DC01-6009-4C9B-B938-42E100015672}.Debug|Any CPU.Build.0 = Debug|Any CPU
		{31F3DC01-6009-4C9B-B938-42E100015672}.Debug|x64.ActiveCfg = Debug|Any CPU
		{31F3DC01-6009-4C9B-B938-42E100015672}.Debug|x64.Build.0 = Debug|Any CPU
		{31F3DC01-6009-4C9B-B938-42E100015672}.Debug|x86.ActiveCfg = Debug|Any CPU
		{31F3DC01-6009-4C9B-B938-42E100015672}.Debug|x86.Build.0 = Debug|Any CPU
		{31F3DC01-6009-4C9B-B938-42E100015672}.Release|Any CPU.ActiveCfg = Release|Any CPU
		{31F3DC01-6009-4C9B-B938-42E100015672}.Release|Any CPU.Build.0 = Release|Any CPU
		{31F3DC01-6009-4C9B-B938-42E100015672}.Release|x64.ActiveCfg = Release|Any CPU
		{31F3DC01-6009-4C9B-B938-42E100015672}.Release|x64.Build.0 = Release|Any CPU
		{31F3DC01-6009-4C9B-B938-42E100015672}.Release|x86.ActiveCfg = Release|Any CPU
		{31F3DC01-6009-4C9B-B938-42E100015672}.Release|x86.Build.0 = Release|Any CPU
		{20AEB4A7-20CA-467C-83D0-19FDAB2734AA}.Debug|Any CPU.ActiveCfg = Debug|Any CPU
		{20AEB4A7-20CA-467C-83D0-19FDAB2734AA}.Debug|Any CPU.Build.0 = Debug|Any CPU
		{20AEB4A7-20CA-467C-83D0-19FDAB2734AA}.Debug|x64.ActiveCfg = Debug|Any CPU
		{20AEB4A7-20CA-467C-83D0-19FDAB2734AA}.Debug|x64.Build.0 = Debug|Any CPU
		{20AEB4A7-20CA-467C-83D0-19FDAB2734AA}.Debug|x86.ActiveCfg = Debug|Any CPU
		{20AEB4A7-20CA-467C-83D0-19FDAB2734AA}.Debug|x86.Build.0 = Debug|Any CPU
		{20AEB4A7-20CA-467C-83D0-19FDAB2734AA}.Release|Any CPU.ActiveCfg = Release|Any CPU
		{20AEB4A7-20CA-467C-83D0-19FDAB2734AA}.Release|Any CPU.Build.0 = Release|Any CPU
		{20AEB4A7-20CA-467C-83D0-19FDAB2734AA}.Release|x64.ActiveCfg = Release|Any CPU
		{20AEB4A7-20CA-467C-83D0-19FDAB2734AA}.Release|x64.Build.0 = Release|Any CPU
		{20AEB4A7-20CA-467C-83D0-19FDAB2734AA}.Release|x86.ActiveCfg = Release|Any CPU
		{20AEB4A7-20CA-467C-83D0-19FDAB2734AA}.Release|x86.Build.0 = Release|Any CPU
		{48E1FB15-BEB8-4847-BAAF-38891F507029}.Debug|Any CPU.ActiveCfg = Debug|Any CPU
		{48E1FB15-BEB8-4847-BAAF-38891F507029}.Debug|Any CPU.Build.0 = Debug|Any CPU
		{48E1FB15-BEB8-4847-BAAF-38891F507029}.Debug|x64.ActiveCfg = Debug|Any CPU
		{48E1FB15-BEB8-4847-BAAF-38891F507029}.Debug|x64.Build.0 = Debug|Any CPU
		{48E1FB15-BEB8-4847-BAAF-38891F507029}.Debug|x86.ActiveCfg = Debug|Any CPU
		{48E1FB15-BEB8-4847-BAAF-38891F507029}.Debug|x86.Build.0 = Debug|Any CPU
		{48E1FB15-BEB8-4847-BAAF-38891F507029}.Release|Any CPU.ActiveCfg = Release|Any CPU
		{48E1FB15-BEB8-4847-BAAF-38891F507029}.Release|Any CPU.Build.0 = Release|Any CPU
		{48E1FB15-BEB8-4847-BAAF-38891F507029}.Release|x64.ActiveCfg = Release|Any CPU
		{48E1FB15-BEB8-4847-BAAF-38891F507029}.Release|x64.Build.0 = Release|Any CPU
		{48E1FB15-BEB8-4847-BAAF-38891F507029}.Release|x86.ActiveCfg = Release|Any CPU
		{48E1FB15-BEB8-4847-BAAF-38891F507029}.Release|x86.Build.0 = Release|Any CPU
	EndGlobalSection
	GlobalSection(SolutionProperties) = preSolution
		HideSolutionNode = FALSE
	EndGlobalSection
	GlobalSection(ExtensibilityGlobals) = postSolution
		SolutionGuid = {1F61A38D-E9C7-4255-8227-88622872E5FF}
	EndGlobalSection
EndGlobal
