Microsoft Visual Studio Solution File, Format Version 12.00
# Visual Studio 15
VisualStudioVersion = 15.0.26124.0
MinimumVisualStudioVersion = 15.0.26124.0
Project("{9A19103F-16F7-4668-BE54-9A1E7A4F7556}") = "JobsTest", "JobsTest\JobsTest.csproj", "{FC17C0E9-2904-46E4-A197-37FB0CFD3C1D}"
	ProjectSection(ProjectDependencies) = postProject
		{7CB64240-EE3C-4123-AD68-3DC89B9AA07E} = {7CB64240-EE3C-4123-AD68-3DC89B9AA07E}
	EndProjectSection
EndProject
Project("{9A19103F-16F7-4668-BE54-9A1E7A4F7556}") = "QuickStart", "QuickStart\QuickStart.csproj", "{129FDF6C-9E59-4D5A-B54B-A07B853E56AC}"
EndProject
Project("{9A19103F-16F7-4668-BE54-9A1E7A4F7556}") = "testutil", "..\..\..\testutil\testutil.csproj", "{7CB64240-EE3C-4123-AD68-3DC89B9AA07E}"
EndProject
Global
	GlobalSection(SolutionConfigurationPlatforms) = preSolution
		Debug|Any CPU = Debug|Any CPU
		Debug|x64 = Debug|x64
		Debug|x86 = Debug|x86
		Release|Any CPU = Release|Any CPU
		Release|x64 = Release|x64
		Release|x86 = Release|x86
	EndGlobalSection
	GlobalSection(ProjectConfigurationPlatforms) = postSolution
		{FC17C0E9-2904-46E4-A197-37FB0CFD3C1D}.Debug|Any CPU.ActiveCfg = Debug|Any CPU
		{FC17C0E9-2904-46E4-A197-37FB0CFD3C1D}.Debug|Any CPU.Build.0 = Debug|Any CPU
		{FC17C0E9-2904-46E4-A197-37FB0CFD3C1D}.Debug|x64.ActiveCfg = Debug|Any CPU
		{FC17C0E9-2904-46E4-A197-37FB0CFD3C1D}.Debug|x64.Build.0 = Debug|Any CPU
		{FC17C0E9-2904-46E4-A197-37FB0CFD3C1D}.Debug|x86.ActiveCfg = Debug|Any CPU
		{FC17C0E9-2904-46E4-A197-37FB0CFD3C1D}.Debug|x86.Build.0 = Debug|Any CPU
		{FC17C0E9-2904-46E4-A197-37FB0CFD3C1D}.Release|Any CPU.ActiveCfg = Release|Any CPU
		{FC17C0E9-2904-46E4-A197-37FB0CFD3C1D}.Release|Any CPU.Build.0 = Release|Any CPU
		{FC17C0E9-2904-46E4-A197-37FB0CFD3C1D}.Release|x64.ActiveCfg = Release|Any CPU
		{FC17C0E9-2904-46E4-A197-37FB0CFD3C1D}.Release|x64.Build.0 = Release|Any CPU
		{FC17C0E9-2904-46E4-A197-37FB0CFD3C1D}.Release|x86.ActiveCfg = Release|Any CPU
		{FC17C0E9-2904-46E4-A197-37FB0CFD3C1D}.Release|x86.Build.0 = Release|Any CPU
		{129FDF6C-9E59-4D5A-B54B-A07B853E56AC}.Debug|Any CPU.ActiveCfg = Debug|Any CPU
		{129FDF6C-9E59-4D5A-B54B-A07B853E56AC}.Debug|Any CPU.Build.0 = Debug|Any CPU
		{129FDF6C-9E59-4D5A-B54B-A07B853E56AC}.Debug|x64.ActiveCfg = Debug|Any CPU
		{129FDF6C-9E59-4D5A-B54B-A07B853E56AC}.Debug|x64.Build.0 = Debug|Any CPU
		{129FDF6C-9E59-4D5A-B54B-A07B853E56AC}.Debug|x86.ActiveCfg = Debug|Any CPU
		{129FDF6C-9E59-4D5A-B54B-A07B853E56AC}.Debug|x86.Build.0 = Debug|Any CPU
		{129FDF6C-9E59-4D5A-B54B-A07B853E56AC}.Release|Any CPU.ActiveCfg = Release|Any CPU
		{129FDF6C-9E59-4D5A-B54B-A07B853E56AC}.Release|Any CPU.Build.0 = Release|Any CPU
		{129FDF6C-9E59-4D5A-B54B-A07B853E56AC}.Release|x64.ActiveCfg = Release|Any CPU
		{129FDF6C-9E59-4D5A-B54B-A07B853E56AC}.Release|x64.Build.0 = Release|Any CPU
		{129FDF6C-9E59-4D5A-B54B-A07B853E56AC}.Release|x86.ActiveCfg = Release|Any CPU
		{129FDF6C-9E59-4D5A-B54B-A07B853E56AC}.Release|x86.Build.0 = Release|Any CPU
		{7CB64240-EE3C-4123-AD68-3DC89B9AA07E}.Debug|Any CPU.ActiveCfg = Debug|Any CPU
		{7CB64240-EE3C-4123-AD68-3DC89B9AA07E}.Debug|Any CPU.Build.0 = Debug|Any CPU
		{7CB64240-EE3C-4123-AD68-3DC89B9AA07E}.Debug|x64.ActiveCfg = Debug|Any CPU
		{7CB64240-EE3C-4123-AD68-3DC89B9AA07E}.Debug|x64.Build.0 = Debug|Any CPU
		{7CB64240-EE3C-4123-AD68-3DC89B9AA07E}.Debug|x86.ActiveCfg = Debug|Any CPU
		{7CB64240-EE3C-4123-AD68-3DC89B9AA07E}.Debug|x86.Build.0 = Debug|Any CPU
		{7CB64240-EE3C-4123-AD68-3DC89B9AA07E}.Release|Any CPU.ActiveCfg = Release|Any CPU
		{7CB64240-EE3C-4123-AD68-3DC89B9AA07E}.Release|Any CPU.Build.0 = Release|Any CPU
		{7CB64240-EE3C-4123-AD68-3DC89B9AA07E}.Release|x64.ActiveCfg = Release|Any CPU
		{7CB64240-EE3C-4123-AD68-3DC89B9AA07E}.Release|x64.Build.0 = Release|Any CPU
		{7CB64240-EE3C-4123-AD68-3DC89B9AA07E}.Release|x86.ActiveCfg = Release|Any CPU
		{7CB64240-EE3C-4123-AD68-3DC89B9AA07E}.Release|x86.Build.0 = Release|Any CPU
	EndGlobalSection
	GlobalSection(SolutionProperties) = preSolution
		HideSolutionNode = FALSE
	EndGlobalSection
	GlobalSection(ExtensibilityGlobals) = postSolution
		SolutionGuid = {09D5264A-1F1C-402B-88D3-AAD9B4305732}
	EndGlobalSection
EndGlobal
