
Microsoft Visual Studio Solution File, Format Version 12.00
# Visual Studio Version 16
VisualStudioVersion = 16.0.30114.105
MinimumVisualStudioVersion = 10.0.40219.1
Project("{FAE04EC0-301F-11D3-BF4B-00C04F79EFBC}") = "Stitcher.Samples", "Stitcher.Samples\Stitcher.Samples.csproj", "{CD67FA61-EF43-430D-9576-30586F19D131}"
EndProject
Project("{FAE04EC0-301F-11D3-BF4B-00C04F79EFBC}") = "Stitcher.Samples.Tests", "Stitcher.Samples.Tests\Stitcher.Samples.Tests.csproj", "{AB3A66D4-0B7D-4FCF-8442-49AA70CA26D2}"
EndProject
Global
	GlobalSection(SolutionConfigurationPlatforms) = preSolution
		Debug|Any CPU = Debug|Any CPU
		Release|Any CPU = Release|Any CPU
	EndGlobalSection
	GlobalSection(SolutionProperties) = preSolution
		HideSolutionNode = FALSE
	EndGlobalSection
	GlobalSection(ProjectConfigurationPlatforms) = postSolution
		{CD67FA61-EF43-430D-9576-30586F19D131}.Debug|Any CPU.ActiveCfg = Debug|Any CPU
		{CD67FA61-EF43-430D-9576-30586F19D131}.Debug|Any CPU.Build.0 = Debug|Any CPU
		{CD67FA61-EF43-430D-9576-30586F19D131}.Release|Any CPU.ActiveCfg = Release|Any CPU
		{CD67FA61-EF43-430D-9576-30586F19D131}.Release|Any CPU.Build.0 = Release|Any CPU
		{AB3A66D4-0B7D-4FCF-8442-49AA70CA26D2}.Debug|Any CPU.ActiveCfg = Debug|Any CPU
		{AB3A66D4-0B7D-4FCF-8442-49AA70CA26D2}.Debug|Any CPU.Build.0 = Debug|Any CPU
		{AB3A66D4-0B7D-4FCF-8442-49AA70CA26D2}.Release|Any CPU.ActiveCfg = Release|Any CPU
		{AB3A66D4-0B7D-4FCF-8442-49AA70CA26D2}.Release|Any CPU.Build.0 = Release|Any CPU
	EndGlobalSection
EndGlobal
