
Microsoft Visual Studio Solution File, Format Version 12.00
# Visual Studio Version 17
VisualStudioVersion = 17.0.31903.59
MinimumVisualStudioVersion = 10.0.40219.1
Project("{FAE04EC0-301F-11D3-BF4B-00C04F79EFBC}") = "Greeting", "Greeting\Greeting.csproj", "{5D604C14-3A3E-48F7-83A4-20EE191F0707}"
EndProject
Project("{FAE04EC0-301F-11D3-BF4B-00C04F79EFBC}") = "Typed.Tests", "Typed.Tests\Typed.Tests.csproj", "{3266387E-4720-4F03-BE4B-4ABBC1927292}"
EndProject
Global
	GlobalSection(SolutionConfigurationPlatforms) = preSolution
		Debug|Any CPU = Debug|Any CPU
		Release|Any CPU = Release|Any CPU
	EndGlobalSection
	GlobalSection(SolutionProperties) = preSolution
		HideSolutionNode = FALSE
	EndGlobalSection
	GlobalSection(ProjectConfigurationPlatforms) = postSolution
		{5D604C14-3A3E-48F7-83A4-20EE191F0707}.Debug|Any CPU.ActiveCfg = Debug|Any CPU
		{5D604C14-3A3E-48F7-83A4-20EE191F0707}.Debug|Any CPU.Build.0 = Debug|Any CPU
		{5D604C14-3A3E-48F7-83A4-20EE191F0707}.Release|Any CPU.ActiveCfg = Release|Any CPU
		{5D604C14-3A3E-48F7-83A4-20EE191F0707}.Release|Any CPU.Build.0 = Release|Any CPU
		{3266387E-4720-4F03-BE4B-4ABBC1927292}.Debug|Any CPU.ActiveCfg = Debug|Any CPU
		{3266387E-4720-4F03-BE4B-4ABBC1927292}.Debug|Any CPU.Build.0 = Debug|Any CPU
		{3266387E-4720-4F03-BE4B-4ABBC1927292}.Release|Any CPU.ActiveCfg = Release|Any CPU
		{3266387E-4720-4F03-BE4B-4ABBC1927292}.Release|Any CPU.Build.0 = Release|Any CPU
	EndGlobalSection
EndGlobal
