Microsoft Visual Studio Solution File, Format Version 12.00
# Visual Studio 15
VisualStudioVersion = 15.0.27130.2027
MinimumVisualStudioVersion = 10.0.40219.1
Project("{FAE04EC0-301F-11D3-BF4B-00C04F79EFBC}") = "WebApp", "WebApp\WebApp.csproj", "{1130C9C7-4135-4AFA-A208-BB1CA915E4F3}"
EndProject
Project("{9A19103F-16F7-4668-BE54-9A1E7A4F7556}") = "WebClient", "WebClient\WebClient.csproj", "{04D4CEA2-2C0C-4C29-9CCD-65F529851992}"
EndProject
Project("{9A19103F-16F7-4668-BE54-9A1E7A4F7556}") = "WebClientTest", "WebClientTest\WebClientTest.csproj", "{F878F151-5F4D-474C-8C77-DCDD950C742C}"
EndProject
Project("{9A19103F-16F7-4668-BE54-9A1E7A4F7556}") = "testutil", "..\testutil\testutil.csproj", "{00441169-C3D8-4EB9-9007-08D09996C13A}"
EndProject
Global
	GlobalSection(SolutionConfigurationPlatforms) = preSolution
		Debug|Any CPU = Debug|Any CPU
		Debug|x64 = Debug|x64
		Debug|x86 = Debug|x86
		Release|Any CPU = Release|Any CPU
		Release|x64 = Release|x64
		Release|x86 = Release|x86
	EndGlobalSection
	GlobalSection(ProjectConfigurationPlatforms) = postSolution
		{1130C9C7-4135-4AFA-A208-BB1CA915E4F3}.Debug|Any CPU.ActiveCfg = Debug|Any CPU
		{1130C9C7-4135-4AFA-A208-BB1CA915E4F3}.Debug|Any CPU.Build.0 = Debug|Any CPU
		{1130C9C7-4135-4AFA-A208-BB1CA915E4F3}.Debug|x64.ActiveCfg = Debug|Any CPU
		{1130C9C7-4135-4AFA-A208-BB1CA915E4F3}.Debug|x64.Build.0 = Debug|Any CPU
		{1130C9C7-4135-4AFA-A208-BB1CA915E4F3}.Debug|x86.ActiveCfg = Debug|Any CPU
		{1130C9C7-4135-4AFA-A208-BB1CA915E4F3}.Debug|x86.Build.0 = Debug|Any CPU
		{1130C9C7-4135-4AFA-A208-BB1CA915E4F3}.Release|Any CPU.ActiveCfg = Release|Any CPU
		{1130C9C7-4135-4AFA-A208-BB1CA915E4F3}.Release|Any CPU.Build.0 = Release|Any CPU
		{1130C9C7-4135-4AFA-A208-BB1CA915E4F3}.Release|x64.ActiveCfg = Release|Any CPU
		{1130C9C7-4135-4AFA-A208-BB1CA915E4F3}.Release|x64.Build.0 = Release|Any CPU
		{1130C9C7-4135-4AFA-A208-BB1CA915E4F3}.Release|x86.ActiveCfg = Release|Any CPU
		{1130C9C7-4135-4AFA-A208-BB1CA915E4F3}.Release|x86.Build.0 = Release|Any CPU
		{04D4CEA2-2C0C-4C29-9CCD-65F529851992}.Debug|Any CPU.ActiveCfg = Debug|Any CPU
		{04D4CEA2-2C0C-4C29-9CCD-65F529851992}.Debug|Any CPU.Build.0 = Debug|Any CPU
		{04D4CEA2-2C0C-4C29-9CCD-65F529851992}.Debug|x64.ActiveCfg = Debug|Any CPU
		{04D4CEA2-2C0C-4C29-9CCD-65F529851992}.Debug|x64.Build.0 = Debug|Any CPU
		{04D4CEA2-2C0C-4C29-9CCD-65F529851992}.Debug|x86.ActiveCfg = Debug|Any CPU
		{04D4CEA2-2C0C-4C29-9CCD-65F529851992}.Debug|x86.Build.0 = Debug|Any CPU
		{04D4CEA2-2C0C-4C29-9CCD-65F529851992}.Release|Any CPU.ActiveCfg = Release|Any CPU
		{04D4CEA2-2C0C-4C29-9CCD-65F529851992}.Release|Any CPU.Build.0 = Release|Any CPU
		{04D4CEA2-2C0C-4C29-9CCD-65F529851992}.Release|x64.ActiveCfg = Release|Any CPU
		{04D4CEA2-2C0C-4C29-9CCD-65F529851992}.Release|x64.Build.0 = Release|Any CPU
		{04D4CEA2-2C0C-4C29-9CCD-65F529851992}.Release|x86.ActiveCfg = Release|Any CPU
		{04D4CEA2-2C0C-4C29-9CCD-65F529851992}.Release|x86.Build.0 = Release|Any CPU
		{F878F151-5F4D-474C-8C77-DCDD950C742C}.Debug|Any CPU.ActiveCfg = Debug|Any CPU
		{F878F151-5F4D-474C-8C77-DCDD950C742C}.Debug|Any CPU.Build.0 = Debug|Any CPU
		{F878F151-5F4D-474C-8C77-DCDD950C742C}.Debug|x64.ActiveCfg = Debug|Any CPU
		{F878F151-5F4D-474C-8C77-DCDD950C742C}.Debug|x64.Build.0 = Debug|Any CPU
		{F878F151-5F4D-474C-8C77-DCDD950C742C}.Debug|x86.ActiveCfg = Debug|Any CPU
		{F878F151-5F4D-474C-8C77-DCDD950C742C}.Debug|x86.Build.0 = Debug|Any CPU
		{F878F151-5F4D-474C-8C77-DCDD950C742C}.Release|Any CPU.ActiveCfg = Release|Any CPU
		{F878F151-5F4D-474C-8C77-DCDD950C742C}.Release|Any CPU.Build.0 = Release|Any CPU
		{F878F151-5F4D-474C-8C77-DCDD950C742C}.Release|x64.ActiveCfg = Release|Any CPU
		{F878F151-5F4D-474C-8C77-DCDD950C742C}.Release|x64.Build.0 = Release|Any CPU
		{F878F151-5F4D-474C-8C77-DCDD950C742C}.Release|x86.ActiveCfg = Release|Any CPU
		{F878F151-5F4D-474C-8C77-DCDD950C742C}.Release|x86.Build.0 = Release|Any CPU
		{00441169-C3D8-4EB9-9007-08D09996C13A}.Debug|Any CPU.ActiveCfg = Debug|Any CPU
		{00441169-C3D8-4EB9-9007-08D09996C13A}.Debug|Any CPU.Build.0 = Debug|Any CPU
		{00441169-C3D8-4EB9-9007-08D09996C13A}.Debug|x64.ActiveCfg = Debug|Any CPU
		{00441169-C3D8-4EB9-9007-08D09996C13A}.Debug|x64.Build.0 = Debug|Any CPU
		{00441169-C3D8-4EB9-9007-08D09996C13A}.Debug|x86.ActiveCfg = Debug|Any CPU
		{00441169-C3D8-4EB9-9007-08D09996C13A}.Debug|x86.Build.0 = Debug|Any CPU
		{00441169-C3D8-4EB9-9007-08D09996C13A}.Release|Any CPU.ActiveCfg = Release|Any CPU
		{00441169-C3D8-4EB9-9007-08D09996C13A}.Release|Any CPU.Build.0 = Release|Any CPU
		{00441169-C3D8-4EB9-9007-08D09996C13A}.Release|x64.ActiveCfg = Release|Any CPU
		{00441169-C3D8-4EB9-9007-08D09996C13A}.Release|x64.Build.0 = Release|Any CPU
		{00441169-C3D8-4EB9-9007-08D09996C13A}.Release|x86.ActiveCfg = Release|Any CPU
		{00441169-C3D8-4EB9-9007-08D09996C13A}.Release|x86.Build.0 = Release|Any CPU
	EndGlobalSection
	GlobalSection(SolutionProperties) = preSolution
		HideSolutionNode = FALSE
	EndGlobalSection
	GlobalSection(ExtensibilityGlobals) = postSolution
		SolutionGuid = {307CC69B-0CDC-4657-8652-1657F87820C8}
	EndGlobalSection
EndGlobal
