Microsoft Visual Studio Solution File, Format Version 12.00
# Visual Studio Version 17
VisualStudioVersion = 17.10.35013.160
MinimumVisualStudioVersion = 15.0.26124.0
Project("{9A19103F-16F7-4668-BE54-9A1E7A4F7556}") = "ErrorReportingSample", "ErrorReportingSample\ErrorReportingSample.csproj", "{01ABEC1E-F9DF-4F91-97F9-30DFF305D716}"
EndProject
Project("{9A19103F-16F7-4668-BE54-9A1E7A4F7556}") = "ErrorReportingSampleTests", "ErrorReportingSampleTests\ErrorReportingSampleTests.csproj", "{1BF959FE-178C-461E-9777-D9A24CF414D7}"
EndProject
Global
	GlobalSection(SolutionConfigurationPlatforms) = preSolution
		Debug|Any CPU = Debug|Any CPU
		Debug|x64 = Debug|x64
		Debug|x86 = Debug|x86
		Release|Any CPU = Release|Any CPU
		Release|x64 = Release|x64
		Release|x86 = Release|x86
	EndGlobalSection
	GlobalSection(ProjectConfigurationPlatforms) = postSolution
		{01ABEC1E-F9DF-4F91-97F9-30DFF305D716}.Debug|Any CPU.ActiveCfg = Debug|Any CPU
		{01ABEC1E-F9DF-4F91-97F9-30DFF305D716}.Debug|Any CPU.Build.0 = Debug|Any CPU
		{01ABEC1E-F9DF-4F91-97F9-30DFF305D716}.Debug|x64.ActiveCfg = Debug|Any CPU
		{01ABEC1E-F9DF-4F91-97F9-30DFF305D716}.Debug|x64.Build.0 = Debug|Any CPU
		{01ABEC1E-F9DF-4F91-97F9-30DFF305D716}.Debug|x86.ActiveCfg = Debug|Any CPU
		{01ABEC1E-F9DF-4F91-97F9-30DFF305D716}.Debug|x86.Build.0 = Debug|Any CPU
		{01ABEC1E-F9DF-4F91-97F9-30DFF305D716}.Release|Any CPU.ActiveCfg = Release|Any CPU
		{01ABEC1E-F9DF-4F91-97F9-30DFF305D716}.Release|Any CPU.Build.0 = Release|Any CPU
		{01ABEC1E-F9DF-4F91-97F9-30DFF305D716}.Release|x64.ActiveCfg = Release|Any CPU
		{01ABEC1E-F9DF-4F91-97F9-30DFF305D716}.Release|x64.Build.0 = Release|Any CPU
		{01ABEC1E-F9DF-4F91-97F9-30DFF305D716}.Release|x86.ActiveCfg = Release|Any CPU
		{01ABEC1E-F9DF-4F91-97F9-30DFF305D716}.Release|x86.Build.0 = Release|Any CPU
		{1BF959FE-178C-461E-9777-D9A24CF414D7}.Debug|Any CPU.ActiveCfg = Debug|Any CPU
		{1BF959FE-178C-461E-9777-D9A24CF414D7}.Debug|Any CPU.Build.0 = Debug|Any CPU
		{1BF959FE-178C-461E-9777-D9A24CF414D7}.Debug|x64.ActiveCfg = Debug|Any CPU
		{1BF959FE-178C-461E-9777-D9A24CF414D7}.Debug|x64.Build.0 = Debug|Any CPU
		{1BF959FE-178C-461E-9777-D9A24CF414D7}.Debug|x86.ActiveCfg = Debug|Any CPU
		{1BF959FE-178C-461E-9777-D9A24CF414D7}.Debug|x86.Build.0 = Debug|Any CPU
		{1BF959FE-178C-461E-9777-D9A24CF414D7}.Release|Any CPU.ActiveCfg = Release|Any CPU
		{1BF959FE-178C-461E-9777-D9A24CF414D7}.Release|Any CPU.Build.0 = Release|Any CPU
		{1BF959FE-178C-461E-9777-D9A24CF414D7}.Release|x64.ActiveCfg = Release|Any CPU
		{1BF959FE-178C-461E-9777-D9A24CF414D7}.Release|x64.Build.0 = Release|Any CPU
		{1BF959FE-178C-461E-9777-D9A24CF414D7}.Release|x86.ActiveCfg = Release|Any CPU
		{1BF959FE-178C-461E-9777-D9A24CF414D7}.Release|x86.Build.0 = Release|Any CPU
	EndGlobalSection
	GlobalSection(SolutionProperties) = preSolution
		HideSolutionNode = FALSE
	EndGlobalSection
	GlobalSection(ExtensibilityGlobals) = postSolution
		SolutionGuid = {48D22D24-FB6F-4F06-9138-82F3BE423B86}
	EndGlobalSection
EndGlobal
