
Microsoft Visual Studio Solution File, Format Version 12.00
# Visual Studio 14
VisualStudioVersion = 14.0.25420.1
MinimumVisualStudioVersion = 10.0.40219.1
Project("{FAE04EC0-301F-11D3-BF4B-00C04F79EFBC}") = "ErrorReporting", "ErrorReporting.csproj", "{40F23ABC-92FC-4616-9377-E5E6F6AC4CE6}"
EndProject
Project("{FAE04EC0-301F-11D3-BF4B-00C04F79EFBC}") = "test", "test\test.csproj", "{D49E2236-F192-403E-93C0-04E1542BDF01}"
EndProject
Global
	GlobalSection(SolutionConfigurationPlatforms) = preSolution
		Debug|Any CPU = Debug|Any CPU
		Release|Any CPU = Release|Any CPU
	EndGlobalSection
	GlobalSection(ProjectConfigurationPlatforms) = postSolution
		{40F23ABC-92FC-4616-9377-E5E6F6AC4CE6}.Debug|Any CPU.ActiveCfg = Debug|Any CPU
		{40F23ABC-92FC-4616-9377-E5E6F6AC4CE6}.Debug|Any CPU.Build.0 = Debug|Any CPU
		{40F23ABC-92FC-4616-9377-E5E6F6AC4CE6}.Release|Any CPU.ActiveCfg = Release|Any CPU
		{40F23ABC-92FC-4616-9377-E5E6F6AC4CE6}.Release|Any CPU.Build.0 = Release|Any CPU
		{D49E2236-F192-403E-93C0-04E1542BDF01}.Debug|Any CPU.ActiveCfg = Debug|Any CPU
		{D49E2236-F192-403E-93C0-04E1542BDF01}.Debug|Any CPU.Build.0 = Debug|Any CPU
		{D49E2236-F192-403E-93C0-04E1542BDF01}.Release|Any CPU.ActiveCfg = Release|Any CPU
		{D49E2236-F192-403E-93C0-04E1542BDF01}.Release|Any CPU.Build.0 = Release|Any CPU
	EndGlobalSection
	GlobalSection(SolutionProperties) = preSolution
		HideSolutionNode = FALSE
	EndGlobalSection
EndGlobal
