
Microsoft Visual Studio Solution File, Format Version 12.00
# Visual Studio Version 16
VisualStudioVersion = 16.0.29418.71
MinimumVisualStudioVersion = 15.0.26124.0
Project("{9A19103F-16F7-4668-BE54-9A1E7A4F7556}") = "QuickStart", "QuickStart\QuickStart.csproj", "{100DDE1F-2DA9-46B2-9A00-4D07A32BC57F}"
EndProject
Project("{9A19103F-16F7-4668-BE54-9A1E7A4F7556}") = "Snippets", "Snippets\Snippets.csproj", "{843771A2-E7AC-41A8-A6FE-CF5F1FB2F623}"
EndProject
Project("{9A19103F-16F7-4668-BE54-9A1E7A4F7556}") = "TranslateV3Samples", "TranslateV3Samples\TranslateV3Samples.csproj", "{18E25C5E-C466-463D-B4A8-4BE536083025}"
EndProject
Project("{9A19103F-16F7-4668-BE54-9A1E7A4F7556}") = "Tests", "Tests\Tests.csproj", "{7399DC4A-4D80-4E57-AB71-1B6F94A554A9}"
EndProject
Project("{9A19103F-16F7-4668-BE54-9A1E7A4F7556}") = "testutil", "..\..\testutil\testutil.csproj", "{03D8B7B0-FE77-4069-9827-13269B7A7E83}"
EndProject
Global
	GlobalSection(SolutionConfigurationPlatforms) = preSolution
		Debug|Any CPU = Debug|Any CPU
		Debug|x64 = Debug|x64
		Debug|x86 = Debug|x86
		Release|Any CPU = Release|Any CPU
		Release|x64 = Release|x64
		Release|x86 = Release|x86
	EndGlobalSection
	GlobalSection(ProjectConfigurationPlatforms) = postSolution
		{100DDE1F-2DA9-46B2-9A00-4D07A32BC57F}.Debug|Any CPU.ActiveCfg = Debug|Any CPU
		{100DDE1F-2DA9-46B2-9A00-4D07A32BC57F}.Debug|Any CPU.Build.0 = Debug|Any CPU
		{100DDE1F-2DA9-46B2-9A00-4D07A32BC57F}.Debug|x64.ActiveCfg = Debug|Any CPU
		{100DDE1F-2DA9-46B2-9A00-4D07A32BC57F}.Debug|x64.Build.0 = Debug|Any CPU
		{100DDE1F-2DA9-46B2-9A00-4D07A32BC57F}.Debug|x86.ActiveCfg = Debug|Any CPU
		{100DDE1F-2DA9-46B2-9A00-4D07A32BC57F}.Debug|x86.Build.0 = Debug|Any CPU
		{100DDE1F-2DA9-46B2-9A00-4D07A32BC57F}.Release|Any CPU.ActiveCfg = Release|Any CPU
		{100DDE1F-2DA9-46B2-9A00-4D07A32BC57F}.Release|Any CPU.Build.0 = Release|Any CPU
		{100DDE1F-2DA9-46B2-9A00-4D07A32BC57F}.Release|x64.ActiveCfg = Release|Any CPU
		{100DDE1F-2DA9-46B2-9A00-4D07A32BC57F}.Release|x64.Build.0 = Release|Any CPU
		{100DDE1F-2DA9-46B2-9A00-4D07A32BC57F}.Release|x86.ActiveCfg = Release|Any CPU
		{100DDE1F-2DA9-46B2-9A00-4D07A32BC57F}.Release|x86.Build.0 = Release|Any CPU
		{843771A2-E7AC-41A8-A6FE-CF5F1FB2F623}.Debug|Any CPU.ActiveCfg = Debug|Any CPU
		{843771A2-E7AC-41A8-A6FE-CF5F1FB2F623}.Debug|Any CPU.Build.0 = Debug|Any CPU
		{843771A2-E7AC-41A8-A6FE-CF5F1FB2F623}.Debug|x64.ActiveCfg = Debug|Any CPU
		{843771A2-E7AC-41A8-A6FE-CF5F1FB2F623}.Debug|x64.Build.0 = Debug|Any CPU
		{843771A2-E7AC-41A8-A6FE-CF5F1FB2F623}.Debug|x86.ActiveCfg = Debug|Any CPU
		{843771A2-E7AC-41A8-A6FE-CF5F1FB2F623}.Debug|x86.Build.0 = Debug|Any CPU
		{843771A2-E7AC-41A8-A6FE-CF5F1FB2F623}.Release|Any CPU.ActiveCfg = Release|Any CPU
		{843771A2-E7AC-41A8-A6FE-CF5F1FB2F623}.Release|Any CPU.Build.0 = Release|Any CPU
		{843771A2-E7AC-41A8-A6FE-CF5F1FB2F623}.Release|x64.ActiveCfg = Release|Any CPU
		{843771A2-E7AC-41A8-A6FE-CF5F1FB2F623}.Release|x64.Build.0 = Release|Any CPU
		{843771A2-E7AC-41A8-A6FE-CF5F1FB2F623}.Release|x86.ActiveCfg = Release|Any CPU
		{843771A2-E7AC-41A8-A6FE-CF5F1FB2F623}.Release|x86.Build.0 = Release|Any CPU
		{18E25C5E-C466-463D-B4A8-4BE536083025}.Debug|Any CPU.ActiveCfg = Debug|Any CPU
		{18E25C5E-C466-463D-B4A8-4BE536083025}.Debug|Any CPU.Build.0 = Debug|Any CPU
		{18E25C5E-C466-463D-B4A8-4BE536083025}.Debug|x64.ActiveCfg = Debug|Any CPU
		{18E25C5E-C466-463D-B4A8-4BE536083025}.Debug|x64.Build.0 = Debug|Any CPU
		{18E25C5E-C466-463D-B4A8-4BE536083025}.Debug|x86.ActiveCfg = Debug|Any CPU
		{18E25C5E-C466-463D-B4A8-4BE536083025}.Debug|x86.Build.0 = Debug|Any CPU
		{18E25C5E-C466-463D-B4A8-4BE536083025}.Release|Any CPU.ActiveCfg = Release|Any CPU
		{18E25C5E-C466-463D-B4A8-4BE536083025}.Release|Any CPU.Build.0 = Release|Any CPU
		{18E25C5E-C466-463D-B4A8-4BE536083025}.Release|x64.ActiveCfg = Release|Any CPU
		{18E25C5E-C466-463D-B4A8-4BE536083025}.Release|x64.Build.0 = Release|Any CPU
		{18E25C5E-C466-463D-B4A8-4BE536083025}.Release|x86.ActiveCfg = Release|Any CPU
		{18E25C5E-C466-463D-B4A8-4BE536083025}.Release|x86.Build.0 = Release|Any CPU
		{7399DC4A-4D80-4E57-AB71-1B6F94A554A9}.Debug|Any CPU.ActiveCfg = Debug|Any CPU
		{7399DC4A-4D80-4E57-AB71-1B6F94A554A9}.Debug|Any CPU.Build.0 = Debug|Any CPU
		{7399DC4A-4D80-4E57-AB71-1B6F94A554A9}.Debug|x64.ActiveCfg = Debug|Any CPU
		{7399DC4A-4D80-4E57-AB71-1B6F94A554A9}.Debug|x64.Build.0 = Debug|Any CPU
		{7399DC4A-4D80-4E57-AB71-1B6F94A554A9}.Debug|x86.ActiveCfg = Debug|Any CPU
		{7399DC4A-4D80-4E57-AB71-1B6F94A554A9}.Debug|x86.Build.0 = Debug|Any CPU
		{7399DC4A-4D80-4E57-AB71-1B6F94A554A9}.Release|Any CPU.ActiveCfg = Release|Any CPU
		{7399DC4A-4D80-4E57-AB71-1B6F94A554A9}.Release|Any CPU.Build.0 = Release|Any CPU
		{7399DC4A-4D80-4E57-AB71-1B6F94A554A9}.Release|x64.ActiveCfg = Release|Any CPU
		{7399DC4A-4D80-4E57-AB71-1B6F94A554A9}.Release|x64.Build.0 = Release|Any CPU
		{7399DC4A-4D80-4E57-AB71-1B6F94A554A9}.Release|x86.ActiveCfg = Release|Any CPU
		{7399DC4A-4D80-4E57-AB71-1B6F94A554A9}.Release|x86.Build.0 = Release|Any CPU
		{03D8B7B0-FE77-4069-9827-13269B7A7E83}.Debug|Any CPU.ActiveCfg = Debug|Any CPU
		{03D8B7B0-FE77-4069-9827-13269B7A7E83}.Debug|Any CPU.Build.0 = Debug|Any CPU
		{03D8B7B0-FE77-4069-9827-13269B7A7E83}.Debug|x64.ActiveCfg = Debug|Any CPU
		{03D8B7B0-FE77-4069-9827-13269B7A7E83}.Debug|x64.Build.0 = Debug|Any CPU
		{03D8B7B0-FE77-4069-9827-13269B7A7E83}.Debug|x86.ActiveCfg = Debug|Any CPU
		{03D8B7B0-FE77-4069-9827-13269B7A7E83}.Debug|x86.Build.0 = Debug|Any CPU
		{03D8B7B0-FE77-4069-9827-13269B7A7E83}.Release|Any CPU.ActiveCfg = Release|Any CPU
		{03D8B7B0-FE77-4069-9827-13269B7A7E83}.Release|Any CPU.Build.0 = Release|Any CPU
		{03D8B7B0-FE77-4069-9827-13269B7A7E83}.Release|x64.ActiveCfg = Release|Any CPU
		{03D8B7B0-FE77-4069-9827-13269B7A7E83}.Release|x64.Build.0 = Release|Any CPU
		{03D8B7B0-FE77-4069-9827-13269B7A7E83}.Release|x86.ActiveCfg = Release|Any CPU
		{03D8B7B0-FE77-4069-9827-13269B7A7E83}.Release|x86.Build.0 = Release|Any CPU
	EndGlobalSection
	GlobalSection(SolutionProperties) = preSolution
		HideSolutionNode = FALSE
	EndGlobalSection
	GlobalSection(ExtensibilityGlobals) = postSolution
		SolutionGuid = {0AB683CF-D907-451C-A3AA-7711EBE2021B}
	EndGlobalSection
EndGlobal
