Microsoft Visual Studio Solution File, Format Version 12.00
# Visual Studio Version 17
VisualStudioVersion = 17.11.35303.130
MinimumVisualStudioVersion = 15.0.26124.0
Project("{9A19103F-16F7-4668-BE54-9A1E7A4F7556}") = "StorageBatchOperations.Samples", "StorageBatchOperations.Samples\StorageBatchOperations.Samples.csproj", "{11EFF973-23FE-41B6-82D5-E8A0BA79F21C}"
EndProject
Project("{9A19103F-16F7-4668-BE54-9A1E7A4F7556}") = "StorageBatchOperations.Samples.Tests", "StorageBatchOperations.Samples.Tests\StorageBatchOperations.Samples.Tests.csproj", "{2BB74746-319D-465B-AAD5-C4430322501E}"
EndProject
Project("{9A19103F-16F7-4668-BE54-9A1E7A4F7556}") = "testutil", "..\..\testutil\testutil.csproj", "{5F74B143-822C-4514-B5B9-796EF116E44B}"
EndProject
Global
	GlobalSection(SolutionConfigurationPlatforms) = preSolution
		Debug|Any CPU = Debug|Any CPU
		Debug|x64 = Debug|x64
		Debug|x86 = Debug|x86
		Release|Any CPU = Release|Any CPU
		Release|x64 = Release|x64
		Release|x86 = Release|x86
	EndGlobalSection
	GlobalSection(ProjectConfigurationPlatforms) = postSolution
		{11EFF973-23FE-41B6-82D5-E8A0BA79F21C}.Debug|Any CPU.ActiveCfg = Debug|Any CPU
		{11EFF973-23FE-41B6-82D5-E8A0BA79F21C}.Debug|Any CPU.Build.0 = Debug|Any CPU
		{11EFF973-23FE-41B6-82D5-E8A0BA79F21C}.Debug|x64.ActiveCfg = Debug|Any CPU
		{11EFF973-23FE-41B6-82D5-E8A0BA79F21C}.Debug|x64.Build.0 = Debug|Any CPU
		{11EFF973-23FE-41B6-82D5-E8A0BA79F21C}.Debug|x86.ActiveCfg = Debug|Any CPU
		{11EFF973-23FE-41B6-82D5-E8A0BA79F21C}.Debug|x86.Build.0 = Debug|Any CPU
		{11EFF973-23FE-41B6-82D5-E8A0BA79F21C}.Release|Any CPU.ActiveCfg = Release|Any CPU
		{11EFF973-23FE-41B6-82D5-E8A0BA79F21C}.Release|Any CPU.Build.0 = Release|Any CPU
		{11EFF973-23FE-41B6-82D5-E8A0BA79F21C}.Release|x64.ActiveCfg = Release|Any CPU
		{11EFF973-23FE-41B6-82D5-E8A0BA79F21C}.Release|x64.Build.0 = Release|Any CPU
		{11EFF973-23FE-41B6-82D5-E8A0BA79F21C}.Release|x86.ActiveCfg = Release|Any CPU
		{11EFF973-23FE-41B6-82D5-E8A0BA79F21C}.Release|x86.Build.0 = Release|Any CPU
		{2BB74746-319D-465B-AAD5-C4430322501E}.Debug|Any CPU.ActiveCfg = Debug|Any CPU
		{2BB74746-319D-465B-AAD5-C4430322501E}.Debug|Any CPU.Build.0 = Debug|Any CPU
		{2BB74746-319D-465B-AAD5-C4430322501E}.Debug|x64.ActiveCfg = Debug|Any CPU
		{2BB74746-319D-465B-AAD5-C4430322501E}.Debug|x64.Build.0 = Debug|Any CPU
		{2BB74746-319D-465B-AAD5-C4430322501E}.Debug|x86.ActiveCfg = Debug|Any CPU
		{2BB74746-319D-465B-AAD5-C4430322501E}.Debug|x86.Build.0 = Debug|Any CPU
		{2BB74746-319D-465B-AAD5-C4430322501E}.Release|Any CPU.ActiveCfg = Release|Any CPU
		{2BB74746-319D-465B-AAD5-C4430322501E}.Release|Any CPU.Build.0 = Release|Any CPU
		{2BB74746-319D-465B-AAD5-C4430322501E}.Release|x64.ActiveCfg = Release|Any CPU
		{2BB74746-319D-465B-AAD5-C4430322501E}.Release|x64.Build.0 = Release|Any CPU
		{2BB74746-319D-465B-AAD5-C4430322501E}.Release|x86.ActiveCfg = Release|Any CPU
		{2BB74746-319D-465B-AAD5-C4430322501E}.Release|x86.Build.0 = Release|Any CPU
		{5F74B143-822C-4514-B5B9-796EF116E44B}.Debug|Any CPU.ActiveCfg = Debug|Any CPU
		{5F74B143-822C-4514-B5B9-796EF116E44B}.Debug|Any CPU.Build.0 = Debug|Any CPU
		{5F74B143-822C-4514-B5B9-796EF116E44B}.Debug|x64.ActiveCfg = Debug|Any CPU
		{5F74B143-822C-4514-B5B9-796EF116E44B}.Debug|x64.Build.0 = Debug|Any CPU
		{5F74B143-822C-4514-B5B9-796EF116E44B}.Debug|x86.ActiveCfg = Debug|Any CPU
		{5F74B143-822C-4514-B5B9-796EF116E44B}.Debug|x86.Build.0 = Debug|Any CPU
		{5F74B143-822C-4514-B5B9-796EF116E44B}.Release|Any CPU.ActiveCfg = Release|Any CPU
		{5F74B143-822C-4514-B5B9-796EF116E44B}.Release|Any CPU.Build.0 = Release|Any CPU
		{5F74B143-822C-4514-B5B9-796EF116E44B}.Release|x64.ActiveCfg = Release|Any CPU
		{5F74B143-822C-4514-B5B9-796EF116E44B}.Release|x64.Build.0 = Release|Any CPU
		{5F74B143-822C-4514-B5B9-796EF116E44B}.Release|x86.ActiveCfg = Release|Any CPU
		{5F74B143-822C-4514-B5B9-796EF116E44B}.Release|x86.Build.0 = Release|Any CPU
	EndGlobalSection
	GlobalSection(SolutionProperties) = preSolution
		HideSolutionNode = FALSE
	EndGlobalSection
	GlobalSection(ExtensibilityGlobals) = postSolution
		SolutionGuid = {FD4D03FF-F99F-48B7-92EA-B9A73DF78693}
	EndGlobalSection
EndGlobal
