
Microsoft Visual Studio Solution File, Format Version 12.00
# Visual Studio 14
VisualStudioVersion = 14.0.25420.1
MinimumVisualStudioVersion = 10.0.40219.1
Project("{FAE04EC0-301F-11D3-BF4B-00C04F79EFBC}") = "Spanner", "Spanner.csproj", "{43F88BB6-0CF4-48AD-8713-83644B3143B1}"
EndProject
Project("{FAE04EC0-301F-11D3-BF4B-00C04F79EFBC}") = "SpannerTest", "SpannerTest\SpannerTest.csproj", "{B9089B5D-D2EE-4FCE-8E7D-049D79AC1891}"
EndProject
Project("{FAE04EC0-301F-11D3-BF4B-00C04F79EFBC}") = "QuickStart", "QuickStart\QuickStart.csproj", "{1DAFB396-2864-4EEB-8F49-C601CB31BD12}"
EndProject
Global
	GlobalSection(SolutionConfigurationPlatforms) = preSolution
		Debug|Any CPU = Debug|Any CPU
		Release|Any CPU = Release|Any CPU
	EndGlobalSection
	GlobalSection(ProjectConfigurationPlatforms) = postSolution
		{43F88BB6-0CF4-48AD-8713-83644B3143B1}.Debug|Any CPU.ActiveCfg = Debug|Any CPU
		{43F88BB6-0CF4-48AD-8713-83644B3143B1}.Debug|Any CPU.Build.0 = Debug|Any CPU
		{43F88BB6-0CF4-48AD-8713-83644B3143B1}.Release|Any CPU.ActiveCfg = Release|Any CPU
		{43F88BB6-0CF4-48AD-8713-83644B3143B1}.Release|Any CPU.Build.0 = Release|Any CPU
		{B9089B5D-D2EE-4FCE-8E7D-049D79AC1891}.Debug|Any CPU.ActiveCfg = Debug|Any CPU
		{B9089B5D-D2EE-4FCE-8E7D-049D79AC1891}.Debug|Any CPU.Build.0 = Debug|Any CPU
		{B9089B5D-D2EE-4FCE-8E7D-049D79AC1891}.Release|Any CPU.ActiveCfg = Release|Any CPU
		{B9089B5D-D2EE-4FCE-8E7D-049D79AC1891}.Release|Any CPU.Build.0 = Release|Any CPU
		{1DAFB396-2864-4EEB-8F49-C601CB31BD12}.Debug|Any CPU.ActiveCfg = Debug|Any CPU
		{1DAFB396-2864-4EEB-8F49-C601CB31BD12}.Debug|Any CPU.Build.0 = Debug|Any CPU
		{1DAFB396-2864-4EEB-8F49-C601CB31BD12}.Release|Any CPU.ActiveCfg = Release|Any CPU
		{1DAFB396-2864-4EEB-8F49-C601CB31BD12}.Release|Any CPU.Build.0 = Release|Any CPU
	EndGlobalSection
	GlobalSection(SolutionProperties) = preSolution
		HideSolutionNode = FALSE
	EndGlobalSection
	GlobalSection(ExtensibilityGlobals) = postSolution
		EnterpriseLibraryConfigurationToolBinariesPathV6 = packages\EnterpriseLibrary.TransientFaultHandling.6.0.1304.0\lib\portable-net45+win+wp8
	EndGlobalSection
EndGlobal
