Microsoft Visual Studio Solution File, Format Version 12.00
# Visual Studio Version 17
VisualStudioVersion = 17.3.32929.385
MinimumVisualStudioVersion = 15.0.26124.0
Project("{9A19103F-16F7-4668-BE54-9A1E7A4F7556}") = "QuickStart", "QuickStart\QuickStart.csproj", "{1012D642-2A53-4130-BAEF-C2086BCBECBE}"
EndProject
Project("{9A19103F-16F7-4668-BE54-9A1E7A4F7556}") = "Spanner.Samples", "Spanner.Samples\Spanner.Samples.csproj", "{F4B49B0B-2B95-4B82-91CA-6F36AE0D6AEA}"
EndProject
Project("{9A19103F-16F7-4668-BE54-9A1E7A4F7556}") = "Spanner.Samples.Tests", "Spanner.Samples.Tests\Spanner.Samples.Tests.csproj", "{079E2076-FF34-4F2C-BF70-4E3A6F00A116}"
EndProject
Project("{9A19103F-16F7-4668-BE54-9A1E7A4F7556}") = "testutil", "..\..\testutil\testutil.csproj", "{E71B6A23-F75B-4DD5-A7C4-B8F661BD57B2}"
EndProject
Global
	GlobalSection(SolutionConfigurationPlatforms) = preSolution
		Debug|Any CPU = Debug|Any CPU
		Debug|x64 = Debug|x64
		Debug|x86 = Debug|x86
		Release|Any CPU = Release|Any CPU
		Release|x64 = Release|x64
		Release|x86 = Release|x86
	EndGlobalSection
	GlobalSection(ProjectConfigurationPlatforms) = postSolution
		{1012D642-2A53-4130-BAEF-C2086BCBECBE}.Debug|Any CPU.ActiveCfg = Debug|Any CPU
		{1012D642-2A53-4130-BAEF-C2086BCBECBE}.Debug|Any CPU.Build.0 = Debug|Any CPU
		{1012D642-2A53-4130-BAEF-C2086BCBECBE}.Debug|x64.ActiveCfg = Debug|Any CPU
		{1012D642-2A53-4130-BAEF-C2086BCBECBE}.Debug|x64.Build.0 = Debug|Any CPU
		{1012D642-2A53-4130-BAEF-C2086BCBECBE}.Debug|x86.ActiveCfg = Debug|Any CPU
		{1012D642-2A53-4130-BAEF-C2086BCBECBE}.Debug|x86.Build.0 = Debug|Any CPU
		{1012D642-2A53-4130-BAEF-C2086BCBECBE}.Release|Any CPU.ActiveCfg = Release|Any CPU
		{1012D642-2A53-4130-BAEF-C2086BCBECBE}.Release|Any CPU.Build.0 = Release|Any CPU
		{1012D642-2A53-4130-BAEF-C2086BCBECBE}.Release|x64.ActiveCfg = Release|Any CPU
		{1012D642-2A53-4130-BAEF-C2086BCBECBE}.Release|x64.Build.0 = Release|Any CPU
		{1012D642-2A53-4130-BAEF-C2086BCBECBE}.Release|x86.ActiveCfg = Release|Any CPU
		{1012D642-2A53-4130-BAEF-C2086BCBECBE}.Release|x86.Build.0 = Release|Any CPU
		{F4B49B0B-2B95-4B82-91CA-6F36AE0D6AEA}.Debug|Any CPU.ActiveCfg = Debug|Any CPU
		{F4B49B0B-2B95-4B82-91CA-6F36AE0D6AEA}.Debug|Any CPU.Build.0 = Debug|Any CPU
		{F4B49B0B-2B95-4B82-91CA-6F36AE0D6AEA}.Debug|x64.ActiveCfg = Debug|Any CPU
		{F4B49B0B-2B95-4B82-91CA-6F36AE0D6AEA}.Debug|x64.Build.0 = Debug|Any CPU
		{F4B49B0B-2B95-4B82-91CA-6F36AE0D6AEA}.Debug|x86.ActiveCfg = Debug|Any CPU
		{F4B49B0B-2B95-4B82-91CA-6F36AE0D6AEA}.Debug|x86.Build.0 = Debug|Any CPU
		{F4B49B0B-2B95-4B82-91CA-6F36AE0D6AEA}.Release|Any CPU.ActiveCfg = Release|Any CPU
		{F4B49B0B-2B95-4B82-91CA-6F36AE0D6AEA}.Release|Any CPU.Build.0 = Release|Any CPU
		{F4B49B0B-2B95-4B82-91CA-6F36AE0D6AEA}.Release|x64.ActiveCfg = Release|Any CPU
		{F4B49B0B-2B95-4B82-91CA-6F36AE0D6AEA}.Release|x64.Build.0 = Release|Any CPU
		{F4B49B0B-2B95-4B82-91CA-6F36AE0D6AEA}.Release|x86.ActiveCfg = Release|Any CPU
		{F4B49B0B-2B95-4B82-91CA-6F36AE0D6AEA}.Release|x86.Build.0 = Release|Any CPU
		{079E2076-FF34-4F2C-BF70-4E3A6F00A116}.Debug|Any CPU.ActiveCfg = Debug|Any CPU
		{079E2076-FF34-4F2C-BF70-4E3A6F00A116}.Debug|Any CPU.Build.0 = Debug|Any CPU
		{079E2076-FF34-4F2C-BF70-4E3A6F00A116}.Debug|x64.ActiveCfg = Debug|Any CPU
		{079E2076-FF34-4F2C-BF70-4E3A6F00A116}.Debug|x64.Build.0 = Debug|Any CPU
		{079E2076-FF34-4F2C-BF70-4E3A6F00A116}.Debug|x86.ActiveCfg = Debug|Any CPU
		{079E2076-FF34-4F2C-BF70-4E3A6F00A116}.Debug|x86.Build.0 = Debug|Any CPU
		{079E2076-FF34-4F2C-BF70-4E3A6F00A116}.Release|Any CPU.ActiveCfg = Release|Any CPU
		{079E2076-FF34-4F2C-BF70-4E3A6F00A116}.Release|Any CPU.Build.0 = Release|Any CPU
		{079E2076-FF34-4F2C-BF70-4E3A6F00A116}.Release|x64.ActiveCfg = Release|Any CPU
		{079E2076-FF34-4F2C-BF70-4E3A6F00A116}.Release|x64.Build.0 = Release|Any CPU
		{079E2076-FF34-4F2C-BF70-4E3A6F00A116}.Release|x86.ActiveCfg = Release|Any CPU
		{079E2076-FF34-4F2C-BF70-4E3A6F00A116}.Release|x86.Build.0 = Release|Any CPU
		{E71B6A23-F75B-4DD5-A7C4-B8F661BD57B2}.Debug|Any CPU.ActiveCfg = Debug|Any CPU
		{E71B6A23-F75B-4DD5-A7C4-B8F661BD57B2}.Debug|Any CPU.Build.0 = Debug|Any CPU
		{E71B6A23-F75B-4DD5-A7C4-B8F661BD57B2}.Debug|x64.ActiveCfg = Debug|Any CPU
		{E71B6A23-F75B-4DD5-A7C4-B8F661BD57B2}.Debug|x64.Build.0 = Debug|Any CPU
		{E71B6A23-F75B-4DD5-A7C4-B8F661BD57B2}.Debug|x86.ActiveCfg = Debug|Any CPU
		{E71B6A23-F75B-4DD5-A7C4-B8F661BD57B2}.Debug|x86.Build.0 = Debug|Any CPU
		{E71B6A23-F75B-4DD5-A7C4-B8F661BD57B2}.Release|Any CPU.ActiveCfg = Release|Any CPU
		{E71B6A23-F75B-4DD5-A7C4-B8F661BD57B2}.Release|Any CPU.Build.0 = Release|Any CPU
		{E71B6A23-F75B-4DD5-A7C4-B8F661BD57B2}.Release|x64.ActiveCfg = Release|Any CPU
		{E71B6A23-F75B-4DD5-A7C4-B8F661BD57B2}.Release|x64.Build.0 = Release|Any CPU
		{E71B6A23-F75B-4DD5-A7C4-B8F661BD57B2}.Release|x86.ActiveCfg = Release|Any CPU
		{E71B6A23-F75B-4DD5-A7C4-B8F661BD57B2}.Release|x86.Build.0 = Release|Any CPU
	EndGlobalSection
	GlobalSection(SolutionProperties) = preSolution
		HideSolutionNode = FALSE
	EndGlobalSection
	GlobalSection(ExtensibilityGlobals) = postSolution
		SolutionGuid = {48F20FA3-D73D-4CEA-BE6E-7C8AE85FE006}
	EndGlobalSection
EndGlobal
