Microsoft Visual Studio Solution File, Format Version 12.00
# Visual Studio Version 16
VisualStudioVersion = 16.0.29411.108
MinimumVisualStudioVersion = 15.0.26124.0
Project("{9A19103F-16F7-4668-BE54-9A1E7A4F7556}") = "Spanner", "Spanner\Spanner.csproj", "{FA96C19C-6A7E-4CFC-AF33-2CD173144123}"
EndProject
Project("{9A19103F-16F7-4668-BE54-9A1E7A4F7556}") = "QuickStart", "QuickStart\QuickStart.csproj", "{1012D642-2A53-4130-BAEF-C2086BCBECBE}"
EndProject
Project("{9A19103F-16F7-4668-BE54-9A1E7A4F7556}") = "SpannerTest", "SpannerTest\SpannerTest.csproj", "{170D0F64-2160-4EC9-9136-21CED96D649C}"
EndProject
Project("{9A19103F-16F7-4668-BE54-9A1E7A4F7556}") = "CommandLineUtil", "..\..\commandlineutil\Lib\CommandLineUtil.csproj", "{3EEF44EE-21FB-4F38-99C0-C8F711925487}"
EndProject
Project("{9A19103F-16F7-4668-BE54-9A1E7A4F7556}") = "testutil", "..\..\testutil\testutil.csproj", "{72B520E2-A8ED-4067-8868-DCEEB0F72D29}"
EndProject
Project("{FAE04EC0-301F-11D3-BF4B-00C04F79EFBC}") = "Spanner.Samples", "Spanner.Samples\Spanner.Samples.csproj", "{8712738B-4D38-45C3-9FE3-670985388876}"
EndProject
Global
	GlobalSection(SolutionConfigurationPlatforms) = preSolution
		Debug|Any CPU = Debug|Any CPU
		Debug|x64 = Debug|x64
		Debug|x86 = Debug|x86
		Release|Any CPU = Release|Any CPU
		Release|x64 = Release|x64
		Release|x86 = Release|x86
	EndGlobalSection
	GlobalSection(ProjectConfigurationPlatforms) = postSolution
		{FA96C19C-6A7E-4CFC-AF33-2CD173144123}.Debug|Any CPU.ActiveCfg = Debug|Any CPU
		{FA96C19C-6A7E-4CFC-AF33-2CD173144123}.Debug|Any CPU.Build.0 = Debug|Any CPU
		{FA96C19C-6A7E-4CFC-AF33-2CD173144123}.Debug|x64.ActiveCfg = Debug|Any CPU
		{FA96C19C-6A7E-4CFC-AF33-2CD173144123}.Debug|x64.Build.0 = Debug|Any CPU
		{FA96C19C-6A7E-4CFC-AF33-2CD173144123}.Debug|x86.ActiveCfg = Debug|Any CPU
		{FA96C19C-6A7E-4CFC-AF33-2CD173144123}.Debug|x86.Build.0 = Debug|Any CPU
		{FA96C19C-6A7E-4CFC-AF33-2CD173144123}.Release|Any CPU.ActiveCfg = Release|Any CPU
		{FA96C19C-6A7E-4CFC-AF33-2CD173144123}.Release|Any CPU.Build.0 = Release|Any CPU
		{FA96C19C-6A7E-4CFC-AF33-2CD173144123}.Release|x64.ActiveCfg = Release|Any CPU
		{FA96C19C-6A7E-4CFC-AF33-2CD173144123}.Release|x64.Build.0 = Release|Any CPU
		{FA96C19C-6A7E-4CFC-AF33-2CD173144123}.Release|x86.ActiveCfg = Release|Any CPU
		{FA96C19C-6A7E-4CFC-AF33-2CD173144123}.Release|x86.Build.0 = Release|Any CPU
		{1012D642-2A53-4130-BAEF-C2086BCBECBE}.Debug|Any CPU.ActiveCfg = Debug|Any CPU
		{1012D642-2A53-4130-BAEF-C2086BCBECBE}.Debug|Any CPU.Build.0 = Debug|Any CPU
		{1012D642-2A53-4130-BAEF-C2086BCBECBE}.Debug|x64.ActiveCfg = Debug|Any CPU
		{1012D642-2A53-4130-BAEF-C2086BCBECBE}.Debug|x64.Build.0 = Debug|Any CPU
		{1012D642-2A53-4130-BAEF-C2086BCBECBE}.Debug|x86.ActiveCfg = Debug|Any CPU
		{1012D642-2A53-4130-BAEF-C2086BCBECBE}.Debug|x86.Build.0 = Debug|Any CPU
		{1012D642-2A53-4130-BAEF-C2086BCBECBE}.Release|Any CPU.ActiveCfg = Release|Any CPU
		{1012D642-2A53-4130-BAEF-C2086BCBECBE}.Release|Any CPU.Build.0 = Release|Any CPU
		{1012D642-2A53-4130-BAEF-C2086BCBECBE}.Release|x64.ActiveCfg = Release|Any CPU
		{1012D642-2A53-4130-BAEF-C2086BCBECBE}.Release|x64.Build.0 = Release|Any CPU
		{1012D642-2A53-4130-BAEF-C2086BCBECBE}.Release|x86.ActiveCfg = Release|Any CPU
		{1012D642-2A53-4130-BAEF-C2086BCBECBE}.Release|x86.Build.0 = Release|Any CPU
		{170D0F64-2160-4EC9-9136-21CED96D649C}.Debug|Any CPU.ActiveCfg = Debug|Any CPU
		{170D0F64-2160-4EC9-9136-21CED96D649C}.Debug|Any CPU.Build.0 = Debug|Any CPU
		{170D0F64-2160-4EC9-9136-21CED96D649C}.Debug|x64.ActiveCfg = Debug|Any CPU
		{170D0F64-2160-4EC9-9136-21CED96D649C}.Debug|x64.Build.0 = Debug|Any CPU
		{170D0F64-2160-4EC9-9136-21CED96D649C}.Debug|x86.ActiveCfg = Debug|Any CPU
		{170D0F64-2160-4EC9-9136-21CED96D649C}.Debug|x86.Build.0 = Debug|Any CPU
		{170D0F64-2160-4EC9-9136-21CED96D649C}.Release|Any CPU.ActiveCfg = Release|Any CPU
		{170D0F64-2160-4EC9-9136-21CED96D649C}.Release|Any CPU.Build.0 = Release|Any CPU
		{170D0F64-2160-4EC9-9136-21CED96D649C}.Release|x64.ActiveCfg = Release|Any CPU
		{170D0F64-2160-4EC9-9136-21CED96D649C}.Release|x64.Build.0 = Release|Any CPU
		{170D0F64-2160-4EC9-9136-21CED96D649C}.Release|x86.ActiveCfg = Release|Any CPU
		{170D0F64-2160-4EC9-9136-21CED96D649C}.Release|x86.Build.0 = Release|Any CPU
		{3EEF44EE-21FB-4F38-99C0-C8F711925487}.Debug|Any CPU.ActiveCfg = Debug|Any CPU
		{3EEF44EE-21FB-4F38-99C0-C8F711925487}.Debug|Any CPU.Build.0 = Debug|Any CPU
		{3EEF44EE-21FB-4F38-99C0-C8F711925487}.Debug|x64.ActiveCfg = Debug|Any CPU
		{3EEF44EE-21FB-4F38-99C0-C8F711925487}.Debug|x64.Build.0 = Debug|Any CPU
		{3EEF44EE-21FB-4F38-99C0-C8F711925487}.Debug|x86.ActiveCfg = Debug|Any CPU
		{3EEF44EE-21FB-4F38-99C0-C8F711925487}.Debug|x86.Build.0 = Debug|Any CPU
		{3EEF44EE-21FB-4F38-99C0-C8F711925487}.Release|Any CPU.ActiveCfg = Release|Any CPU
		{3EEF44EE-21FB-4F38-99C0-C8F711925487}.Release|Any CPU.Build.0 = Release|Any CPU
		{3EEF44EE-21FB-4F38-99C0-C8F711925487}.Release|x64.ActiveCfg = Release|Any CPU
		{3EEF44EE-21FB-4F38-99C0-C8F711925487}.Release|x64.Build.0 = Release|Any CPU
		{3EEF44EE-21FB-4F38-99C0-C8F711925487}.Release|x86.ActiveCfg = Release|Any CPU
		{3EEF44EE-21FB-4F38-99C0-C8F711925487}.Release|x86.Build.0 = Release|Any CPU
		{72B520E2-A8ED-4067-8868-DCEEB0F72D29}.Debug|Any CPU.ActiveCfg = Debug|Any CPU
		{72B520E2-A8ED-4067-8868-DCEEB0F72D29}.Debug|Any CPU.Build.0 = Debug|Any CPU
		{72B520E2-A8ED-4067-8868-DCEEB0F72D29}.Debug|x64.ActiveCfg = Debug|Any CPU
		{72B520E2-A8ED-4067-8868-DCEEB0F72D29}.Debug|x64.Build.0 = Debug|Any CPU
		{72B520E2-A8ED-4067-8868-DCEEB0F72D29}.Debug|x86.ActiveCfg = Debug|Any CPU
		{72B520E2-A8ED-4067-8868-DCEEB0F72D29}.Debug|x86.Build.0 = Debug|Any CPU
		{72B520E2-A8ED-4067-8868-DCEEB0F72D29}.Release|Any CPU.ActiveCfg = Release|Any CPU
		{72B520E2-A8ED-4067-8868-DCEEB0F72D29}.Release|Any CPU.Build.0 = Release|Any CPU
		{72B520E2-A8ED-4067-8868-DCEEB0F72D29}.Release|x64.ActiveCfg = Release|Any CPU
		{72B520E2-A8ED-4067-8868-DCEEB0F72D29}.Release|x64.Build.0 = Release|Any CPU
		{72B520E2-A8ED-4067-8868-DCEEB0F72D29}.Release|x86.ActiveCfg = Release|Any CPU
		{72B520E2-A8ED-4067-8868-DCEEB0F72D29}.Release|x86.Build.0 = Release|Any CPU
		{8712738B-4D38-45C3-9FE3-670985388876}.Debug|Any CPU.ActiveCfg = Debug|Any CPU
		{8712738B-4D38-45C3-9FE3-670985388876}.Debug|Any CPU.Build.0 = Debug|Any CPU
		{8712738B-4D38-45C3-9FE3-670985388876}.Debug|x64.ActiveCfg = Debug|Any CPU
		{8712738B-4D38-45C3-9FE3-670985388876}.Debug|x64.Build.0 = Debug|Any CPU
		{8712738B-4D38-45C3-9FE3-670985388876}.Debug|x86.ActiveCfg = Debug|Any CPU
		{8712738B-4D38-45C3-9FE3-670985388876}.Debug|x86.Build.0 = Debug|Any CPU
		{8712738B-4D38-45C3-9FE3-670985388876}.Release|Any CPU.ActiveCfg = Release|Any CPU
		{8712738B-4D38-45C3-9FE3-670985388876}.Release|Any CPU.Build.0 = Release|Any CPU
		{8712738B-4D38-45C3-9FE3-670985388876}.Release|x64.ActiveCfg = Release|Any CPU
		{8712738B-4D38-45C3-9FE3-670985388876}.Release|x64.Build.0 = Release|Any CPU
		{8712738B-4D38-45C3-9FE3-670985388876}.Release|x86.ActiveCfg = Release|Any CPU
		{8712738B-4D38-45C3-9FE3-670985388876}.Release|x86.Build.0 = Release|Any CPU
	EndGlobalSection
	GlobalSection(SolutionProperties) = preSolution
		HideSolutionNode = FALSE
	EndGlobalSection
	GlobalSection(ExtensibilityGlobals) = postSolution
		SolutionGuid = {48F20FA3-D73D-4CEA-BE6E-7C8AE85FE006}
	EndGlobalSection
EndGlobal
