
Microsoft Visual Studio Solution File, Format Version 12.00
# Visual Studio 15
VisualStudioVersion = 15.0.28307.852
MinimumVisualStudioVersion = 10.0.40219.1
Project("{9A19103F-16F7-4668-BE54-9A1E7A4F7556}") = "Redis", "Redis\Redis.csproj", "{EA37D2E3-FCED-4DDE-B921-BF207A34AB41}"
EndProject
Global
	GlobalSection(SolutionConfigurationPlatforms) = preSolution
		Debug|Any CPU = Debug|Any CPU
		Release|Any CPU = Release|Any CPU
	EndGlobalSection
	GlobalSection(ProjectConfigurationPlatforms) = postSolution
		{EA37D2E3-FCED-4DDE-B921-BF207A34AB41}.Debug|Any CPU.ActiveCfg = Debug|Any CPU
		{EA37D2E3-FCED-4DDE-B921-BF207A34AB41}.Debug|Any CPU.Build.0 = Debug|Any CPU
		{EA37D2E3-FCED-4DDE-B921-BF207A34AB41}.Release|Any CPU.ActiveCfg = Release|Any CPU
		{EA37D2E3-FCED-4DDE-B921-BF207A34AB41}.Release|Any CPU.Build.0 = Release|Any CPU
	EndGlobalSection
	GlobalSection(SolutionProperties) = preSolution
		HideSolutionNode = FALSE
	EndGlobalSection
	GlobalSection(ExtensibilityGlobals) = postSolution
		SolutionGuid = {30EB7ADB-A8D8-4810-A6EE-CDEA50305B2D}
	EndGlobalSection
EndGlobal
