
Microsoft Visual Studio Solution File, Format Version 12.00
# Visual Studio Version 17
VisualStudioVersion = 17.0.31903.59
MinimumVisualStudioVersion = 10.0.40219.1
Project("{2150E333-8FDC-42A3-9474-1A3956D46DE8}") = "api", "api", "{FCC15B1D-34BC-43EB-BC31-AEB8398D0E4F}"
EndProject
Project("{FAE04EC0-301F-11D3-BF4B-00C04F79EFBC}") = "Workflow.Samples.Test", "api\Workflow.Samples.Test\Workflow.Samples.Test.csproj", "{48F27E68-B379-4A42-8444-D6B61C0E1B87}"
EndProject
Project("{FAE04EC0-301F-11D3-BF4B-00C04F79EFBC}") = "Workflow.Samples", "api\Workflow.Samples\Workflow.Samples.csproj", "{CA4974C2-7C21-4E42-A96E-39B15B253D19}"
EndProject
Global
	GlobalSection(SolutionConfigurationPlatforms) = preSolution
		Debug|Any CPU = Debug|Any CPU
		Debug|x64 = Debug|x64
		Debug|x86 = Debug|x86
		Release|Any CPU = Release|Any CPU
		Release|x64 = Release|x64
		Release|x86 = Release|x86
	EndGlobalSection
	GlobalSection(ProjectConfigurationPlatforms) = postSolution
		{AD899DFC-EB94-43C8-9EB6-BA541286D5E4}.Debug|Any CPU.ActiveCfg = Debug|Any CPU
		{AD899DFC-EB94-43C8-9EB6-BA541286D5E4}.Debug|Any CPU.Build.0 = Debug|Any CPU
		{AD899DFC-EB94-43C8-9EB6-BA541286D5E4}.Debug|x64.ActiveCfg = Debug|Any CPU
		{AD899DFC-EB94-43C8-9EB6-BA541286D5E4}.Debug|x64.Build.0 = Debug|Any CPU
		{AD899DFC-EB94-43C8-9EB6-BA541286D5E4}.Debug|x86.ActiveCfg = Debug|Any CPU
		{AD899DFC-EB94-43C8-9EB6-BA541286D5E4}.Debug|x86.Build.0 = Debug|Any CPU
		{AD899DFC-EB94-43C8-9EB6-BA541286D5E4}.Release|Any CPU.ActiveCfg = Release|Any CPU
		{AD899DFC-EB94-43C8-9EB6-BA541286D5E4}.Release|Any CPU.Build.0 = Release|Any CPU
		{AD899DFC-EB94-43C8-9EB6-BA541286D5E4}.Release|x64.ActiveCfg = Release|Any CPU
		{AD899DFC-EB94-43C8-9EB6-BA541286D5E4}.Release|x64.Build.0 = Release|Any CPU
		{AD899DFC-EB94-43C8-9EB6-BA541286D5E4}.Release|x86.ActiveCfg = Release|Any CPU
		{AD899DFC-EB94-43C8-9EB6-BA541286D5E4}.Release|x86.Build.0 = Release|Any CPU
		{2AFA36A9-70A1-4D55-B5D1-B126355CAEBB}.Debug|Any CPU.ActiveCfg = Debug|Any CPU
		{2AFA36A9-70A1-4D55-B5D1-B126355CAEBB}.Debug|Any CPU.Build.0 = Debug|Any CPU
		{2AFA36A9-70A1-4D55-B5D1-B126355CAEBB}.Debug|x64.ActiveCfg = Debug|Any CPU
		{2AFA36A9-70A1-4D55-B5D1-B126355CAEBB}.Debug|x64.Build.0 = Debug|Any CPU
		{2AFA36A9-70A1-4D55-B5D1-B126355CAEBB}.Debug|x86.ActiveCfg = Debug|Any CPU
		{2AFA36A9-70A1-4D55-B5D1-B126355CAEBB}.Debug|x86.Build.0 = Debug|Any CPU
		{2AFA36A9-70A1-4D55-B5D1-B126355CAEBB}.Release|Any CPU.ActiveCfg = Release|Any CPU
		{2AFA36A9-70A1-4D55-B5D1-B126355CAEBB}.Release|Any CPU.Build.0 = Release|Any CPU
		{2AFA36A9-70A1-4D55-B5D1-B126355CAEBB}.Release|x64.ActiveCfg = Release|Any CPU
		{2AFA36A9-70A1-4D55-B5D1-B126355CAEBB}.Release|x64.Build.0 = Release|Any CPU
		{2AFA36A9-70A1-4D55-B5D1-B126355CAEBB}.Release|x86.ActiveCfg = Release|Any CPU
		{2AFA36A9-70A1-4D55-B5D1-B126355CAEBB}.Release|x86.Build.0 = Release|Any CPU
		{48F27E68-B379-4A42-8444-D6B61C0E1B87}.Debug|Any CPU.ActiveCfg = Debug|Any CPU
		{48F27E68-B379-4A42-8444-D6B61C0E1B87}.Debug|Any CPU.Build.0 = Debug|Any CPU
		{48F27E68-B379-4A42-8444-D6B61C0E1B87}.Debug|x64.ActiveCfg = Debug|Any CPU
		{48F27E68-B379-4A42-8444-D6B61C0E1B87}.Debug|x64.Build.0 = Debug|Any CPU
		{48F27E68-B379-4A42-8444-D6B61C0E1B87}.Debug|x86.ActiveCfg = Debug|Any CPU
		{48F27E68-B379-4A42-8444-D6B61C0E1B87}.Debug|x86.Build.0 = Debug|Any CPU
		{48F27E68-B379-4A42-8444-D6B61C0E1B87}.Release|Any CPU.ActiveCfg = Release|Any CPU
		{48F27E68-B379-4A42-8444-D6B61C0E1B87}.Release|Any CPU.Build.0 = Release|Any CPU
		{48F27E68-B379-4A42-8444-D6B61C0E1B87}.Release|x64.ActiveCfg = Release|Any CPU
		{48F27E68-B379-4A42-8444-D6B61C0E1B87}.Release|x64.Build.0 = Release|Any CPU
		{48F27E68-B379-4A42-8444-D6B61C0E1B87}.Release|x86.ActiveCfg = Release|Any CPU
		{48F27E68-B379-4A42-8444-D6B61C0E1B87}.Release|x86.Build.0 = Release|Any CPU
		{CA4974C2-7C21-4E42-A96E-39B15B253D19}.Debug|Any CPU.ActiveCfg = Debug|Any CPU
		{CA4974C2-7C21-4E42-A96E-39B15B253D19}.Debug|Any CPU.Build.0 = Debug|Any CPU
		{CA4974C2-7C21-4E42-A96E-39B15B253D19}.Debug|x64.ActiveCfg = Debug|Any CPU
		{CA4974C2-7C21-4E42-A96E-39B15B253D19}.Debug|x64.Build.0 = Debug|Any CPU
		{CA4974C2-7C21-4E42-A96E-39B15B253D19}.Debug|x86.ActiveCfg = Debug|Any CPU
		{CA4974C2-7C21-4E42-A96E-39B15B253D19}.Debug|x86.Build.0 = Debug|Any CPU
		{CA4974C2-7C21-4E42-A96E-39B15B253D19}.Release|Any CPU.ActiveCfg = Release|Any CPU
		{CA4974C2-7C21-4E42-A96E-39B15B253D19}.Release|Any CPU.Build.0 = Release|Any CPU
		{CA4974C2-7C21-4E42-A96E-39B15B253D19}.Release|x64.ActiveCfg = Release|Any CPU
		{CA4974C2-7C21-4E42-A96E-39B15B253D19}.Release|x64.Build.0 = Release|Any CPU
		{CA4974C2-7C21-4E42-A96E-39B15B253D19}.Release|x86.ActiveCfg = Release|Any CPU
		{CA4974C2-7C21-4E42-A96E-39B15B253D19}.Release|x86.Build.0 = Release|Any CPU
	EndGlobalSection
	GlobalSection(SolutionProperties) = preSolution
		HideSolutionNode = FALSE
	EndGlobalSection
	GlobalSection(NestedProjects) = preSolution
		{48F27E68-B379-4A42-8444-D6B61C0E1B87} = {FCC15B1D-34BC-43EB-BC31-AEB8398D0E4F}
		{CA4974C2-7C21-4E42-A96E-39B15B253D19} = {FCC15B1D-34BC-43EB-BC31-AEB8398D0E4F}
	EndGlobalSection
EndGlobal
