
Microsoft Visual Studio Solution File, Format Version 12.00
# Visual Studio Version 17
VisualStudioVersion = 17.0.31903.59
MinimumVisualStudioVersion = 10.0.40219.1
Project("{FAE04EC0-301F-11D3-BF4B-00C04F79EFBC}") = "Workflow.Samples", "Workflow.Samples\Workflow.Samples.csproj", "{AD899DFC-EB94-43C8-9EB6-BA541286D5E4}"
EndProject
Project("{FAE04EC0-301F-11D3-BF4B-00C04F79EFBC}") = "Workflow.Samples.Test", "Workflow.Samples.Test\Workflow.Samples.Test.csproj", "{2AFA36A9-70A1-4D55-B5D1-B126355CAEBB}"
EndProject
Global
	GlobalSection(SolutionConfigurationPlatforms) = preSolution
		Debug|Any CPU = Debug|Any CPU
		Debug|x64 = Debug|x64
		Debug|x86 = Debug|x86
		Release|Any CPU = Release|Any CPU
		Release|x64 = Release|x64
		Release|x86 = Release|x86
	EndGlobalSection
	GlobalSection(ProjectConfigurationPlatforms) = postSolution
		{AD899DFC-EB94-43C8-9EB6-BA541286D5E4}.Debug|Any CPU.ActiveCfg = Debug|Any CPU
		{AD899DFC-EB94-43C8-9EB6-BA541286D5E4}.Debug|Any CPU.Build.0 = Debug|Any CPU
		{AD899DFC-EB94-43C8-9EB6-BA541286D5E4}.Debug|x64.ActiveCfg = Debug|Any CPU
		{AD899DFC-EB94-43C8-9EB6-BA541286D5E4}.Debug|x64.Build.0 = Debug|Any CPU
		{AD899DFC-EB94-43C8-9EB6-BA541286D5E4}.Debug|x86.ActiveCfg = Debug|Any CPU
		{AD899DFC-EB94-43C8-9EB6-BA541286D5E4}.Debug|x86.Build.0 = Debug|Any CPU
		{AD899DFC-EB94-43C8-9EB6-BA541286D5E4}.Release|Any CPU.ActiveCfg = Release|Any CPU
		{AD899DFC-EB94-43C8-9EB6-BA541286D5E4}.Release|Any CPU.Build.0 = Release|Any CPU
		{AD899DFC-EB94-43C8-9EB6-BA541286D5E4}.Release|x64.ActiveCfg = Release|Any CPU
		{AD899DFC-EB94-43C8-9EB6-BA541286D5E4}.Release|x64.Build.0 = Release|Any CPU
		{AD899DFC-EB94-43C8-9EB6-BA541286D5E4}.Release|x86.ActiveCfg = Release|Any CPU
		{AD899DFC-EB94-43C8-9EB6-BA541286D5E4}.Release|x86.Build.0 = Release|Any CPU
		{2AFA36A9-70A1-4D55-B5D1-B126355CAEBB}.Debug|Any CPU.ActiveCfg = Debug|Any CPU
		{2AFA36A9-70A1-4D55-B5D1-B126355CAEBB}.Debug|Any CPU.Build.0 = Debug|Any CPU
		{2AFA36A9-70A1-4D55-B5D1-B126355CAEBB}.Debug|x64.ActiveCfg = Debug|Any CPU
		{2AFA36A9-70A1-4D55-B5D1-B126355CAEBB}.Debug|x64.Build.0 = Debug|Any CPU
		{2AFA36A9-70A1-4D55-B5D1-B126355CAEBB}.Debug|x86.ActiveCfg = Debug|Any CPU
		{2AFA36A9-70A1-4D55-B5D1-B126355CAEBB}.Debug|x86.Build.0 = Debug|Any CPU
		{2AFA36A9-70A1-4D55-B5D1-B126355CAEBB}.Release|Any CPU.ActiveCfg = Release|Any CPU
		{2AFA36A9-70A1-4D55-B5D1-B126355CAEBB}.Release|Any CPU.Build.0 = Release|Any CPU
		{2AFA36A9-70A1-4D55-B5D1-B126355CAEBB}.Release|x64.ActiveCfg = Release|Any CPU
		{2AFA36A9-70A1-4D55-B5D1-B126355CAEBB}.Release|x64.Build.0 = Release|Any CPU
		{2AFA36A9-70A1-4D55-B5D1-B126355CAEBB}.Release|x86.ActiveCfg = Release|Any CPU
		{2AFA36A9-70A1-4D55-B5D1-B126355CAEBB}.Release|x86.Build.0 = Release|Any CPU
	EndGlobalSection
	GlobalSection(SolutionProperties) = preSolution
		HideSolutionNode = FALSE
	EndGlobalSection
EndGlobal
