
Microsoft Visual Studio Solution File, Format Version 12.00
# Visual Studio Version 16
VisualStudioVersion = 16.0.30128.74
MinimumVisualStudioVersion = 15.0.26124.0
Project("{9A19103F-16F7-4668-BE54-9A1E7A4F7556}") = "HelloHttp", "HelloHttp\HelloHttp.csproj", "{AFE7AC5C-F145-42C0-9A69-4BD8AB31D306}"
EndProject
Project("{9A19103F-16F7-4668-BE54-9A1E7A4F7556}") = "HelloWorld.Tests", "HelloWorld.Tests\HelloWorld.Tests.csproj", "{3B6E2FCB-67A8-428C-B81C-2E2846382AEF}"
EndProject
Project("{9A19103F-16F7-4668-BE54-9A1E7A4F7556}") = "HelloGcs", "HelloGcs\HelloGcs.csproj", "{48D84635-59D6-4C4C-9A4F-A3ACA7287F2A}"
EndProject
EndProject
Project("{9A19103F-16F7-4668-BE54-9A1E7A4F7556}") = "HelloPubSub", "HelloPubSub\HelloPubSub.csproj", "{273F9215-252E-4744-BA14-89EAE97FC643}"
EndProject
Project("{9A19103F-16F7-4668-BE54-9A1E7A4F7556}") = "HelloWorld", "HelloWorld\HelloWorld.csproj", "{9B9AC273-1178-4E03-A12F-7B92495B79CB}"
EndProject
Project("{778DAE3C-4631-46EA-AA77-85C1314464D9}") = "HelloPubSubVb", "HelloPubSubVb\HelloPubSubVb.vbproj", "{F5D8E7A1-D758-475A-A21F-0ACEB6680BAB}"
EndProject
Project("{6EC3EE1D-3C4E-46DD-8F32-0CC8E7565705}") = "HelloPubSubFSharp", "HelloPubSubFSharp\HelloPubSubFSharp.fsproj", "{107A8C51-54A5-4987-BEB5-2156F001A474}"
EndProject
Project("{6EC3EE1D-3C4E-46DD-8F32-0CC8E7565705}") = "HelloWorldFSharp", "HelloWorldFSharp\HelloWorldFSharp.fsproj", "{454B8830-120E-49E6-9729-4D7962E04A62}"
EndProject
Project("{F184B08F-C81C-45F6-A57F-5ABD9991F28F}") = "HelloWorldVb", "HelloWorldVb\HelloWorldVb.vbproj", "{83E064EA-8150-4680-A468-ADD2C0B0DC3E}"
EndProject
Global
	GlobalSection(SolutionConfigurationPlatforms) = preSolution
		Debug|Any CPU = Debug|Any CPU
		Debug|x64 = Debug|x64
		Debug|x86 = Debug|x86
		Release|Any CPU = Release|Any CPU
		Release|x64 = Release|x64
		Release|x86 = Release|x86
	EndGlobalSection
	GlobalSection(ProjectConfigurationPlatforms) = postSolution
		{AFE7AC5C-F145-42C0-9A69-4BD8AB31D306}.Debug|Any CPU.ActiveCfg = Debug|Any CPU
		{AFE7AC5C-F145-42C0-9A69-4BD8AB31D306}.Debug|Any CPU.Build.0 = Debug|Any CPU
		{AFE7AC5C-F145-42C0-9A69-4BD8AB31D306}.Debug|x64.ActiveCfg = Debug|Any CPU
		{AFE7AC5C-F145-42C0-9A69-4BD8AB31D306}.Debug|x64.Build.0 = Debug|Any CPU
		{AFE7AC5C-F145-42C0-9A69-4BD8AB31D306}.Debug|x86.ActiveCfg = Debug|Any CPU
		{AFE7AC5C-F145-42C0-9A69-4BD8AB31D306}.Debug|x86.Build.0 = Debug|Any CPU
		{AFE7AC5C-F145-42C0-9A69-4BD8AB31D306}.Release|Any CPU.ActiveCfg = Release|Any CPU
		{AFE7AC5C-F145-42C0-9A69-4BD8AB31D306}.Release|Any CPU.Build.0 = Release|Any CPU
		{AFE7AC5C-F145-42C0-9A69-4BD8AB31D306}.Release|x64.ActiveCfg = Release|Any CPU
		{AFE7AC5C-F145-42C0-9A69-4BD8AB31D306}.Release|x64.Build.0 = Release|Any CPU
		{AFE7AC5C-F145-42C0-9A69-4BD8AB31D306}.Release|x86.ActiveCfg = Release|Any CPU
		{AFE7AC5C-F145-42C0-9A69-4BD8AB31D306}.Release|x86.Build.0 = Release|Any CPU
		{3B6E2FCB-67A8-428C-B81C-2E2846382AEF}.Debug|Any CPU.ActiveCfg = Debug|Any CPU
		{3B6E2FCB-67A8-428C-B81C-2E2846382AEF}.Debug|Any CPU.Build.0 = Debug|Any CPU
		{3B6E2FCB-67A8-428C-B81C-2E2846382AEF}.Debug|x64.ActiveCfg = Debug|Any CPU
		{3B6E2FCB-67A8-428C-B81C-2E2846382AEF}.Debug|x64.Build.0 = Debug|Any CPU
		{3B6E2FCB-67A8-428C-B81C-2E2846382AEF}.Debug|x86.ActiveCfg = Debug|Any CPU
		{3B6E2FCB-67A8-428C-B81C-2E2846382AEF}.Debug|x86.Build.0 = Debug|Any CPU
		{3B6E2FCB-67A8-428C-B81C-2E2846382AEF}.Release|Any CPU.ActiveCfg = Release|Any CPU
		{3B6E2FCB-67A8-428C-B81C-2E2846382AEF}.Release|Any CPU.Build.0 = Release|Any CPU
		{3B6E2FCB-67A8-428C-B81C-2E2846382AEF}.Release|x64.ActiveCfg = Release|Any CPU
		{3B6E2FCB-67A8-428C-B81C-2E2846382AEF}.Release|x64.Build.0 = Release|Any CPU
		{3B6E2FCB-67A8-428C-B81C-2E2846382AEF}.Release|x86.ActiveCfg = Release|Any CPU
		{3B6E2FCB-67A8-428C-B81C-2E2846382AEF}.Release|x86.Build.0 = Release|Any CPU
		{48D84635-59D6-4C4C-9A4F-A3ACA7287F2A}.Debug|Any CPU.ActiveCfg = Debug|Any CPU
		{48D84635-59D6-4C4C-9A4F-A3ACA7287F2A}.Debug|Any CPU.Build.0 = Debug|Any CPU
		{48D84635-59D6-4C4C-9A4F-A3ACA7287F2A}.Debug|x64.ActiveCfg = Debug|Any CPU
		{48D84635-59D6-4C4C-9A4F-A3ACA7287F2A}.Debug|x64.Build.0 = Debug|Any CPU
		{48D84635-59D6-4C4C-9A4F-A3ACA7287F2A}.Debug|x86.ActiveCfg = Debug|Any CPU
		{48D84635-59D6-4C4C-9A4F-A3ACA7287F2A}.Debug|x86.Build.0 = Debug|Any CPU
		{48D84635-59D6-4C4C-9A4F-A3ACA7287F2A}.Release|Any CPU.ActiveCfg = Release|Any CPU
		{48D84635-59D6-4C4C-9A4F-A3ACA7287F2A}.Release|Any CPU.Build.0 = Release|Any CPU
		{48D84635-59D6-4C4C-9A4F-A3ACA7287F2A}.Release|x64.ActiveCfg = Release|Any CPU
		{48D84635-59D6-4C4C-9A4F-A3ACA7287F2A}.Release|x64.Build.0 = Release|Any CPU
		{48D84635-59D6-4C4C-9A4F-A3ACA7287F2A}.Release|x86.ActiveCfg = Release|Any CPU
		{48D84635-59D6-4C4C-9A4F-A3ACA7287F2A}.Release|x86.Build.0 = Release|Any CPU
		{259B45D0-BD76-4CC0-B4E6-4FAA1E1F4237}.Debug|Any CPU.ActiveCfg = Debug|Any CPU
		{259B45D0-BD76-4CC0-B4E6-4FAA1E1F4237}.Debug|Any CPU.Build.0 = Debug|Any CPU
		{259B45D0-BD76-4CC0-B4E6-4FAA1E1F4237}.Debug|x64.ActiveCfg = Debug|Any CPU
		{259B45D0-BD76-4CC0-B4E6-4FAA1E1F4237}.Debug|x64.Build.0 = Debug|Any CPU
		{259B45D0-BD76-4CC0-B4E6-4FAA1E1F4237}.Debug|x86.ActiveCfg = Debug|Any CPU
		{259B45D0-BD76-4CC0-B4E6-4FAA1E1F4237}.Debug|x86.Build.0 = Debug|Any CPU
		{259B45D0-BD76-4CC0-B4E6-4FAA1E1F4237}.Release|Any CPU.ActiveCfg = Release|Any CPU
		{259B45D0-BD76-4CC0-B4E6-4FAA1E1F4237}.Release|Any CPU.Build.0 = Release|Any CPU
		{259B45D0-BD76-4CC0-B4E6-4FAA1E1F4237}.Release|x64.ActiveCfg = Release|Any CPU
		{259B45D0-BD76-4CC0-B4E6-4FAA1E1F4237}.Release|x64.Build.0 = Release|Any CPU
		{259B45D0-BD76-4CC0-B4E6-4FAA1E1F4237}.Release|x86.ActiveCfg = Release|Any CPU
		{259B45D0-BD76-4CC0-B4E6-4FAA1E1F4237}.Release|x86.Build.0 = Release|Any CPU
		{273F9215-252E-4744-BA14-89EAE97FC643}.Debug|Any CPU.ActiveCfg = Debug|Any CPU
		{273F9215-252E-4744-BA14-89EAE97FC643}.Debug|Any CPU.Build.0 = Debug|Any CPU
		{273F9215-252E-4744-BA14-89EAE97FC643}.Debug|x64.ActiveCfg = Debug|Any CPU
		{273F9215-252E-4744-BA14-89EAE97FC643}.Debug|x64.Build.0 = Debug|Any CPU
		{273F9215-252E-4744-BA14-89EAE97FC643}.Debug|x86.ActiveCfg = Debug|Any CPU
		{273F9215-252E-4744-BA14-89EAE97FC643}.Debug|x86.Build.0 = Debug|Any CPU
		{273F9215-252E-4744-BA14-89EAE97FC643}.Release|Any CPU.ActiveCfg = Release|Any CPU
		{273F9215-252E-4744-BA14-89EAE97FC643}.Release|Any CPU.Build.0 = Release|Any CPU
		{273F9215-252E-4744-BA14-89EAE97FC643}.Release|x64.ActiveCfg = Release|Any CPU
		{273F9215-252E-4744-BA14-89EAE97FC643}.Release|x64.Build.0 = Release|Any CPU
		{273F9215-252E-4744-BA14-89EAE97FC643}.Release|x86.ActiveCfg = Release|Any CPU
		{273F9215-252E-4744-BA14-89EAE97FC643}.Release|x86.Build.0 = Release|Any CPU
		{9B9AC273-1178-4E03-A12F-7B92495B79CB}.Debug|Any CPU.ActiveCfg = Debug|Any CPU
		{9B9AC273-1178-4E03-A12F-7B92495B79CB}.Debug|Any CPU.Build.0 = Debug|Any CPU
		{9B9AC273-1178-4E03-A12F-7B92495B79CB}.Debug|x64.ActiveCfg = Debug|Any CPU
		{9B9AC273-1178-4E03-A12F-7B92495B79CB}.Debug|x64.Build.0 = Debug|Any CPU
		{9B9AC273-1178-4E03-A12F-7B92495B79CB}.Debug|x86.ActiveCfg = Debug|Any CPU
		{9B9AC273-1178-4E03-A12F-7B92495B79CB}.Debug|x86.Build.0 = Debug|Any CPU
		{9B9AC273-1178-4E03-A12F-7B92495B79CB}.Release|Any CPU.ActiveCfg = Release|Any CPU
		{9B9AC273-1178-4E03-A12F-7B92495B79CB}.Release|Any CPU.Build.0 = Release|Any CPU
		{9B9AC273-1178-4E03-A12F-7B92495B79CB}.Release|x64.ActiveCfg = Release|Any CPU
		{9B9AC273-1178-4E03-A12F-7B92495B79CB}.Release|x64.Build.0 = Release|Any CPU
		{9B9AC273-1178-4E03-A12F-7B92495B79CB}.Release|x86.ActiveCfg = Release|Any CPU
		{9B9AC273-1178-4E03-A12F-7B92495B79CB}.Release|x86.Build.0 = Release|Any CPU
		{F5D8E7A1-D758-475A-A21F-0ACEB6680BAB}.Debug|Any CPU.ActiveCfg = Debug|Any CPU
		{F5D8E7A1-D758-475A-A21F-0ACEB6680BAB}.Debug|Any CPU.Build.0 = Debug|Any CPU
		{F5D8E7A1-D758-475A-A21F-0ACEB6680BAB}.Debug|x64.ActiveCfg = Debug|Any CPU
		{F5D8E7A1-D758-475A-A21F-0ACEB6680BAB}.Debug|x64.Build.0 = Debug|Any CPU
		{F5D8E7A1-D758-475A-A21F-0ACEB6680BAB}.Debug|x86.ActiveCfg = Debug|Any CPU
		{F5D8E7A1-D758-475A-A21F-0ACEB6680BAB}.Debug|x86.Build.0 = Debug|Any CPU
		{F5D8E7A1-D758-475A-A21F-0ACEB6680BAB}.Release|Any CPU.ActiveCfg = Release|Any CPU
		{F5D8E7A1-D758-475A-A21F-0ACEB6680BAB}.Release|Any CPU.Build.0 = Release|Any CPU
		{F5D8E7A1-D758-475A-A21F-0ACEB6680BAB}.Release|x64.ActiveCfg = Release|Any CPU
		{F5D8E7A1-D758-475A-A21F-0ACEB6680BAB}.Release|x64.Build.0 = Release|Any CPU
		{F5D8E7A1-D758-475A-A21F-0ACEB6680BAB}.Release|x86.ActiveCfg = Release|Any CPU
		{F5D8E7A1-D758-475A-A21F-0ACEB6680BAB}.Release|x86.Build.0 = Release|Any CPU
		{107A8C51-54A5-4987-BEB5-2156F001A474}.Debug|Any CPU.ActiveCfg = Debug|Any CPU
		{107A8C51-54A5-4987-BEB5-2156F001A474}.Debug|Any CPU.Build.0 = Debug|Any CPU
		{107A8C51-54A5-4987-BEB5-2156F001A474}.Debug|x64.ActiveCfg = Debug|Any CPU
		{107A8C51-54A5-4987-BEB5-2156F001A474}.Debug|x64.Build.0 = Debug|Any CPU
		{107A8C51-54A5-4987-BEB5-2156F001A474}.Debug|x86.ActiveCfg = Debug|Any CPU
		{107A8C51-54A5-4987-BEB5-2156F001A474}.Debug|x86.Build.0 = Debug|Any CPU
		{107A8C51-54A5-4987-BEB5-2156F001A474}.Release|Any CPU.ActiveCfg = Release|Any CPU
		{107A8C51-54A5-4987-BEB5-2156F001A474}.Release|Any CPU.Build.0 = Release|Any CPU
		{107A8C51-54A5-4987-BEB5-2156F001A474}.Release|x64.ActiveCfg = Release|Any CPU
		{107A8C51-54A5-4987-BEB5-2156F001A474}.Release|x64.Build.0 = Release|Any CPU
		{107A8C51-54A5-4987-BEB5-2156F001A474}.Release|x86.ActiveCfg = Release|Any CPU
		{107A8C51-54A5-4987-BEB5-2156F001A474}.Release|x86.Build.0 = Release|Any CPU
		{454B8830-120E-49E6-9729-4D7962E04A62}.Debug|Any CPU.ActiveCfg = Debug|Any CPU
		{454B8830-120E-49E6-9729-4D7962E04A62}.Debug|Any CPU.Build.0 = Debug|Any CPU
		{454B8830-120E-49E6-9729-4D7962E04A62}.Debug|x64.ActiveCfg = Debug|Any CPU
		{454B8830-120E-49E6-9729-4D7962E04A62}.Debug|x64.Build.0 = Debug|Any CPU
		{454B8830-120E-49E6-9729-4D7962E04A62}.Debug|x86.ActiveCfg = Debug|Any CPU
		{454B8830-120E-49E6-9729-4D7962E04A62}.Debug|x86.Build.0 = Debug|Any CPU
		{454B8830-120E-49E6-9729-4D7962E04A62}.Release|Any CPU.ActiveCfg = Release|Any CPU
		{454B8830-120E-49E6-9729-4D7962E04A62}.Release|Any CPU.Build.0 = Release|Any CPU
		{454B8830-120E-49E6-9729-4D7962E04A62}.Release|x64.ActiveCfg = Release|Any CPU
		{454B8830-120E-49E6-9729-4D7962E04A62}.Release|x64.Build.0 = Release|Any CPU
		{454B8830-120E-49E6-9729-4D7962E04A62}.Release|x86.ActiveCfg = Release|Any CPU
		{454B8830-120E-49E6-9729-4D7962E04A62}.Release|x86.Build.0 = Release|Any CPU
		{83E064EA-8150-4680-A468-ADD2C0B0DC3E}.Debug|Any CPU.ActiveCfg = Debug|Any CPU
		{83E064EA-8150-4680-A468-ADD2C0B0DC3E}.Debug|Any CPU.Build.0 = Debug|Any CPU
		{83E064EA-8150-4680-A468-ADD2C0B0DC3E}.Debug|x64.ActiveCfg = Debug|Any CPU
		{83E064EA-8150-4680-A468-ADD2C0B0DC3E}.Debug|x64.Build.0 = Debug|Any CPU
		{83E064EA-8150-4680-A468-ADD2C0B0DC3E}.Debug|x86.ActiveCfg = Debug|Any CPU
		{83E064EA-8150-4680-A468-ADD2C0B0DC3E}.Debug|x86.Build.0 = Debug|Any CPU
		{83E064EA-8150-4680-A468-ADD2C0B0DC3E}.Release|Any CPU.ActiveCfg = Release|Any CPU
		{83E064EA-8150-4680-A468-ADD2C0B0DC3E}.Release|Any CPU.Build.0 = Release|Any CPU
		{83E064EA-8150-4680-A468-ADD2C0B0DC3E}.Release|x64.ActiveCfg = Release|Any CPU
		{83E064EA-8150-4680-A468-ADD2C0B0DC3E}.Release|x64.Build.0 = Release|Any CPU
		{83E064EA-8150-4680-A468-ADD2C0B0DC3E}.Release|x86.ActiveCfg = Release|Any CPU
		{83E064EA-8150-4680-A468-ADD2C0B0DC3E}.Release|x86.Build.0 = Release|Any CPU
	EndGlobalSection
	GlobalSection(SolutionProperties) = preSolution
		HideSolutionNode = FALSE
	EndGlobalSection
	GlobalSection(ExtensibilityGlobals) = postSolution
		SolutionGuid = {37BB6286-A27B-474B-8A84-F12DFB988061}
	EndGlobalSection
EndGlobal
