Microsoft Visual Studio Solution File, Format Version 12.00
# Visual Studio Version 16
VisualStudioVersion = 16.0.29806.167
MinimumVisualStudioVersion = 10.0.40219.1
Project("{9A19103F-16F7-4668-BE54-9A1E7A4F7556}") = "StaticContent", "StaticContent\StaticContent.csproj", "{AA79AC27-079E-4145-96E8-449A219B9527}"
EndProject
Project("{9A19103F-16F7-4668-BE54-9A1E7A4F7556}") = "Analytics", "Analytics\Analytics.csproj", "{8782139D-68A2-485D-89DE-4CB7DAE17A1E}"
EndProject
Project("{9A19103F-16F7-4668-BE54-9A1E7A4F7556}") = "RedisCache", "RedisCache\RedisCache.csproj", "{6E430843-E06E-47C5-ADC2-475C8EDE81DB}"
EndProject
Project("{9A19103F-16F7-4668-BE54-9A1E7A4F7556}") = "CloudStorage", "CloudStorage\CloudStorage.csproj", "{826B9A99-F8D8-4105-ACD6-D1562984684B}"
EndProject
Project("{2150E333-8FDC-42A3-9474-1A3956D46DE8}") = "Solution Items", "Solution Items", "{908A2679-B7CF-4E8B-89A7-D2865C00C8F6}"
	ProjectSection(SolutionItems) = preProject
		README.md = README.md
	EndProjectSection
EndProject
Project("{9A19103F-16F7-4668-BE54-9A1E7A4F7556}") = "Metadata", "Metadata\Metadata.csproj", "{B4BA0EA1-6809-4B9B-939E-2B90A438BC34}"
EndProject
Project("{9A19103F-16F7-4668-BE54-9A1E7A4F7556}") = "Datastore", "Datastore\Datastore.csproj", "{DA8C823E-9166-491F-8567-528131A9000A}"
EndProject
Project("{9A19103F-16F7-4668-BE54-9A1E7A4F7556}") = "Pubsub", "Pubsub\Pubsub.csproj", "{BC1F61B5-AAAB-4E87-A8DE-638EC381E65C}"
EndProject
Project("{9A19103F-16F7-4668-BE54-9A1E7A4F7556}") = "Stackdriver", "Stackdriver\Stackdriver.csproj", "{A1C2BF5B-155F-495B-8C91-09D601861744}"
EndProject
Project("{9A19103F-16F7-4668-BE54-9A1E7A4F7556}") = "SocialAuth", "SocialAuth\SocialAuth.csproj", "{9F39AD2D-594A-4905-A834-74C7F5C48640}"
EndProject
Project("{9A19103F-16F7-4668-BE54-9A1E7A4F7556}") = "HelloWorld", "HelloWorld\HelloWorld.csproj", "{ACAB62AF-DA19-4A09-9C70-1F4605817D9A}"
EndProject
Project("{9A19103F-16F7-4668-BE54-9A1E7A4F7556}") = "AntiForgery", "AntiForgery\AntiForgery.csproj", "{B7B77EE8-60C8-49C3-83D2-AD907B882332}"
EndProject
Project("{6EC3EE1D-3C4E-46DD-8F32-0CC8E7565705}") = "F#", "F#\F#.fsproj", "{C55A9BF5-F4FA-4E94-845C-302CBA878946}"
EndProject
Global
	GlobalSection(SolutionConfigurationPlatforms) = preSolution
		Debug|Any CPU = Debug|Any CPU
		Debug|x64 = Debug|x64
		Debug|x86 = Debug|x86
		Release|Any CPU = Release|Any CPU
		Release|x64 = Release|x64
		Release|x86 = Release|x86
	EndGlobalSection
	GlobalSection(ProjectConfigurationPlatforms) = postSolution
		{AA79AC27-079E-4145-96E8-449A219B9527}.Debug|Any CPU.ActiveCfg = Debug|Any CPU
		{AA79AC27-079E-4145-96E8-449A219B9527}.Debug|Any CPU.Build.0 = Debug|Any CPU
		{AA79AC27-079E-4145-96E8-449A219B9527}.Debug|x64.ActiveCfg = Debug|Any CPU
		{AA79AC27-079E-4145-96E8-449A219B9527}.Debug|x64.Build.0 = Debug|Any CPU
		{AA79AC27-079E-4145-96E8-449A219B9527}.Debug|x86.ActiveCfg = Debug|Any CPU
		{AA79AC27-079E-4145-96E8-449A219B9527}.Debug|x86.Build.0 = Debug|Any CPU
		{AA79AC27-079E-4145-96E8-449A219B9527}.Release|Any CPU.ActiveCfg = Release|Any CPU
		{AA79AC27-079E-4145-96E8-449A219B9527}.Release|Any CPU.Build.0 = Release|Any CPU
		{AA79AC27-079E-4145-96E8-449A219B9527}.Release|x64.ActiveCfg = Release|Any CPU
		{AA79AC27-079E-4145-96E8-449A219B9527}.Release|x64.Build.0 = Release|Any CPU
		{AA79AC27-079E-4145-96E8-449A219B9527}.Release|x86.ActiveCfg = Release|Any CPU
		{AA79AC27-079E-4145-96E8-449A219B9527}.Release|x86.Build.0 = Release|Any CPU
		{8782139D-68A2-485D-89DE-4CB7DAE17A1E}.Debug|Any CPU.ActiveCfg = Debug|Any CPU
		{8782139D-68A2-485D-89DE-4CB7DAE17A1E}.Debug|Any CPU.Build.0 = Debug|Any CPU
		{8782139D-68A2-485D-89DE-4CB7DAE17A1E}.Debug|x64.ActiveCfg = Debug|Any CPU
		{8782139D-68A2-485D-89DE-4CB7DAE17A1E}.Debug|x64.Build.0 = Debug|Any CPU
		{8782139D-68A2-485D-89DE-4CB7DAE17A1E}.Debug|x86.ActiveCfg = Debug|Any CPU
		{8782139D-68A2-485D-89DE-4CB7DAE17A1E}.Debug|x86.Build.0 = Debug|Any CPU
		{8782139D-68A2-485D-89DE-4CB7DAE17A1E}.Release|Any CPU.ActiveCfg = Release|Any CPU
		{8782139D-68A2-485D-89DE-4CB7DAE17A1E}.Release|Any CPU.Build.0 = Release|Any CPU
		{8782139D-68A2-485D-89DE-4CB7DAE17A1E}.Release|x64.ActiveCfg = Release|Any CPU
		{8782139D-68A2-485D-89DE-4CB7DAE17A1E}.Release|x64.Build.0 = Release|Any CPU
		{8782139D-68A2-485D-89DE-4CB7DAE17A1E}.Release|x86.ActiveCfg = Release|Any CPU
		{8782139D-68A2-485D-89DE-4CB7DAE17A1E}.Release|x86.Build.0 = Release|Any CPU
		{6E430843-E06E-47C5-ADC2-475C8EDE81DB}.Debug|Any CPU.ActiveCfg = Debug|Any CPU
		{6E430843-E06E-47C5-ADC2-475C8EDE81DB}.Debug|Any CPU.Build.0 = Debug|Any CPU
		{6E430843-E06E-47C5-ADC2-475C8EDE81DB}.Debug|x64.ActiveCfg = Debug|Any CPU
		{6E430843-E06E-47C5-ADC2-475C8EDE81DB}.Debug|x64.Build.0 = Debug|Any CPU
		{6E430843-E06E-47C5-ADC2-475C8EDE81DB}.Debug|x86.ActiveCfg = Debug|Any CPU
		{6E430843-E06E-47C5-ADC2-475C8EDE81DB}.Debug|x86.Build.0 = Debug|Any CPU
		{6E430843-E06E-47C5-ADC2-475C8EDE81DB}.Release|Any CPU.ActiveCfg = Release|Any CPU
		{6E430843-E06E-47C5-ADC2-475C8EDE81DB}.Release|Any CPU.Build.0 = Release|Any CPU
		{6E430843-E06E-47C5-ADC2-475C8EDE81DB}.Release|x64.ActiveCfg = Release|Any CPU
		{6E430843-E06E-47C5-ADC2-475C8EDE81DB}.Release|x64.Build.0 = Release|Any CPU
		{6E430843-E06E-47C5-ADC2-475C8EDE81DB}.Release|x86.ActiveCfg = Release|Any CPU
		{6E430843-E06E-47C5-ADC2-475C8EDE81DB}.Release|x86.Build.0 = Release|Any CPU
		{826B9A99-F8D8-4105-ACD6-D1562984684B}.Debug|Any CPU.ActiveCfg = Debug|Any CPU
		{826B9A99-F8D8-4105-ACD6-D1562984684B}.Debug|Any CPU.Build.0 = Debug|Any CPU
		{826B9A99-F8D8-4105-ACD6-D1562984684B}.Debug|x64.ActiveCfg = Debug|Any CPU
		{826B9A99-F8D8-4105-ACD6-D1562984684B}.Debug|x64.Build.0 = Debug|Any CPU
		{826B9A99-F8D8-4105-ACD6-D1562984684B}.Debug|x86.ActiveCfg = Debug|Any CPU
		{826B9A99-F8D8-4105-ACD6-D1562984684B}.Debug|x86.Build.0 = Debug|Any CPU
		{826B9A99-F8D8-4105-ACD6-D1562984684B}.Release|Any CPU.ActiveCfg = Release|Any CPU
		{826B9A99-F8D8-4105-ACD6-D1562984684B}.Release|Any CPU.Build.0 = Release|Any CPU
		{826B9A99-F8D8-4105-ACD6-D1562984684B}.Release|x64.ActiveCfg = Release|Any CPU
		{826B9A99-F8D8-4105-ACD6-D1562984684B}.Release|x64.Build.0 = Release|Any CPU
		{826B9A99-F8D8-4105-ACD6-D1562984684B}.Release|x86.ActiveCfg = Release|Any CPU
		{826B9A99-F8D8-4105-ACD6-D1562984684B}.Release|x86.Build.0 = Release|Any CPU
		{B4BA0EA1-6809-4B9B-939E-2B90A438BC34}.Debug|Any CPU.ActiveCfg = Debug|Any CPU
		{B4BA0EA1-6809-4B9B-939E-2B90A438BC34}.Debug|Any CPU.Build.0 = Debug|Any CPU
		{B4BA0EA1-6809-4B9B-939E-2B90A438BC34}.Debug|x64.ActiveCfg = Debug|Any CPU
		{B4BA0EA1-6809-4B9B-939E-2B90A438BC34}.Debug|x64.Build.0 = Debug|Any CPU
		{B4BA0EA1-6809-4B9B-939E-2B90A438BC34}.Debug|x86.ActiveCfg = Debug|Any CPU
		{B4BA0EA1-6809-4B9B-939E-2B90A438BC34}.Debug|x86.Build.0 = Debug|Any CPU
		{B4BA0EA1-6809-4B9B-939E-2B90A438BC34}.Release|Any CPU.ActiveCfg = Release|Any CPU
		{B4BA0EA1-6809-4B9B-939E-2B90A438BC34}.Release|Any CPU.Build.0 = Release|Any CPU
		{B4BA0EA1-6809-4B9B-939E-2B90A438BC34}.Release|x64.ActiveCfg = Release|Any CPU
		{B4BA0EA1-6809-4B9B-939E-2B90A438BC34}.Release|x64.Build.0 = Release|Any CPU
		{B4BA0EA1-6809-4B9B-939E-2B90A438BC34}.Release|x86.ActiveCfg = Release|Any CPU
		{B4BA0EA1-6809-4B9B-939E-2B90A438BC34}.Release|x86.Build.0 = Release|Any CPU
		{DA8C823E-9166-491F-8567-528131A9000A}.Debug|Any CPU.ActiveCfg = Debug|Any CPU
		{DA8C823E-9166-491F-8567-528131A9000A}.Debug|Any CPU.Build.0 = Debug|Any CPU
		{DA8C823E-9166-491F-8567-528131A9000A}.Debug|x64.ActiveCfg = Debug|Any CPU
		{DA8C823E-9166-491F-8567-528131A9000A}.Debug|x64.Build.0 = Debug|Any CPU
		{DA8C823E-9166-491F-8567-528131A9000A}.Debug|x86.ActiveCfg = Debug|Any CPU
		{DA8C823E-9166-491F-8567-528131A9000A}.Debug|x86.Build.0 = Debug|Any CPU
		{DA8C823E-9166-491F-8567-528131A9000A}.Release|Any CPU.ActiveCfg = Release|Any CPU
		{DA8C823E-9166-491F-8567-528131A9000A}.Release|Any CPU.Build.0 = Release|Any CPU
		{DA8C823E-9166-491F-8567-528131A9000A}.Release|x64.ActiveCfg = Release|Any CPU
		{DA8C823E-9166-491F-8567-528131A9000A}.Release|x64.Build.0 = Release|Any CPU
		{DA8C823E-9166-491F-8567-528131A9000A}.Release|x86.ActiveCfg = Release|Any CPU
		{DA8C823E-9166-491F-8567-528131A9000A}.Release|x86.Build.0 = Release|Any CPU
		{BC1F61B5-AAAB-4E87-A8DE-638EC381E65C}.Debug|Any CPU.ActiveCfg = Debug|Any CPU
		{BC1F61B5-AAAB-4E87-A8DE-638EC381E65C}.Debug|Any CPU.Build.0 = Debug|Any CPU
		{BC1F61B5-AAAB-4E87-A8DE-638EC381E65C}.Debug|x64.ActiveCfg = Debug|Any CPU
		{BC1F61B5-AAAB-4E87-A8DE-638EC381E65C}.Debug|x64.Build.0 = Debug|Any CPU
		{BC1F61B5-AAAB-4E87-A8DE-638EC381E65C}.Debug|x86.ActiveCfg = Debug|Any CPU
		{BC1F61B5-AAAB-4E87-A8DE-638EC381E65C}.Debug|x86.Build.0 = Debug|Any CPU
		{BC1F61B5-AAAB-4E87-A8DE-638EC381E65C}.Release|Any CPU.ActiveCfg = Release|Any CPU
		{BC1F61B5-AAAB-4E87-A8DE-638EC381E65C}.Release|Any CPU.Build.0 = Release|Any CPU
		{BC1F61B5-AAAB-4E87-A8DE-638EC381E65C}.Release|x64.ActiveCfg = Release|Any CPU
		{BC1F61B5-AAAB-4E87-A8DE-638EC381E65C}.Release|x64.Build.0 = Release|Any CPU
		{BC1F61B5-AAAB-4E87-A8DE-638EC381E65C}.Release|x86.ActiveCfg = Release|Any CPU
		{BC1F61B5-AAAB-4E87-A8DE-638EC381E65C}.Release|x86.Build.0 = Release|Any CPU
		{A1C2BF5B-155F-495B-8C91-09D601861744}.Debug|Any CPU.ActiveCfg = Debug|Any CPU
		{A1C2BF5B-155F-495B-8C91-09D601861744}.Debug|Any CPU.Build.0 = Debug|Any CPU
		{A1C2BF5B-155F-495B-8C91-09D601861744}.Debug|x64.ActiveCfg = Debug|Any CPU
		{A1C2BF5B-155F-495B-8C91-09D601861744}.Debug|x64.Build.0 = Debug|Any CPU
		{A1C2BF5B-155F-495B-8C91-09D601861744}.Debug|x86.ActiveCfg = Debug|Any CPU
		{A1C2BF5B-155F-495B-8C91-09D601861744}.Debug|x86.Build.0 = Debug|Any CPU
		{A1C2BF5B-155F-495B-8C91-09D601861744}.Release|Any CPU.ActiveCfg = Release|Any CPU
		{A1C2BF5B-155F-495B-8C91-09D601861744}.Release|Any CPU.Build.0 = Release|Any CPU
		{A1C2BF5B-155F-495B-8C91-09D601861744}.Release|x64.ActiveCfg = Release|Any CPU
		{A1C2BF5B-155F-495B-8C91-09D601861744}.Release|x64.Build.0 = Release|Any CPU
		{A1C2BF5B-155F-495B-8C91-09D601861744}.Release|x86.ActiveCfg = Release|Any CPU
		{A1C2BF5B-155F-495B-8C91-09D601861744}.Release|x86.Build.0 = Release|Any CPU
		{9F39AD2D-594A-4905-A834-74C7F5C48640}.Debug|Any CPU.ActiveCfg = Debug|Any CPU
		{9F39AD2D-594A-4905-A834-74C7F5C48640}.Debug|Any CPU.Build.0 = Debug|Any CPU
		{9F39AD2D-594A-4905-A834-74C7F5C48640}.Debug|x64.ActiveCfg = Debug|Any CPU
		{9F39AD2D-594A-4905-A834-74C7F5C48640}.Debug|x64.Build.0 = Debug|Any CPU
		{9F39AD2D-594A-4905-A834-74C7F5C48640}.Debug|x86.ActiveCfg = Debug|Any CPU
		{9F39AD2D-594A-4905-A834-74C7F5C48640}.Debug|x86.Build.0 = Debug|Any CPU
		{9F39AD2D-594A-4905-A834-74C7F5C48640}.Release|Any CPU.ActiveCfg = Release|Any CPU
		{9F39AD2D-594A-4905-A834-74C7F5C48640}.Release|Any CPU.Build.0 = Release|Any CPU
		{9F39AD2D-594A-4905-A834-74C7F5C48640}.Release|x64.ActiveCfg = Release|Any CPU
		{9F39AD2D-594A-4905-A834-74C7F5C48640}.Release|x64.Build.0 = Release|Any CPU
		{9F39AD2D-594A-4905-A834-74C7F5C48640}.Release|x86.ActiveCfg = Release|Any CPU
		{9F39AD2D-594A-4905-A834-74C7F5C48640}.Release|x86.Build.0 = Release|Any CPU
		{ACAB62AF-DA19-4A09-9C70-1F4605817D9A}.Debug|Any CPU.ActiveCfg = Debug|Any CPU
		{ACAB62AF-DA19-4A09-9C70-1F4605817D9A}.Debug|Any CPU.Build.0 = Debug|Any CPU
		{ACAB62AF-DA19-4A09-9C70-1F4605817D9A}.Debug|x64.ActiveCfg = Debug|Any CPU
		{ACAB62AF-DA19-4A09-9C70-1F4605817D9A}.Debug|x64.Build.0 = Debug|Any CPU
		{ACAB62AF-DA19-4A09-9C70-1F4605817D9A}.Debug|x86.ActiveCfg = Debug|Any CPU
		{ACAB62AF-DA19-4A09-9C70-1F4605817D9A}.Debug|x86.Build.0 = Debug|Any CPU
		{ACAB62AF-DA19-4A09-9C70-1F4605817D9A}.Release|Any CPU.ActiveCfg = Release|Any CPU
		{ACAB62AF-DA19-4A09-9C70-1F4605817D9A}.Release|Any CPU.Build.0 = Release|Any CPU
		{ACAB62AF-DA19-4A09-9C70-1F4605817D9A}.Release|x64.ActiveCfg = Release|Any CPU
		{ACAB62AF-DA19-4A09-9C70-1F4605817D9A}.Release|x64.Build.0 = Release|Any CPU
		{ACAB62AF-DA19-4A09-9C70-1F4605817D9A}.Release|x86.ActiveCfg = Release|Any CPU
		{ACAB62AF-DA19-4A09-9C70-1F4605817D9A}.Release|x86.Build.0 = Release|Any CPU
		{B7B77EE8-60C8-49C3-83D2-AD907B882332}.Debug|Any CPU.ActiveCfg = Debug|Any CPU
		{B7B77EE8-60C8-49C3-83D2-AD907B882332}.Debug|Any CPU.Build.0 = Debug|Any CPU
		{B7B77EE8-60C8-49C3-83D2-AD907B882332}.Debug|x64.ActiveCfg = Debug|Any CPU
		{B7B77EE8-60C8-49C3-83D2-AD907B882332}.Debug|x64.Build.0 = Debug|Any CPU
		{B7B77EE8-60C8-49C3-83D2-AD907B882332}.Debug|x86.ActiveCfg = Debug|Any CPU
		{B7B77EE8-60C8-49C3-83D2-AD907B882332}.Debug|x86.Build.0 = Debug|Any CPU
		{B7B77EE8-60C8-49C3-83D2-AD907B882332}.Release|Any CPU.ActiveCfg = Release|Any CPU
		{B7B77EE8-60C8-49C3-83D2-AD907B882332}.Release|Any CPU.Build.0 = Release|Any CPU
		{B7B77EE8-60C8-49C3-83D2-AD907B882332}.Release|x64.ActiveCfg = Release|Any CPU
		{B7B77EE8-60C8-49C3-83D2-AD907B882332}.Release|x64.Build.0 = Release|Any CPU
		{B7B77EE8-60C8-49C3-83D2-AD907B882332}.Release|x86.ActiveCfg = Release|Any CPU
		{B7B77EE8-60C8-49C3-83D2-AD907B882332}.Release|x86.Build.0 = Release|Any CPU
		{C55A9BF5-F4FA-4E94-845C-302CBA878946}.Debug|Any CPU.ActiveCfg = Debug|Any CPU
		{C55A9BF5-F4FA-4E94-845C-302CBA878946}.Debug|Any CPU.Build.0 = Debug|Any CPU
		{C55A9BF5-F4FA-4E94-845C-302CBA878946}.Debug|x64.ActiveCfg = Debug|Any CPU
		{C55A9BF5-F4FA-4E94-845C-302CBA878946}.Debug|x64.Build.0 = Debug|Any CPU
		{C55A9BF5-F4FA-4E94-845C-302CBA878946}.Debug|x86.ActiveCfg = Debug|Any CPU
		{C55A9BF5-F4FA-4E94-845C-302CBA878946}.Debug|x86.Build.0 = Debug|Any CPU
		{C55A9BF5-F4FA-4E94-845C-302CBA878946}.Release|Any CPU.ActiveCfg = Release|Any CPU
		{C55A9BF5-F4FA-4E94-845C-302CBA878946}.Release|Any CPU.Build.0 = Release|Any CPU
		{C55A9BF5-F4FA-4E94-845C-302CBA878946}.Release|x64.ActiveCfg = Release|Any CPU
		{C55A9BF5-F4FA-4E94-845C-302CBA878946}.Release|x64.Build.0 = Release|Any CPU
		{C55A9BF5-F4FA-4E94-845C-302CBA878946}.Release|x86.ActiveCfg = Release|Any CPU
		{C55A9BF5-F4FA-4E94-845C-302CBA878946}.Release|x86.Build.0 = Release|Any CPU
	EndGlobalSection
	GlobalSection(SolutionProperties) = preSolution
		HideSolutionNode = FALSE
	EndGlobalSection
	GlobalSection(ExtensibilityGlobals) = postSolution
		SolutionGuid = {A5EA6044-ACD5-4AB3-BD16-B96EA7FF53C0}
	EndGlobalSection
EndGlobal
