
Microsoft Visual Studio Solution File, Format Version 12.00
# Visual Studio 14
VisualStudioVersion = 14.0.25420.1
MinimumVisualStudioVersion = 10.0.40219.1
Project("{8BB2217D-0F2D-49D1-97BC-3654ED321F3B}") = "StaticContent", "StaticContent\StaticContent.xproj", "{AA79AC27-079E-4145-96E8-449A219B9527}"
EndProject
Project("{8BB2217D-0F2D-49D1-97BC-3654ED321F3B}") = "Analytics", "Analytics\Analytics.xproj", "{8782139D-68A2-485D-89DE-4CB7DAE17A1E}"
EndProject
Project("{8BB2217D-0F2D-49D1-97BC-3654ED321F3B}") = "RedisCache", "RedisCache\RedisCache.xproj", "{6E430843-E06E-47C5-ADC2-475C8EDE81DB}"
EndProject
Project("{8BB2217D-0F2D-49D1-97BC-3654ED321F3B}") = "SendGrid", "SendGrid\SendGrid.xproj", "{0C33CDB9-DC3C-4832-AA81-83FE5CAFEF57}"
EndProject
Project("{8BB2217D-0F2D-49D1-97BC-3654ED321F3B}") = "CloudSql", "CloudSql\CloudSql.xproj", "{8C5AFE04-4497-451B-892B-B3C378C803B8}"
EndProject
Project("{8BB2217D-0F2D-49D1-97BC-3654ED321F3B}") = "CloudStorage", "CloudStorage\CloudStorage.xproj", "{826B9A99-F8D8-4105-ACD6-D1562984684B}"
EndProject
Project("{2150E333-8FDC-42A3-9474-1A3956D46DE8}") = "Solution Items", "Solution Items", "{908A2679-B7CF-4E8B-89A7-D2865C00C8F6}"
	ProjectSection(SolutionItems) = preProject
		README.md = README.md
	EndProjectSection
EndProject
Project("{8BB2217D-0F2D-49D1-97BC-3654ED321F3B}") = "Metadata", "Metadata\Metadata.xproj", "{B4BA0EA1-6809-4B9B-939E-2B90A438BC34}"
EndProject
Project("{8BB2217D-0F2D-49D1-97BC-3654ED321F3B}") = "Datastore", "Datastore\Datastore.xproj", "{DA8C823E-9166-491F-8567-528131A9000A}"
EndProject
Project("{8BB2217D-0F2D-49D1-97BC-3654ED321F3B}") = "Pubsub", "Pubsub\Pubsub.xproj", "{BC1F61B5-AAAB-4E87-A8DE-638EC381E65C}"
EndProject
Project("{8BB2217D-0F2D-49D1-97BC-3654ED321F3B}") = "CloudSql-PostgreSql", "CloudSql-PostgreSql\CloudSql-PostgreSql.xproj", "{ED886031-607A-4FBF-B46D-8940490B89BC}"
EndProject
Global
	GlobalSection(SolutionConfigurationPlatforms) = preSolution
		Debug|Any CPU = Debug|Any CPU
		Release|Any CPU = Release|Any CPU
	EndGlobalSection
	GlobalSection(ProjectConfigurationPlatforms) = postSolution
		{AA79AC27-079E-4145-96E8-449A219B9527}.Debug|Any CPU.ActiveCfg = Debug|Any CPU
		{AA79AC27-079E-4145-96E8-449A219B9527}.Debug|Any CPU.Build.0 = Debug|Any CPU
		{AA79AC27-079E-4145-96E8-449A219B9527}.Release|Any CPU.ActiveCfg = Release|Any CPU
		{AA79AC27-079E-4145-96E8-449A219B9527}.Release|Any CPU.Build.0 = Release|Any CPU
		{8782139D-68A2-485D-89DE-4CB7DAE17A1E}.Debug|Any CPU.ActiveCfg = Debug|Any CPU
		{8782139D-68A2-485D-89DE-4CB7DAE17A1E}.Debug|Any CPU.Build.0 = Debug|Any CPU
		{8782139D-68A2-485D-89DE-4CB7DAE17A1E}.Release|Any CPU.ActiveCfg = Release|Any CPU
		{8782139D-68A2-485D-89DE-4CB7DAE17A1E}.Release|Any CPU.Build.0 = Release|Any CPU
		{6E430843-E06E-47C5-ADC2-475C8EDE81DB}.Debug|Any CPU.ActiveCfg = Debug|Any CPU
		{6E430843-E06E-47C5-ADC2-475C8EDE81DB}.Debug|Any CPU.Build.0 = Debug|Any CPU
		{6E430843-E06E-47C5-ADC2-475C8EDE81DB}.Release|Any CPU.ActiveCfg = Release|Any CPU
		{6E430843-E06E-47C5-ADC2-475C8EDE81DB}.Release|Any CPU.Build.0 = Release|Any CPU
		{0C33CDB9-DC3C-4832-AA81-83FE5CAFEF57}.Debug|Any CPU.ActiveCfg = Debug|Any CPU
		{0C33CDB9-DC3C-4832-AA81-83FE5CAFEF57}.Debug|Any CPU.Build.0 = Debug|Any CPU
		{0C33CDB9-DC3C-4832-AA81-83FE5CAFEF57}.Release|Any CPU.ActiveCfg = Release|Any CPU
		{0C33CDB9-DC3C-4832-AA81-83FE5CAFEF57}.Release|Any CPU.Build.0 = Release|Any CPU
		{8C5AFE04-4497-451B-892B-B3C378C803B8}.Debug|Any CPU.ActiveCfg = Debug|Any CPU
		{8C5AFE04-4497-451B-892B-B3C378C803B8}.Debug|Any CPU.Build.0 = Debug|Any CPU
		{8C5AFE04-4497-451B-892B-B3C378C803B8}.Release|Any CPU.ActiveCfg = Release|Any CPU
		{8C5AFE04-4497-451B-892B-B3C378C803B8}.Release|Any CPU.Build.0 = Release|Any CPU
		{826B9A99-F8D8-4105-ACD6-D1562984684B}.Debug|Any CPU.ActiveCfg = Debug|Any CPU
		{826B9A99-F8D8-4105-ACD6-D1562984684B}.Debug|Any CPU.Build.0 = Debug|Any CPU
		{826B9A99-F8D8-4105-ACD6-D1562984684B}.Release|Any CPU.ActiveCfg = Release|Any CPU
		{826B9A99-F8D8-4105-ACD6-D1562984684B}.Release|Any CPU.Build.0 = Release|Any CPU
		{B4BA0EA1-6809-4B9B-939E-2B90A438BC34}.Debug|Any CPU.ActiveCfg = Debug|Any CPU
		{B4BA0EA1-6809-4B9B-939E-2B90A438BC34}.Debug|Any CPU.Build.0 = Debug|Any CPU
		{B4BA0EA1-6809-4B9B-939E-2B90A438BC34}.Release|Any CPU.ActiveCfg = Release|Any CPU
		{B4BA0EA1-6809-4B9B-939E-2B90A438BC34}.Release|Any CPU.Build.0 = Release|Any CPU
		{DA8C823E-9166-491F-8567-528131A9000A}.Debug|Any CPU.ActiveCfg = Debug|Any CPU
		{DA8C823E-9166-491F-8567-528131A9000A}.Debug|Any CPU.Build.0 = Debug|Any CPU
		{DA8C823E-9166-491F-8567-528131A9000A}.Release|Any CPU.ActiveCfg = Release|Any CPU
		{DA8C823E-9166-491F-8567-528131A9000A}.Release|Any CPU.Build.0 = Release|Any CPU
		{BC1F61B5-AAAB-4E87-A8DE-638EC381E65C}.Debug|Any CPU.ActiveCfg = Debug|Any CPU
		{BC1F61B5-AAAB-4E87-A8DE-638EC381E65C}.Debug|Any CPU.Build.0 = Debug|Any CPU
		{BC1F61B5-AAAB-4E87-A8DE-638EC381E65C}.Release|Any CPU.ActiveCfg = Release|Any CPU
		{BC1F61B5-AAAB-4E87-A8DE-638EC381E65C}.Release|Any CPU.Build.0 = Release|Any CPU
		{ED886031-607A-4FBF-B46D-8940490B89BC}.Debug|Any CPU.ActiveCfg = Debug|Any CPU
		{ED886031-607A-4FBF-B46D-8940490B89BC}.Debug|Any CPU.Build.0 = Debug|Any CPU
		{ED886031-607A-4FBF-B46D-8940490B89BC}.Release|Any CPU.ActiveCfg = Release|Any CPU
		{ED886031-607A-4FBF-B46D-8940490B89BC}.Release|Any CPU.Build.0 = Release|Any CPU
	EndGlobalSection
	GlobalSection(SolutionProperties) = preSolution
		HideSolutionNode = FALSE
	EndGlobalSection
EndGlobal
