Microsoft Visual Studio Solution File, Format Version 12.00
# Visual Studio Version 16
VisualStudioVersion = 16.0.29806.167
MinimumVisualStudioVersion = 10.0.40219.1
Project("{2150E333-8FDC-42A3-9474-1A3956D46DE8}") = "Solution Items", "Solution Items", "{908A2679-B7CF-4E8B-89A7-D2865C00C8F6}"
	ProjectSection(SolutionItems) = preProject
		README.md = README.md
	EndProjectSection
EndProject
Project("{2150E333-8FDC-42A3-9474-1A3956D46DE8}") = "HelloWorld", "HelloWorld", "{B300174E-692E-4378-A6C4-8E6C365F815E}"
EndProject
Project("{FAE04EC0-301F-11D3-BF4B-00C04F79EFBC}") = "HelloWorld.Sample", "HelloWorld\HelloWorld.Sample\HelloWorld.Sample.csproj", "{B15A9816-4607-4A51-BB7C-BB9F7EE37D52}"
EndProject
Project("{FAE04EC0-301F-11D3-BF4B-00C04F79EFBC}") = "HelloWorld.Tests", "HelloWorld\HelloWorld.Tests\HelloWorld.Tests.csproj", "{35E5E524-B47F-46A6-9D30-CC3A66F5003D}"
EndProject
Project("{2150E333-8FDC-42A3-9474-1A3956D46DE8}") = "Datastore", "Datastore", "{4EFA1290-F236-4F34-8DA4-FDDCFBF6C9AE}"
EndProject
Project("{FAE04EC0-301F-11D3-BF4B-00C04F79EFBC}") = "Datastore.Sample", "Datastore\Datastore.Sample\Datastore.Sample.csproj", "{B4EA63E6-26CE-4DCC-91FB-5B2891682D3F}"
EndProject
Project("{FAE04EC0-301F-11D3-BF4B-00C04F79EFBC}") = "Datastore.Tests", "Datastore\Datastore.Tests\Datastore.Tests.csproj", "{23D94D8E-33FA-46F3-981A-A3E3D16DAFF9}"
EndProject
Project("{2150E333-8FDC-42A3-9474-1A3956D46DE8}") = "StaticContent", "StaticContent", "{51E4D86B-1002-4AC2-A05D-5B9C36F14AB9}"
EndProject
Project("{FAE04EC0-301F-11D3-BF4B-00C04F79EFBC}") = "StaticContent.Sample", "StaticContent\StaticContent.Sample\StaticContent.Sample.csproj", "{404DCBFD-C890-4B36-85FA-22D660EC3E50}"
EndProject
Project("{FAE04EC0-301F-11D3-BF4B-00C04F79EFBC}") = "StaticContent.Tests", "StaticContent\StaticContent.Tests\StaticContent.Tests.csproj", "{7DA1D180-AF6A-4E61-86A0-7F4D328265B2}"
EndProject
Project("{2150E333-8FDC-42A3-9474-1A3956D46DE8}") = "Analytics", "Analytics", "{BD396EEA-A5A0-465D-926C-3BA5BC8F773E}"
EndProject
Project("{FAE04EC0-301F-11D3-BF4B-00C04F79EFBC}") = "Analytics.Tests", "Analytics\Analytics.Tests\Analytics.Tests.csproj", "{5F7BBC69-58D6-4461-BF66-1F2CC6426011}"
EndProject
Project("{FAE04EC0-301F-11D3-BF4B-00C04F79EFBC}") = "Analytics.Sample", "Analytics\Analytics.Sample\Analytics.Sample.csproj", "{6747A5DA-C14E-428F-B7F4-FC43164B74EE}"
EndProject
Project("{2150E333-8FDC-42A3-9474-1A3956D46DE8}") = "Metadata", "Metadata", "{1343EDAB-0B89-42AF-96F9-84BB46834D83}"
EndProject
Project("{FAE04EC0-301F-11D3-BF4B-00C04F79EFBC}") = "Metadata.Sample", "Metadata\Metadata.Sample\Metadata.Sample.csproj", "{37599CEA-DD73-41D0-B770-01EE831FCBEA}"
EndProject
Project("{FAE04EC0-301F-11D3-BF4B-00C04F79EFBC}") = "Metadata.Tests", "Metadata\Metadata.Tests\Metadata.Tests.csproj", "{313ADBA5-6AA1-4072-9ECE-C661FD6FCFE0}"
EndProject
Project("{2150E333-8FDC-42A3-9474-1A3956D46DE8}") = "Pubsub", "Pubsub", "{52752F7A-C029-4C87-B473-821C36EC0D78}"
EndProject
Project("{FAE04EC0-301F-11D3-BF4B-00C04F79EFBC}") = "Pubsub.Sample", "Pubsub\Pubsub.Sample\Pubsub.Sample.csproj", "{D558D769-C568-4FED-9F27-7ED9F321C3C9}"
EndProject
Project("{FAE04EC0-301F-11D3-BF4B-00C04F79EFBC}") = "Pubsub.Tests", "Pubsub\Pubsub.Tests\Pubsub.Tests.csproj", "{B854EB77-4C26-4084-9C45-B3EF11854257}"
EndProject
Project("{2150E333-8FDC-42A3-9474-1A3956D46DE8}") = "CloudStorage", "CloudStorage", "{2A610B7C-C42B-4B23-B7BC-A3222BF72165}"
EndProject
Project("{FAE04EC0-301F-11D3-BF4B-00C04F79EFBC}") = "CloudStorage.Sample", "CloudStorage\CloudStorage.Sample\CloudStorage.Sample.csproj", "{7FC1D09B-C94A-457D-BB53-AA60CABD0A22}"
EndProject
Project("{FAE04EC0-301F-11D3-BF4B-00C04F79EFBC}") = "CloudStorage.Tests", "CloudStorage\CloudStorage.Tests\CloudStorage.Tests.csproj", "{403AA867-2380-4F1E-846C-A6A879A5ACA5}"
EndProject
Project("{2150E333-8FDC-42A3-9474-1A3956D46DE8}") = "WebSocket", "WebSocket", "{B2496B45-B275-4186-B609-5B8D196773C1}"
EndProject
Project("{FAE04EC0-301F-11D3-BF4B-00C04F79EFBC}") = "WebSocket.Sample", "WebSocket\WebSocket.Sample\WebSocket.Sample.csproj", "{8E0BE96B-835A-46E8-BC56-61A57CE6151C}"
EndProject
Project("{FAE04EC0-301F-11D3-BF4B-00C04F79EFBC}") = "WebSocket.Tests", "WebSocket\WebSocket.Tests\WebSocket.Tests.csproj", "{D52A459F-6019-4CC4-B039-C14A02674013}"
EndProject
Global
	GlobalSection(SolutionConfigurationPlatforms) = preSolution
		Debug|Any CPU = Debug|Any CPU
		Debug|x64 = Debug|x64
		Debug|x86 = Debug|x86
		Release|Any CPU = Release|Any CPU
		Release|x64 = Release|x64
		Release|x86 = Release|x86
	EndGlobalSection
	GlobalSection(ProjectConfigurationPlatforms) = postSolution
		{B4EA63E6-26CE-4DCC-91FB-5B2891682D3F}.Debug|Any CPU.ActiveCfg = Debug|Any CPU
		{B4EA63E6-26CE-4DCC-91FB-5B2891682D3F}.Debug|Any CPU.Build.0 = Debug|Any CPU
		{B4EA63E6-26CE-4DCC-91FB-5B2891682D3F}.Debug|x64.ActiveCfg = Debug|Any CPU
		{B4EA63E6-26CE-4DCC-91FB-5B2891682D3F}.Debug|x64.Build.0 = Debug|Any CPU
		{B4EA63E6-26CE-4DCC-91FB-5B2891682D3F}.Debug|x86.ActiveCfg = Debug|Any CPU
		{B4EA63E6-26CE-4DCC-91FB-5B2891682D3F}.Debug|x86.Build.0 = Debug|Any CPU
		{B4EA63E6-26CE-4DCC-91FB-5B2891682D3F}.Release|Any CPU.ActiveCfg = Release|Any CPU
		{B4EA63E6-26CE-4DCC-91FB-5B2891682D3F}.Release|Any CPU.Build.0 = Release|Any CPU
		{B4EA63E6-26CE-4DCC-91FB-5B2891682D3F}.Release|x64.ActiveCfg = Release|Any CPU
		{B4EA63E6-26CE-4DCC-91FB-5B2891682D3F}.Release|x64.Build.0 = Release|Any CPU
		{B4EA63E6-26CE-4DCC-91FB-5B2891682D3F}.Release|x86.ActiveCfg = Release|Any CPU
		{B4EA63E6-26CE-4DCC-91FB-5B2891682D3F}.Release|x86.Build.0 = Release|Any CPU
		{23D94D8E-33FA-46F3-981A-A3E3D16DAFF9}.Debug|Any CPU.ActiveCfg = Debug|Any CPU
		{23D94D8E-33FA-46F3-981A-A3E3D16DAFF9}.Debug|Any CPU.Build.0 = Debug|Any CPU
		{23D94D8E-33FA-46F3-981A-A3E3D16DAFF9}.Debug|x64.ActiveCfg = Debug|Any CPU
		{23D94D8E-33FA-46F3-981A-A3E3D16DAFF9}.Debug|x64.Build.0 = Debug|Any CPU
		{23D94D8E-33FA-46F3-981A-A3E3D16DAFF9}.Debug|x86.ActiveCfg = Debug|Any CPU
		{23D94D8E-33FA-46F3-981A-A3E3D16DAFF9}.Debug|x86.Build.0 = Debug|Any CPU
		{23D94D8E-33FA-46F3-981A-A3E3D16DAFF9}.Release|Any CPU.ActiveCfg = Release|Any CPU
		{23D94D8E-33FA-46F3-981A-A3E3D16DAFF9}.Release|Any CPU.Build.0 = Release|Any CPU
		{23D94D8E-33FA-46F3-981A-A3E3D16DAFF9}.Release|x64.ActiveCfg = Release|Any CPU
		{23D94D8E-33FA-46F3-981A-A3E3D16DAFF9}.Release|x64.Build.0 = Release|Any CPU
		{23D94D8E-33FA-46F3-981A-A3E3D16DAFF9}.Release|x86.ActiveCfg = Release|Any CPU
		{23D94D8E-33FA-46F3-981A-A3E3D16DAFF9}.Release|x86.Build.0 = Release|Any CPU
		{404DCBFD-C890-4B36-85FA-22D660EC3E50}.Debug|Any CPU.ActiveCfg = Debug|Any CPU
		{404DCBFD-C890-4B36-85FA-22D660EC3E50}.Debug|Any CPU.Build.0 = Debug|Any CPU
		{404DCBFD-C890-4B36-85FA-22D660EC3E50}.Debug|x64.ActiveCfg = Debug|Any CPU
		{404DCBFD-C890-4B36-85FA-22D660EC3E50}.Debug|x64.Build.0 = Debug|Any CPU
		{404DCBFD-C890-4B36-85FA-22D660EC3E50}.Debug|x86.ActiveCfg = Debug|Any CPU
		{404DCBFD-C890-4B36-85FA-22D660EC3E50}.Debug|x86.Build.0 = Debug|Any CPU
		{404DCBFD-C890-4B36-85FA-22D660EC3E50}.Release|Any CPU.ActiveCfg = Release|Any CPU
		{404DCBFD-C890-4B36-85FA-22D660EC3E50}.Release|Any CPU.Build.0 = Release|Any CPU
		{404DCBFD-C890-4B36-85FA-22D660EC3E50}.Release|x64.ActiveCfg = Release|Any CPU
		{404DCBFD-C890-4B36-85FA-22D660EC3E50}.Release|x64.Build.0 = Release|Any CPU
		{404DCBFD-C890-4B36-85FA-22D660EC3E50}.Release|x86.ActiveCfg = Release|Any CPU
		{404DCBFD-C890-4B36-85FA-22D660EC3E50}.Release|x86.Build.0 = Release|Any CPU
		{7DA1D180-AF6A-4E61-86A0-7F4D328265B2}.Debug|Any CPU.ActiveCfg = Debug|Any CPU
		{7DA1D180-AF6A-4E61-86A0-7F4D328265B2}.Debug|Any CPU.Build.0 = Debug|Any CPU
		{7DA1D180-AF6A-4E61-86A0-7F4D328265B2}.Debug|x64.ActiveCfg = Debug|Any CPU
		{7DA1D180-AF6A-4E61-86A0-7F4D328265B2}.Debug|x64.Build.0 = Debug|Any CPU
		{7DA1D180-AF6A-4E61-86A0-7F4D328265B2}.Debug|x86.ActiveCfg = Debug|Any CPU
		{7DA1D180-AF6A-4E61-86A0-7F4D328265B2}.Debug|x86.Build.0 = Debug|Any CPU
		{7DA1D180-AF6A-4E61-86A0-7F4D328265B2}.Release|Any CPU.ActiveCfg = Release|Any CPU
		{7DA1D180-AF6A-4E61-86A0-7F4D328265B2}.Release|Any CPU.Build.0 = Release|Any CPU
		{7DA1D180-AF6A-4E61-86A0-7F4D328265B2}.Release|x64.ActiveCfg = Release|Any CPU
		{7DA1D180-AF6A-4E61-86A0-7F4D328265B2}.Release|x64.Build.0 = Release|Any CPU
		{7DA1D180-AF6A-4E61-86A0-7F4D328265B2}.Release|x86.ActiveCfg = Release|Any CPU
		{7DA1D180-AF6A-4E61-86A0-7F4D328265B2}.Release|x86.Build.0 = Release|Any CPU
		{5F7BBC69-58D6-4461-BF66-1F2CC6426011}.Debug|Any CPU.ActiveCfg = Debug|Any CPU
		{5F7BBC69-58D6-4461-BF66-1F2CC6426011}.Debug|Any CPU.Build.0 = Debug|Any CPU
		{5F7BBC69-58D6-4461-BF66-1F2CC6426011}.Debug|x64.ActiveCfg = Debug|Any CPU
		{5F7BBC69-58D6-4461-BF66-1F2CC6426011}.Debug|x64.Build.0 = Debug|Any CPU
		{5F7BBC69-58D6-4461-BF66-1F2CC6426011}.Debug|x86.ActiveCfg = Debug|Any CPU
		{5F7BBC69-58D6-4461-BF66-1F2CC6426011}.Debug|x86.Build.0 = Debug|Any CPU
		{5F7BBC69-58D6-4461-BF66-1F2CC6426011}.Release|Any CPU.ActiveCfg = Release|Any CPU
		{5F7BBC69-58D6-4461-BF66-1F2CC6426011}.Release|Any CPU.Build.0 = Release|Any CPU
		{5F7BBC69-58D6-4461-BF66-1F2CC6426011}.Release|x64.ActiveCfg = Release|Any CPU
		{5F7BBC69-58D6-4461-BF66-1F2CC6426011}.Release|x64.Build.0 = Release|Any CPU
		{5F7BBC69-58D6-4461-BF66-1F2CC6426011}.Release|x86.ActiveCfg = Release|Any CPU
		{5F7BBC69-58D6-4461-BF66-1F2CC6426011}.Release|x86.Build.0 = Release|Any CPU
		{6747A5DA-C14E-428F-B7F4-FC43164B74EE}.Debug|Any CPU.ActiveCfg = Debug|Any CPU
		{6747A5DA-C14E-428F-B7F4-FC43164B74EE}.Debug|Any CPU.Build.0 = Debug|Any CPU
		{6747A5DA-C14E-428F-B7F4-FC43164B74EE}.Debug|x64.ActiveCfg = Debug|Any CPU
		{6747A5DA-C14E-428F-B7F4-FC43164B74EE}.Debug|x64.Build.0 = Debug|Any CPU
		{6747A5DA-C14E-428F-B7F4-FC43164B74EE}.Debug|x86.ActiveCfg = Debug|Any CPU
		{6747A5DA-C14E-428F-B7F4-FC43164B74EE}.Debug|x86.Build.0 = Debug|Any CPU
		{6747A5DA-C14E-428F-B7F4-FC43164B74EE}.Release|Any CPU.ActiveCfg = Release|Any CPU
		{6747A5DA-C14E-428F-B7F4-FC43164B74EE}.Release|Any CPU.Build.0 = Release|Any CPU
		{6747A5DA-C14E-428F-B7F4-FC43164B74EE}.Release|x64.ActiveCfg = Release|Any CPU
		{6747A5DA-C14E-428F-B7F4-FC43164B74EE}.Release|x64.Build.0 = Release|Any CPU
		{6747A5DA-C14E-428F-B7F4-FC43164B74EE}.Release|x86.ActiveCfg = Release|Any CPU
		{6747A5DA-C14E-428F-B7F4-FC43164B74EE}.Release|x86.Build.0 = Release|Any CPU
		{37599CEA-DD73-41D0-B770-01EE831FCBEA}.Debug|Any CPU.ActiveCfg = Debug|Any CPU
		{37599CEA-DD73-41D0-B770-01EE831FCBEA}.Debug|Any CPU.Build.0 = Debug|Any CPU
		{37599CEA-DD73-41D0-B770-01EE831FCBEA}.Debug|x64.ActiveCfg = Debug|Any CPU
		{37599CEA-DD73-41D0-B770-01EE831FCBEA}.Debug|x64.Build.0 = Debug|Any CPU
		{37599CEA-DD73-41D0-B770-01EE831FCBEA}.Debug|x86.ActiveCfg = Debug|Any CPU
		{37599CEA-DD73-41D0-B770-01EE831FCBEA}.Debug|x86.Build.0 = Debug|Any CPU
		{37599CEA-DD73-41D0-B770-01EE831FCBEA}.Release|Any CPU.ActiveCfg = Release|Any CPU
		{37599CEA-DD73-41D0-B770-01EE831FCBEA}.Release|Any CPU.Build.0 = Release|Any CPU
		{37599CEA-DD73-41D0-B770-01EE831FCBEA}.Release|x64.ActiveCfg = Release|Any CPU
		{37599CEA-DD73-41D0-B770-01EE831FCBEA}.Release|x64.Build.0 = Release|Any CPU
		{37599CEA-DD73-41D0-B770-01EE831FCBEA}.Release|x86.ActiveCfg = Release|Any CPU
		{37599CEA-DD73-41D0-B770-01EE831FCBEA}.Release|x86.Build.0 = Release|Any CPU
		{313ADBA5-6AA1-4072-9ECE-C661FD6FCFE0}.Debug|Any CPU.ActiveCfg = Debug|Any CPU
		{313ADBA5-6AA1-4072-9ECE-C661FD6FCFE0}.Debug|Any CPU.Build.0 = Debug|Any CPU
		{313ADBA5-6AA1-4072-9ECE-C661FD6FCFE0}.Debug|x64.ActiveCfg = Debug|Any CPU
		{313ADBA5-6AA1-4072-9ECE-C661FD6FCFE0}.Debug|x64.Build.0 = Debug|Any CPU
		{313ADBA5-6AA1-4072-9ECE-C661FD6FCFE0}.Debug|x86.ActiveCfg = Debug|Any CPU
		{313ADBA5-6AA1-4072-9ECE-C661FD6FCFE0}.Debug|x86.Build.0 = Debug|Any CPU
		{313ADBA5-6AA1-4072-9ECE-C661FD6FCFE0}.Release|Any CPU.ActiveCfg = Release|Any CPU
		{313ADBA5-6AA1-4072-9ECE-C661FD6FCFE0}.Release|Any CPU.Build.0 = Release|Any CPU
		{313ADBA5-6AA1-4072-9ECE-C661FD6FCFE0}.Release|x64.ActiveCfg = Release|Any CPU
		{313ADBA5-6AA1-4072-9ECE-C661FD6FCFE0}.Release|x64.Build.0 = Release|Any CPU
		{313ADBA5-6AA1-4072-9ECE-C661FD6FCFE0}.Release|x86.ActiveCfg = Release|Any CPU
		{313ADBA5-6AA1-4072-9ECE-C661FD6FCFE0}.Release|x86.Build.0 = Release|Any CPU
		{D558D769-C568-4FED-9F27-7ED9F321C3C9}.Debug|Any CPU.ActiveCfg = Debug|Any CPU
		{D558D769-C568-4FED-9F27-7ED9F321C3C9}.Debug|Any CPU.Build.0 = Debug|Any CPU
		{D558D769-C568-4FED-9F27-7ED9F321C3C9}.Debug|x64.ActiveCfg = Debug|Any CPU
		{D558D769-C568-4FED-9F27-7ED9F321C3C9}.Debug|x64.Build.0 = Debug|Any CPU
		{D558D769-C568-4FED-9F27-7ED9F321C3C9}.Debug|x86.ActiveCfg = Debug|Any CPU
		{D558D769-C568-4FED-9F27-7ED9F321C3C9}.Debug|x86.Build.0 = Debug|Any CPU
		{D558D769-C568-4FED-9F27-7ED9F321C3C9}.Release|Any CPU.ActiveCfg = Release|Any CPU
		{D558D769-C568-4FED-9F27-7ED9F321C3C9}.Release|Any CPU.Build.0 = Release|Any CPU
		{D558D769-C568-4FED-9F27-7ED9F321C3C9}.Release|x64.ActiveCfg = Release|Any CPU
		{D558D769-C568-4FED-9F27-7ED9F321C3C9}.Release|x64.Build.0 = Release|Any CPU
		{D558D769-C568-4FED-9F27-7ED9F321C3C9}.Release|x86.ActiveCfg = Release|Any CPU
		{D558D769-C568-4FED-9F27-7ED9F321C3C9}.Release|x86.Build.0 = Release|Any CPU
		{B854EB77-4C26-4084-9C45-B3EF11854257}.Debug|Any CPU.ActiveCfg = Debug|Any CPU
		{B854EB77-4C26-4084-9C45-B3EF11854257}.Debug|Any CPU.Build.0 = Debug|Any CPU
		{B854EB77-4C26-4084-9C45-B3EF11854257}.Debug|x64.ActiveCfg = Debug|Any CPU
		{B854EB77-4C26-4084-9C45-B3EF11854257}.Debug|x64.Build.0 = Debug|Any CPU
		{B854EB77-4C26-4084-9C45-B3EF11854257}.Debug|x86.ActiveCfg = Debug|Any CPU
		{B854EB77-4C26-4084-9C45-B3EF11854257}.Debug|x86.Build.0 = Debug|Any CPU
		{B854EB77-4C26-4084-9C45-B3EF11854257}.Release|Any CPU.ActiveCfg = Release|Any CPU
		{B854EB77-4C26-4084-9C45-B3EF11854257}.Release|Any CPU.Build.0 = Release|Any CPU
		{B854EB77-4C26-4084-9C45-B3EF11854257}.Release|x64.ActiveCfg = Release|Any CPU
		{B854EB77-4C26-4084-9C45-B3EF11854257}.Release|x64.Build.0 = Release|Any CPU
		{B854EB77-4C26-4084-9C45-B3EF11854257}.Release|x86.ActiveCfg = Release|Any CPU
		{B854EB77-4C26-4084-9C45-B3EF11854257}.Release|x86.Build.0 = Release|Any CPU
		{7FC1D09B-C94A-457D-BB53-AA60CABD0A22}.Debug|Any CPU.ActiveCfg = Debug|Any CPU
		{7FC1D09B-C94A-457D-BB53-AA60CABD0A22}.Debug|Any CPU.Build.0 = Debug|Any CPU
		{7FC1D09B-C94A-457D-BB53-AA60CABD0A22}.Debug|x64.ActiveCfg = Debug|Any CPU
		{7FC1D09B-C94A-457D-BB53-AA60CABD0A22}.Debug|x64.Build.0 = Debug|Any CPU
		{7FC1D09B-C94A-457D-BB53-AA60CABD0A22}.Debug|x86.ActiveCfg = Debug|Any CPU
		{7FC1D09B-C94A-457D-BB53-AA60CABD0A22}.Debug|x86.Build.0 = Debug|Any CPU
		{7FC1D09B-C94A-457D-BB53-AA60CABD0A22}.Release|Any CPU.ActiveCfg = Release|Any CPU
		{7FC1D09B-C94A-457D-BB53-AA60CABD0A22}.Release|Any CPU.Build.0 = Release|Any CPU
		{7FC1D09B-C94A-457D-BB53-AA60CABD0A22}.Release|x64.ActiveCfg = Release|Any CPU
		{7FC1D09B-C94A-457D-BB53-AA60CABD0A22}.Release|x64.Build.0 = Release|Any CPU
		{7FC1D09B-C94A-457D-BB53-AA60CABD0A22}.Release|x86.ActiveCfg = Release|Any CPU
		{7FC1D09B-C94A-457D-BB53-AA60CABD0A22}.Release|x86.Build.0 = Release|Any CPU
		{403AA867-2380-4F1E-846C-A6A879A5ACA5}.Debug|Any CPU.ActiveCfg = Debug|Any CPU
		{403AA867-2380-4F1E-846C-A6A879A5ACA5}.Debug|Any CPU.Build.0 = Debug|Any CPU
		{403AA867-2380-4F1E-846C-A6A879A5ACA5}.Debug|x64.ActiveCfg = Debug|Any CPU
		{403AA867-2380-4F1E-846C-A6A879A5ACA5}.Debug|x64.Build.0 = Debug|Any CPU
		{403AA867-2380-4F1E-846C-A6A879A5ACA5}.Debug|x86.ActiveCfg = Debug|Any CPU
		{403AA867-2380-4F1E-846C-A6A879A5ACA5}.Debug|x86.Build.0 = Debug|Any CPU
		{403AA867-2380-4F1E-846C-A6A879A5ACA5}.Release|Any CPU.ActiveCfg = Release|Any CPU
		{403AA867-2380-4F1E-846C-A6A879A5ACA5}.Release|Any CPU.Build.0 = Release|Any CPU
		{403AA867-2380-4F1E-846C-A6A879A5ACA5}.Release|x64.ActiveCfg = Release|Any CPU
		{403AA867-2380-4F1E-846C-A6A879A5ACA5}.Release|x64.Build.0 = Release|Any CPU
		{403AA867-2380-4F1E-846C-A6A879A5ACA5}.Release|x86.ActiveCfg = Release|Any CPU
		{403AA867-2380-4F1E-846C-A6A879A5ACA5}.Release|x86.Build.0 = Release|Any CPU
		{8E0BE96B-835A-46E8-BC56-61A57CE6151C}.Debug|Any CPU.ActiveCfg = Debug|Any CPU
		{8E0BE96B-835A-46E8-BC56-61A57CE6151C}.Debug|Any CPU.Build.0 = Debug|Any CPU
		{8E0BE96B-835A-46E8-BC56-61A57CE6151C}.Debug|x64.ActiveCfg = Debug|Any CPU
		{8E0BE96B-835A-46E8-BC56-61A57CE6151C}.Debug|x64.Build.0 = Debug|Any CPU
		{8E0BE96B-835A-46E8-BC56-61A57CE6151C}.Debug|x86.ActiveCfg = Debug|Any CPU
		{8E0BE96B-835A-46E8-BC56-61A57CE6151C}.Debug|x86.Build.0 = Debug|Any CPU
		{8E0BE96B-835A-46E8-BC56-61A57CE6151C}.Release|Any CPU.ActiveCfg = Release|Any CPU
		{8E0BE96B-835A-46E8-BC56-61A57CE6151C}.Release|Any CPU.Build.0 = Release|Any CPU
		{8E0BE96B-835A-46E8-BC56-61A57CE6151C}.Release|x64.ActiveCfg = Release|Any CPU
		{8E0BE96B-835A-46E8-BC56-61A57CE6151C}.Release|x64.Build.0 = Release|Any CPU
		{8E0BE96B-835A-46E8-BC56-61A57CE6151C}.Release|x86.ActiveCfg = Release|Any CPU
		{8E0BE96B-835A-46E8-BC56-61A57CE6151C}.Release|x86.Build.0 = Release|Any CPU
		{D52A459F-6019-4CC4-B039-C14A02674013}.Debug|Any CPU.ActiveCfg = Debug|Any CPU
		{D52A459F-6019-4CC4-B039-C14A02674013}.Debug|Any CPU.Build.0 = Debug|Any CPU
		{D52A459F-6019-4CC4-B039-C14A02674013}.Debug|x64.ActiveCfg = Debug|Any CPU
		{D52A459F-6019-4CC4-B039-C14A02674013}.Debug|x64.Build.0 = Debug|Any CPU
		{D52A459F-6019-4CC4-B039-C14A02674013}.Debug|x86.ActiveCfg = Debug|Any CPU
		{D52A459F-6019-4CC4-B039-C14A02674013}.Debug|x86.Build.0 = Debug|Any CPU
		{D52A459F-6019-4CC4-B039-C14A02674013}.Release|Any CPU.ActiveCfg = Release|Any CPU
		{D52A459F-6019-4CC4-B039-C14A02674013}.Release|Any CPU.Build.0 = Release|Any CPU
		{D52A459F-6019-4CC4-B039-C14A02674013}.Release|x64.ActiveCfg = Release|Any CPU
		{D52A459F-6019-4CC4-B039-C14A02674013}.Release|x64.Build.0 = Release|Any CPU
		{D52A459F-6019-4CC4-B039-C14A02674013}.Release|x86.ActiveCfg = Release|Any CPU
		{D52A459F-6019-4CC4-B039-C14A02674013}.Release|x86.Build.0 = Release|Any CPU
	EndGlobalSection
	GlobalSection(SolutionProperties) = preSolution
		HideSolutionNode = FALSE
	EndGlobalSection
	GlobalSection(ExtensibilityGlobals) = postSolution
		SolutionGuid = {A5EA6044-ACD5-4AB3-BD16-B96EA7FF53C0}
	EndGlobalSection
	GlobalSection(NestedProjects) = preSolution
		{B15A9816-4607-4A51-BB7C-BB9F7EE37D52} = {B300174E-692E-4378-A6C4-8E6C365F815E}
		{35E5E524-B47F-46A6-9D30-CC3A66F5003D} = {B300174E-692E-4378-A6C4-8E6C365F815E}
		{B4EA63E6-26CE-4DCC-91FB-5B2891682D3F} = {4EFA1290-F236-4F34-8DA4-FDDCFBF6C9AE}
		{23D94D8E-33FA-46F3-981A-A3E3D16DAFF9} = {4EFA1290-F236-4F34-8DA4-FDDCFBF6C9AE}
		{404DCBFD-C890-4B36-85FA-22D660EC3E50} = {51E4D86B-1002-4AC2-A05D-5B9C36F14AB9}
		{7DA1D180-AF6A-4E61-86A0-7F4D328265B2} = {51E4D86B-1002-4AC2-A05D-5B9C36F14AB9}
		{5F7BBC69-58D6-4461-BF66-1F2CC6426011} = {BD396EEA-A5A0-465D-926C-3BA5BC8F773E}
		{6747A5DA-C14E-428F-B7F4-FC43164B74EE} = {BD396EEA-A5A0-465D-926C-3BA5BC8F773E}
		{37599CEA-DD73-41D0-B770-01EE831FCBEA} = {1343EDAB-0B89-42AF-96F9-84BB46834D83}
		{313ADBA5-6AA1-4072-9ECE-C661FD6FCFE0} = {1343EDAB-0B89-42AF-96F9-84BB46834D83}
		{D558D769-C568-4FED-9F27-7ED9F321C3C9} = {52752F7A-C029-4C87-B473-821C36EC0D78}
		{B854EB77-4C26-4084-9C45-B3EF11854257} = {52752F7A-C029-4C87-B473-821C36EC0D78}
		{7FC1D09B-C94A-457D-BB53-AA60CABD0A22} = {2A610B7C-C42B-4B23-B7BC-A3222BF72165}
		{403AA867-2380-4F1E-846C-A6A879A5ACA5} = {2A610B7C-C42B-4B23-B7BC-A3222BF72165}
		{8E0BE96B-835A-46E8-BC56-61A57CE6151C} = {B2496B45-B275-4186-B609-5B8D196773C1}
		{D52A459F-6019-4CC4-B039-C14A02674013} = {B2496B45-B275-4186-B609-5B8D196773C1}
	EndGlobalSection
EndGlobal
