
Microsoft Visual Studio Solution File, Format Version 12.00
# Visual Studio 2017
Project("{FAE04EC0-301F-11D3-BF4B-00C04F79EFBC}") = "HttpTasksSample", "HttpTasksSample.csproj", "{5E46C253-D32E-4D24-B9A3-EE04FB72E610}"
EndProject
Project("{FAE04EC0-301F-11D3-BF4B-00C04F79EFBC}") = "TasksTest", "..\TasksTest\TasksTest.csproj", "{9CDCCACD-6B4F-4858-9BCF-9346D535A149}"
EndProject
Project("{FAE04EC0-301F-11D3-BF4B-00C04F79EFBC}") = "testutil", "..\..\..\testutil\testutil.csproj", "{B9E211D5-3F09-46F5-9AC4-5504939A0919}"
EndProject
Global
	GlobalSection(SolutionConfigurationPlatforms) = preSolution
		Debug|Any CPU = Debug|Any CPU
		Release|Any CPU = Release|Any CPU
	EndGlobalSection
	GlobalSection(ProjectConfigurationPlatforms) = postSolution
		{5E46C253-D32E-4D24-B9A3-EE04FB72E610}.Debug|Any CPU.ActiveCfg = Debug|Any CPU
		{5E46C253-D32E-4D24-B9A3-EE04FB72E610}.Debug|Any CPU.Build.0 = Debug|Any CPU
		{5E46C253-D32E-4D24-B9A3-EE04FB72E610}.Release|Any CPU.ActiveCfg = Release|Any CPU
		{5E46C253-D32E-4D24-B9A3-EE04FB72E610}.Release|Any CPU.Build.0 = Release|Any CPU
		{A5D3CE7D-8D89-402B-AA91-8EE6D21ECB98}.Debug|Any CPU.ActiveCfg = Debug|Any CPU
		{A5D3CE7D-8D89-402B-AA91-8EE6D21ECB98}.Debug|Any CPU.Build.0 = Debug|Any CPU
		{A5D3CE7D-8D89-402B-AA91-8EE6D21ECB98}.Release|Any CPU.ActiveCfg = Release|Any CPU
		{A5D3CE7D-8D89-402B-AA91-8EE6D21ECB98}.Release|Any CPU.Build.0 = Release|Any CPU
		{9CDCCACD-6B4F-4858-9BCF-9346D535A149}.Debug|Any CPU.ActiveCfg = Debug|Any CPU
		{9CDCCACD-6B4F-4858-9BCF-9346D535A149}.Debug|Any CPU.Build.0 = Debug|Any CPU
		{9CDCCACD-6B4F-4858-9BCF-9346D535A149}.Release|Any CPU.ActiveCfg = Release|Any CPU
		{9CDCCACD-6B4F-4858-9BCF-9346D535A149}.Release|Any CPU.Build.0 = Release|Any CPU
		{B9E211D5-3F09-46F5-9AC4-5504939A0919}.Debug|Any CPU.ActiveCfg = Debug|Any CPU
		{B9E211D5-3F09-46F5-9AC4-5504939A0919}.Debug|Any CPU.Build.0 = Debug|Any CPU
		{B9E211D5-3F09-46F5-9AC4-5504939A0919}.Release|Any CPU.ActiveCfg = Release|Any CPU
		{B9E211D5-3F09-46F5-9AC4-5504939A0919}.Release|Any CPU.Build.0 = Release|Any CPU
	EndGlobalSection
EndGlobal
