
Microsoft Visual Studio Solution File, Format Version 12.00
# Visual Studio Version 16
VisualStudioVersion = 16.0.31229.75
MinimumVisualStudioVersion = 10.0.40219.1
Project("{9A19103F-16F7-4668-BE54-9A1E7A4F7556}") = "Compute.Samples", "Compute.Samples\Compute.Samples.csproj", "{5368D920-1299-4803-AB15-8812D26DBF27}"
EndProject
Project("{9A19103F-16F7-4668-BE54-9A1E7A4F7556}") = "Compute.Samples.Tests", "Compute.Samples.Tests\Compute.Samples.Tests.csproj", "{5C88F81C-68A6-4007-8AFA-0BC8A1842931}"
EndProject
Project("{9A19103F-16F7-4668-BE54-9A1E7A4F7556}") = "testutil", "..\..\testutil\testutil.csproj", "{562C2446-F207-4A86-89F1-7668B8594809}"
EndProject
Global
	GlobalSection(SolutionConfigurationPlatforms) = preSolution
		Debug|Any CPU = Debug|Any CPU
		Release|Any CPU = Release|Any CPU
	EndGlobalSection
	GlobalSection(ProjectConfigurationPlatforms) = postSolution
		{5368D920-1299-4803-AB15-8812D26DBF27}.Debug|Any CPU.ActiveCfg = Debug|Any CPU
		{5368D920-1299-4803-AB15-8812D26DBF27}.Debug|Any CPU.Build.0 = Debug|Any CPU
		{5368D920-1299-4803-AB15-8812D26DBF27}.Release|Any CPU.ActiveCfg = Release|Any CPU
		{5368D920-1299-4803-AB15-8812D26DBF27}.Release|Any CPU.Build.0 = Release|Any CPU
		{5C88F81C-68A6-4007-8AFA-0BC8A1842931}.Debug|Any CPU.ActiveCfg = Debug|Any CPU
		{5C88F81C-68A6-4007-8AFA-0BC8A1842931}.Debug|Any CPU.Build.0 = Debug|Any CPU
		{5C88F81C-68A6-4007-8AFA-0BC8A1842931}.Release|Any CPU.ActiveCfg = Release|Any CPU
		{5C88F81C-68A6-4007-8AFA-0BC8A1842931}.Release|Any CPU.Build.0 = Release|Any CPU
		{562C2446-F207-4A86-89F1-7668B8594809}.Debug|Any CPU.ActiveCfg = Debug|Any CPU
		{562C2446-F207-4A86-89F1-7668B8594809}.Debug|Any CPU.Build.0 = Debug|Any CPU
		{562C2446-F207-4A86-89F1-7668B8594809}.Release|Any CPU.ActiveCfg = Release|Any CPU
		{562C2446-F207-4A86-89F1-7668B8594809}.Release|Any CPU.Build.0 = Release|Any CPU
	EndGlobalSection
	GlobalSection(SolutionProperties) = preSolution
		HideSolutionNode = FALSE
	EndGlobalSection
	GlobalSection(ExtensibilityGlobals) = postSolution
		SolutionGuid = {15386CFE-22A0-435F-96B4-FEF7713F717A}
	EndGlobalSection
EndGlobal
