
Microsoft Visual Studio Solution File, Format Version 12.00
# Visual Studio Version 16
VisualStudioVersion = 16.0.31911.196
MinimumVisualStudioVersion = 10.0.40219.1
Project("{9A19103F-16F7-4668-BE54-9A1E7A4F7556}") = "grs-product", "grs-product\grs-product.csproj", "{A91A84EA-CA63-429A-A52A-42D72D295B0A}"
EndProject
Project("{9A19103F-16F7-4668-BE54-9A1E7A4F7556}") = "grs-product.Tests", "grs-product.Tests\grs-product.Tests.csproj", "{D59A6A9A-8A55-4D7D-A3B7-8BA3C93EBC62}"
EndProject
Project("{9A19103F-16F7-4668-BE54-9A1E7A4F7556}") = "grs-search", "grs-search\grs-search.csproj", "{780CCB77-F0AC-4CF6-BB4C-CD1E15C73940}"
EndProject
Project("{9A19103F-16F7-4668-BE54-9A1E7A4F7556}") = "grs-search.Tests", "grs-search.Tests\grs-search.Tests.csproj", "{FA40E329-4093-4ACF-B53C-93BE68D0FB42}"
EndProject
Project("{FAE04EC0-301F-11D3-BF4B-00C04F79EFBC}") = "grs-events", "grs-events\grs-events.csproj", "{688CA67C-1084-49F0-9D10-9C680E8AC645}"
EndProject
Project("{FAE04EC0-301F-11D3-BF4B-00C04F79EFBC}") = "grs-events.Tests", "grs-events.Tests\grs-events.Tests.csproj", "{0865AB48-7076-485B-AE18-523FAB9F72A7}"
EndProject
Global
	GlobalSection(SolutionConfigurationPlatforms) = preSolution
		Debug|Any CPU = Debug|Any CPU
		Release|Any CPU = Release|Any CPU
	EndGlobalSection
	GlobalSection(ProjectConfigurationPlatforms) = postSolution
		{A91A84EA-CA63-429A-A52A-42D72D295B0A}.Debug|Any CPU.ActiveCfg = Debug|Any CPU
		{A91A84EA-CA63-429A-A52A-42D72D295B0A}.Debug|Any CPU.Build.0 = Debug|Any CPU
		{A91A84EA-CA63-429A-A52A-42D72D295B0A}.Release|Any CPU.ActiveCfg = Release|Any CPU
		{A91A84EA-CA63-429A-A52A-42D72D295B0A}.Release|Any CPU.Build.0 = Release|Any CPU
		{D59A6A9A-8A55-4D7D-A3B7-8BA3C93EBC62}.Debug|Any CPU.ActiveCfg = Debug|Any CPU
		{D59A6A9A-8A55-4D7D-A3B7-8BA3C93EBC62}.Debug|Any CPU.Build.0 = Debug|Any CPU
		{D59A6A9A-8A55-4D7D-A3B7-8BA3C93EBC62}.Release|Any CPU.ActiveCfg = Release|Any CPU
		{D59A6A9A-8A55-4D7D-A3B7-8BA3C93EBC62}.Release|Any CPU.Build.0 = Release|Any CPU
		{780CCB77-F0AC-4CF6-BB4C-CD1E15C73940}.Debug|Any CPU.ActiveCfg = Debug|Any CPU
		{780CCB77-F0AC-4CF6-BB4C-CD1E15C73940}.Debug|Any CPU.Build.0 = Debug|Any CPU
		{780CCB77-F0AC-4CF6-BB4C-CD1E15C73940}.Release|Any CPU.ActiveCfg = Release|Any CPU
		{780CCB77-F0AC-4CF6-BB4C-CD1E15C73940}.Release|Any CPU.Build.0 = Release|Any CPU
		{FA40E329-4093-4ACF-B53C-93BE68D0FB42}.Debug|Any CPU.ActiveCfg = Debug|Any CPU
		{FA40E329-4093-4ACF-B53C-93BE68D0FB42}.Debug|Any CPU.Build.0 = Debug|Any CPU
		{FA40E329-4093-4ACF-B53C-93BE68D0FB42}.Release|Any CPU.ActiveCfg = Release|Any CPU
		{FA40E329-4093-4ACF-B53C-93BE68D0FB42}.Release|Any CPU.Build.0 = Release|Any CPU
		{688CA67C-1084-49F0-9D10-9C680E8AC645}.Debug|Any CPU.ActiveCfg = Debug|Any CPU
		{688CA67C-1084-49F0-9D10-9C680E8AC645}.Debug|Any CPU.Build.0 = Debug|Any CPU
		{688CA67C-1084-49F0-9D10-9C680E8AC645}.Release|Any CPU.ActiveCfg = Release|Any CPU
		{688CA67C-1084-49F0-9D10-9C680E8AC645}.Release|Any CPU.Build.0 = Release|Any CPU
		{0865AB48-7076-485B-AE18-523FAB9F72A7}.Debug|Any CPU.ActiveCfg = Debug|Any CPU
		{0865AB48-7076-485B-AE18-523FAB9F72A7}.Debug|Any CPU.Build.0 = Debug|Any CPU
		{0865AB48-7076-485B-AE18-523FAB9F72A7}.Release|Any CPU.ActiveCfg = Release|Any CPU
		{0865AB48-7076-485B-AE18-523FAB9F72A7}.Release|Any CPU.Build.0 = Release|Any CPU
	EndGlobalSection
	GlobalSection(SolutionProperties) = preSolution
		HideSolutionNode = FALSE
	EndGlobalSection
	GlobalSection(ExtensibilityGlobals) = postSolution
		SolutionGuid = {08B8FBFD-43D4-4AC8-AB5B-8810B9CCB0F1}
	EndGlobalSection
EndGlobal
