
Microsoft Visual Studio Solution File, Format Version 12.00
# Visual Studio Version 17
VisualStudioVersion = 17.0.31903.59
MinimumVisualStudioVersion = 10.0.40219.1
Project("{FAE04EC0-301F-11D3-BF4B-00C04F79EFBC}") = "ParameterManager.RegionalSamples", "ParameterManager.RegionalSamples\ParameterManager.RegionalSamples.csproj", "{5CEBBFE7-2E65-45A9-90E6-2D3EE16A2CB1}"
EndProject
Project("{FAE04EC0-301F-11D3-BF4B-00C04F79EFBC}") = "ParameterManager.RegionalSamples.Tests", "ParameterManager.RegionalSamples.Tests\ParameterManager.RegionalSamples.Tests.csproj", "{24D60166-FCC2-4C1F-B02E-E7EA34A5136C}"
EndProject
Global
	GlobalSection(SolutionConfigurationPlatforms) = preSolution
		Debug|Any CPU = Debug|Any CPU
		Debug|x64 = Debug|x64
		Debug|x86 = Debug|x86
		Release|Any CPU = Release|Any CPU
		Release|x64 = Release|x64
		Release|x86 = Release|x86
	EndGlobalSection
	GlobalSection(ProjectConfigurationPlatforms) = postSolution
		{5CEBBFE7-2E65-45A9-90E6-2D3EE16A2CB1}.Debug|Any CPU.ActiveCfg = Debug|Any CPU
		{5CEBBFE7-2E65-45A9-90E6-2D3EE16A2CB1}.Debug|Any CPU.Build.0 = Debug|Any CPU
		{5CEBBFE7-2E65-45A9-90E6-2D3EE16A2CB1}.Debug|x64.ActiveCfg = Debug|Any CPU
		{5CEBBFE7-2E65-45A9-90E6-2D3EE16A2CB1}.Debug|x64.Build.0 = Debug|Any CPU
		{5CEBBFE7-2E65-45A9-90E6-2D3EE16A2CB1}.Debug|x86.ActiveCfg = Debug|Any CPU
		{5CEBBFE7-2E65-45A9-90E6-2D3EE16A2CB1}.Debug|x86.Build.0 = Debug|Any CPU
		{5CEBBFE7-2E65-45A9-90E6-2D3EE16A2CB1}.Release|Any CPU.ActiveCfg = Release|Any CPU
		{5CEBBFE7-2E65-45A9-90E6-2D3EE16A2CB1}.Release|Any CPU.Build.0 = Release|Any CPU
		{5CEBBFE7-2E65-45A9-90E6-2D3EE16A2CB1}.Release|x64.ActiveCfg = Release|Any CPU
		{5CEBBFE7-2E65-45A9-90E6-2D3EE16A2CB1}.Release|x64.Build.0 = Release|Any CPU
		{5CEBBFE7-2E65-45A9-90E6-2D3EE16A2CB1}.Release|x86.ActiveCfg = Release|Any CPU
		{5CEBBFE7-2E65-45A9-90E6-2D3EE16A2CB1}.Release|x86.Build.0 = Release|Any CPU
		{24D60166-FCC2-4C1F-B02E-E7EA34A5136C}.Debug|Any CPU.ActiveCfg = Debug|Any CPU
		{24D60166-FCC2-4C1F-B02E-E7EA34A5136C}.Debug|Any CPU.Build.0 = Debug|Any CPU
		{24D60166-FCC2-4C1F-B02E-E7EA34A5136C}.Debug|x64.ActiveCfg = Debug|Any CPU
		{24D60166-FCC2-4C1F-B02E-E7EA34A5136C}.Debug|x64.Build.0 = Debug|Any CPU
		{24D60166-FCC2-4C1F-B02E-E7EA34A5136C}.Debug|x86.ActiveCfg = Debug|Any CPU
		{24D60166-FCC2-4C1F-B02E-E7EA34A5136C}.Debug|x86.Build.0 = Debug|Any CPU
		{24D60166-FCC2-4C1F-B02E-E7EA34A5136C}.Release|Any CPU.ActiveCfg = Release|Any CPU
		{24D60166-FCC2-4C1F-B02E-E7EA34A5136C}.Release|Any CPU.Build.0 = Release|Any CPU
		{24D60166-FCC2-4C1F-B02E-E7EA34A5136C}.Release|x64.ActiveCfg = Release|Any CPU
		{24D60166-FCC2-4C1F-B02E-E7EA34A5136C}.Release|x64.Build.0 = Release|Any CPU
		{24D60166-FCC2-4C1F-B02E-E7EA34A5136C}.Release|x86.ActiveCfg = Release|Any CPU
		{24D60166-FCC2-4C1F-B02E-E7EA34A5136C}.Release|x86.Build.0 = Release|Any CPU
	EndGlobalSection
	GlobalSection(SolutionProperties) = preSolution
		HideSolutionNode = FALSE
	EndGlobalSection
EndGlobal
