
Microsoft Visual Studio Solution File, Format Version 12.00
# Visual Studio 15
VisualStudioVersion = 15.0.26124.0
MinimumVisualStudioVersion = 15.0.26124.0
Project("{FAE04EC0-301F-11D3-BF4B-00C04F79EFBC}") = "Kms.Samples", "Kms.Samples\Kms.Samples.csproj", "{A3E39282-83B6-4957-BCBA-BF660932A451}"
EndProject
Project("{FAE04EC0-301F-11D3-BF4B-00C04F79EFBC}") = "Kms.Samples.Tests", "Kms.Samples.Tests\Kms.Samples.Tests.csproj", "{784B459E-C9C4-4391-958B-D206295857BE}"
EndProject
Global
	GlobalSection(SolutionConfigurationPlatforms) = preSolution
		Debug|Any CPU = Debug|Any CPU
		Debug|x64 = Debug|x64
		Debug|x86 = Debug|x86
		Release|Any CPU = Release|Any CPU
		Release|x64 = Release|x64
		Release|x86 = Release|x86
	EndGlobalSection
	GlobalSection(SolutionProperties) = preSolution
		HideSolutionNode = FALSE
	EndGlobalSection
	GlobalSection(ProjectConfigurationPlatforms) = postSolution
		{A3E39282-83B6-4957-BCBA-BF660932A451}.Debug|Any CPU.ActiveCfg = Debug|Any CPU
		{A3E39282-83B6-4957-BCBA-BF660932A451}.Debug|Any CPU.Build.0 = Debug|Any CPU
		{A3E39282-83B6-4957-BCBA-BF660932A451}.Debug|x64.ActiveCfg = Debug|Any CPU
		{A3E39282-83B6-4957-BCBA-BF660932A451}.Debug|x64.Build.0 = Debug|Any CPU
		{A3E39282-83B6-4957-BCBA-BF660932A451}.Debug|x86.ActiveCfg = Debug|Any CPU
		{A3E39282-83B6-4957-BCBA-BF660932A451}.Debug|x86.Build.0 = Debug|Any CPU
		{A3E39282-83B6-4957-BCBA-BF660932A451}.Release|Any CPU.ActiveCfg = Release|Any CPU
		{A3E39282-83B6-4957-BCBA-BF660932A451}.Release|Any CPU.Build.0 = Release|Any CPU
		{A3E39282-83B6-4957-BCBA-BF660932A451}.Release|x64.ActiveCfg = Release|Any CPU
		{A3E39282-83B6-4957-BCBA-BF660932A451}.Release|x64.Build.0 = Release|Any CPU
		{A3E39282-83B6-4957-BCBA-BF660932A451}.Release|x86.ActiveCfg = Release|Any CPU
		{A3E39282-83B6-4957-BCBA-BF660932A451}.Release|x86.Build.0 = Release|Any CPU
		{784B459E-C9C4-4391-958B-D206295857BE}.Debug|Any CPU.ActiveCfg = Debug|Any CPU
		{784B459E-C9C4-4391-958B-D206295857BE}.Debug|Any CPU.Build.0 = Debug|Any CPU
		{784B459E-C9C4-4391-958B-D206295857BE}.Debug|x64.ActiveCfg = Debug|Any CPU
		{784B459E-C9C4-4391-958B-D206295857BE}.Debug|x64.Build.0 = Debug|Any CPU
		{784B459E-C9C4-4391-958B-D206295857BE}.Debug|x86.ActiveCfg = Debug|Any CPU
		{784B459E-C9C4-4391-958B-D206295857BE}.Debug|x86.Build.0 = Debug|Any CPU
		{784B459E-C9C4-4391-958B-D206295857BE}.Release|Any CPU.ActiveCfg = Release|Any CPU
		{784B459E-C9C4-4391-958B-D206295857BE}.Release|Any CPU.Build.0 = Release|Any CPU
		{784B459E-C9C4-4391-958B-D206295857BE}.Release|x64.ActiveCfg = Release|Any CPU
		{784B459E-C9C4-4391-958B-D206295857BE}.Release|x64.Build.0 = Release|Any CPU
		{784B459E-C9C4-4391-958B-D206295857BE}.Release|x86.ActiveCfg = Release|Any CPU
		{784B459E-C9C4-4391-958B-D206295857BE}.Release|x86.Build.0 = Release|Any CPU
	EndGlobalSection
EndGlobal
