
Microsoft Visual Studio Solution File, Format Version 12.00
# Visual Studio Version 16
VisualStudioVersion = 16.0.30309.148
MinimumVisualStudioVersion = 15.0.26124.0
Project("{9A19103F-16F7-4668-BE54-9A1E7A4F7556}") = "ImageMagick", "ImageMagick\ImageMagick.csproj", "{B1C96DDD-A733-4BA6-B430-29625A4ABBAE}"
EndProject
Global
	GlobalSection(SolutionConfigurationPlatforms) = preSolution
		Debug|Any CPU = Debug|Any CPU
		Debug|x64 = Debug|x64
		Debug|x86 = Debug|x86
		Release|Any CPU = Release|Any CPU
		Release|x64 = Release|x64
		Release|x86 = Release|x86
	EndGlobalSection
	GlobalSection(ProjectConfigurationPlatforms) = postSolution
		{B1C96DDD-A733-4BA6-B430-29625A4ABBAE}.Debug|Any CPU.ActiveCfg = Debug|Any CPU
		{B1C96DDD-A733-4BA6-B430-29625A4ABBAE}.Debug|Any CPU.Build.0 = Debug|Any CPU
		{B1C96DDD-A733-4BA6-B430-29625A4ABBAE}.Debug|x64.ActiveCfg = Debug|Any CPU
		{B1C96DDD-A733-4BA6-B430-29625A4ABBAE}.Debug|x64.Build.0 = Debug|Any CPU
		{B1C96DDD-A733-4BA6-B430-29625A4ABBAE}.Debug|x86.ActiveCfg = Debug|Any CPU
		{B1C96DDD-A733-4BA6-B430-29625A4ABBAE}.Debug|x86.Build.0 = Debug|Any CPU
		{B1C96DDD-A733-4BA6-B430-29625A4ABBAE}.Release|Any CPU.ActiveCfg = Release|Any CPU
		{B1C96DDD-A733-4BA6-B430-29625A4ABBAE}.Release|Any CPU.Build.0 = Release|Any CPU
		{B1C96DDD-A733-4BA6-B430-29625A4ABBAE}.Release|x64.ActiveCfg = Release|Any CPU
		{B1C96DDD-A733-4BA6-B430-29625A4ABBAE}.Release|x64.Build.0 = Release|Any CPU
		{B1C96DDD-A733-4BA6-B430-29625A4ABBAE}.Release|x86.ActiveCfg = Release|Any CPU
		{B1C96DDD-A733-4BA6-B430-29625A4ABBAE}.Release|x86.Build.0 = Release|Any CPU
	EndGlobalSection
	GlobalSection(SolutionProperties) = preSolution
		HideSolutionNode = FALSE
	EndGlobalSection
	GlobalSection(ExtensibilityGlobals) = postSolution
		SolutionGuid = {DD0CAEB2-90E4-414A-AFD5-8BC94DE78135}
	EndGlobalSection
EndGlobal
