
Microsoft Visual Studio Solution File, Format Version 12.00
# Visual Studio Version 16
VisualStudioVersion = 16.0.30413.136
MinimumVisualStudioVersion = 15.0.26124.0
Project("{9A19103F-16F7-4668-BE54-9A1E7A4F7556}") = "SlackKnowledgeGraphSearch", "SlackKnowledgeGraphSearch\SlackKnowledgeGraphSearch.csproj", "{EF14CA2A-B7AE-49E1-93DF-62FE5AED6C56}"
EndProject
Global
	GlobalSection(SolutionConfigurationPlatforms) = preSolution
		Debug|Any CPU = Debug|Any CPU
		Debug|x64 = Debug|x64
		Debug|x86 = Debug|x86
		Release|Any CPU = Release|Any CPU
		Release|x64 = Release|x64
		Release|x86 = Release|x86
	EndGlobalSection
	GlobalSection(ProjectConfigurationPlatforms) = postSolution
		{EF14CA2A-B7AE-49E1-93DF-62FE5AED6C56}.Debug|Any CPU.ActiveCfg = Debug|Any CPU
		{EF14CA2A-B7AE-49E1-93DF-62FE5AED6C56}.Debug|Any CPU.Build.0 = Debug|Any CPU
		{EF14CA2A-B7AE-49E1-93DF-62FE5AED6C56}.Debug|x64.ActiveCfg = Debug|Any CPU
		{EF14CA2A-B7AE-49E1-93DF-62FE5AED6C56}.Debug|x64.Build.0 = Debug|Any CPU
		{EF14CA2A-B7AE-49E1-93DF-62FE5AED6C56}.Debug|x86.ActiveCfg = Debug|Any CPU
		{EF14CA2A-B7AE-49E1-93DF-62FE5AED6C56}.Debug|x86.Build.0 = Debug|Any CPU
		{EF14CA2A-B7AE-49E1-93DF-62FE5AED6C56}.Release|Any CPU.ActiveCfg = Release|Any CPU
		{EF14CA2A-B7AE-49E1-93DF-62FE5AED6C56}.Release|Any CPU.Build.0 = Release|Any CPU
		{EF14CA2A-B7AE-49E1-93DF-62FE5AED6C56}.Release|x64.ActiveCfg = Release|Any CPU
		{EF14CA2A-B7AE-49E1-93DF-62FE5AED6C56}.Release|x64.Build.0 = Release|Any CPU
		{EF14CA2A-B7AE-49E1-93DF-62FE5AED6C56}.Release|x86.ActiveCfg = Release|Any CPU
		{EF14CA2A-B7AE-49E1-93DF-62FE5AED6C56}.Release|x86.Build.0 = Release|Any CPU
	EndGlobalSection
	GlobalSection(SolutionProperties) = preSolution
		HideSolutionNode = FALSE
	EndGlobalSection
	GlobalSection(ExtensibilityGlobals) = postSolution
		SolutionGuid = {5DD8DE0A-13EF-4907-B486-1F3671DBBED2}
	EndGlobalSection
EndGlobal
