
Microsoft Visual Studio Solution File, Format Version 12.00
# Visual Studio Version 16
VisualStudioVersion = 16.0.29418.71
MinimumVisualStudioVersion = 10.0.40219.1
Project("{9A19103F-16F7-4668-BE54-9A1E7A4F7556}") = "Google.Cloud.Translate.V3.Samples", "Google.Cloud.Translate.V3.Samples.csproj", "{10111788-6183-4FAD-B156-5018CB886F1E}"
EndProject
Global
	GlobalSection(SolutionConfigurationPlatforms) = preSolution
		Debug|Any CPU = Debug|Any CPU
		Release|Any CPU = Release|Any CPU
	EndGlobalSection
	GlobalSection(ProjectConfigurationPlatforms) = postSolution
		{10111788-6183-4FAD-B156-5018CB886F1E}.Debug|Any CPU.ActiveCfg = Debug|Any CPU
		{10111788-6183-4FAD-B156-5018CB886F1E}.Debug|Any CPU.Build.0 = Debug|Any CPU
		{10111788-6183-4FAD-B156-5018CB886F1E}.Release|Any CPU.ActiveCfg = Release|Any CPU
		{10111788-6183-4FAD-B156-5018CB886F1E}.Release|Any CPU.Build.0 = Release|Any CPU
	EndGlobalSection
	GlobalSection(SolutionProperties) = preSolution
		HideSolutionNode = FALSE
	EndGlobalSection
	GlobalSection(ExtensibilityGlobals) = postSolution
		SolutionGuid = {1451A26C-A252-4FF8-A1B7-D17987F8ADE8}
	EndGlobalSection
EndGlobal
