
Microsoft Visual Studio Solution File, Format Version 12.00
# Visual Studio 15
VisualStudioVersion = 15.0.27130.2027
MinimumVisualStudioVersion = 10.0.40219.1
Project("{9A19103F-16F7-4668-BE54-9A1E7A4F7556}") = "HelloWorld", "HelloWorld\HelloWorld.csproj", "{38DE953C-ED23-4E57-A07A-26290C317B84}"
EndProject
Global
	GlobalSection(SolutionConfigurationPlatforms) = preSolution
		Debug|Any CPU = Debug|Any CPU
		Release|Any CPU = Release|Any CPU
	EndGlobalSection
	GlobalSection(ProjectConfigurationPlatforms) = postSolution
		{38DE953C-ED23-4E57-A07A-26290C317B84}.Debug|Any CPU.ActiveCfg = Debug|Any CPU
		{38DE953C-ED23-4E57-A07A-26290C317B84}.Debug|Any CPU.Build.0 = Debug|Any CPU
		{38DE953C-ED23-4E57-A07A-26290C317B84}.Release|Any CPU.ActiveCfg = Release|Any CPU
		{38DE953C-ED23-4E57-A07A-26290C317B84}.Release|Any CPU.Build.0 = Release|Any CPU
	EndGlobalSection
	GlobalSection(SolutionProperties) = preSolution
		HideSolutionNode = FALSE
	EndGlobalSection
	GlobalSection(ExtensibilityGlobals) = postSolution
		SolutionGuid = {4EB4C6BE-EA79-4207-B375-45B7F2A8ECB2}
	EndGlobalSection
EndGlobal
