
Microsoft Visual Studio Solution File, Format Version 12.00
# Visual Studio 15
VisualStudioVersion = 15.0.27130.2027
MinimumVisualStudioVersion = 10.0.40219.1
Project("{9A19103F-16F7-4668-BE54-9A1E7A4F7556}") = "HelloWorld", "HelloWorld\HelloWorld.csproj", "{9911372E-3DAC-4546-8662-EEDDE2F39785}"
EndProject
Project("{9A19103F-16F7-4668-BE54-9A1E7A4F7556}") = "QuickStart", "QuickStart\QuickStart.csproj", "{107035DB-EE5A-47C1-844D-860B39D51E29}"
EndProject
Project("{9A19103F-16F7-4668-BE54-9A1E7A4F7556}") = "InstanceAdmin", "InstanceAdminExample\InstanceAdmin.csproj", "{F1EA86B3-25C6-4C53-BBAB-FAA4C20E5055}"
EndProject
Project("{9A19103F-16F7-4668-BE54-9A1E7A4F7556}") = "TableAdmin", "TableAdminExample\TableAdmin.csproj", "{32FA2C3F-5105-4C2F-A857-2EA3AC6C55FB}"
EndProject
Project("{9A19103F-16F7-4668-BE54-9A1E7A4F7556}") = "CommandLineUtil", "..\..\commandlineutil\Lib\CommandLineUtil.csproj", "{AA9F90AA-F994-49DB-9520-B1D1B31A84D4}"
EndProject
Global
	GlobalSection(SolutionConfigurationPlatforms) = preSolution
		Debug|Any CPU = Debug|Any CPU
		Release|Any CPU = Release|Any CPU
	EndGlobalSection
	GlobalSection(ProjectConfigurationPlatforms) = postSolution
		{9911372E-3DAC-4546-8662-EEDDE2F39785}.Debug|Any CPU.ActiveCfg = Debug|Any CPU
		{9911372E-3DAC-4546-8662-EEDDE2F39785}.Debug|Any CPU.Build.0 = Debug|Any CPU
		{9911372E-3DAC-4546-8662-EEDDE2F39785}.Release|Any CPU.ActiveCfg = Release|Any CPU
		{9911372E-3DAC-4546-8662-EEDDE2F39785}.Release|Any CPU.Build.0 = Release|Any CPU
		{107035DB-EE5A-47C1-844D-860B39D51E29}.Debug|Any CPU.ActiveCfg = Debug|Any CPU
		{107035DB-EE5A-47C1-844D-860B39D51E29}.Debug|Any CPU.Build.0 = Debug|Any CPU
		{107035DB-EE5A-47C1-844D-860B39D51E29}.Release|Any CPU.ActiveCfg = Release|Any CPU
		{107035DB-EE5A-47C1-844D-860B39D51E29}.Release|Any CPU.Build.0 = Release|Any CPU
		{F1EA86B3-25C6-4C53-BBAB-FAA4C20E5055}.Debug|Any CPU.ActiveCfg = Debug|Any CPU
		{F1EA86B3-25C6-4C53-BBAB-FAA4C20E5055}.Debug|Any CPU.Build.0 = Debug|Any CPU
		{F1EA86B3-25C6-4C53-BBAB-FAA4C20E5055}.Release|Any CPU.ActiveCfg = Release|Any CPU
		{F1EA86B3-25C6-4C53-BBAB-FAA4C20E5055}.Release|Any CPU.Build.0 = Release|Any CPU
		{32FA2C3F-5105-4C2F-A857-2EA3AC6C55FB}.Debug|Any CPU.ActiveCfg = Debug|Any CPU
		{32FA2C3F-5105-4C2F-A857-2EA3AC6C55FB}.Debug|Any CPU.Build.0 = Debug|Any CPU
		{32FA2C3F-5105-4C2F-A857-2EA3AC6C55FB}.Release|Any CPU.ActiveCfg = Release|Any CPU
		{32FA2C3F-5105-4C2F-A857-2EA3AC6C55FB}.Release|Any CPU.Build.0 = Release|Any CPU
		{AA9F90AA-F994-49DB-9520-B1D1B31A84D4}.Debug|Any CPU.ActiveCfg = Debug|Any CPU
		{AA9F90AA-F994-49DB-9520-B1D1B31A84D4}.Debug|Any CPU.Build.0 = Debug|Any CPU
		{AA9F90AA-F994-49DB-9520-B1D1B31A84D4}.Release|Any CPU.ActiveCfg = Release|Any CPU
		{AA9F90AA-F994-49DB-9520-B1D1B31A84D4}.Release|Any CPU.Build.0 = Release|Any CPU
	EndGlobalSection
	GlobalSection(SolutionProperties) = preSolution
		HideSolutionNode = FALSE
	EndGlobalSection
	GlobalSection(ExtensibilityGlobals) = postSolution
		SolutionGuid = {B8703F46-062B-4E6D-94B5-3336A8101753}
	EndGlobalSection
EndGlobal
