
Microsoft Visual Studio Solution File, Format Version 12.00
# Visual Studio 15
VisualStudioVersion = 15.0.27130.2027
MinimumVisualStudioVersion = 10.0.40219.1
Project("{9A19103F-16F7-4668-BE54-9A1E7A4F7556}") = "Bigtable", "Bigtable\Bigtable.csproj", "{A3713DDB-BAEC-4234-BE87-8D8F2CF50019}"
EndProject
Global
	GlobalSection(SolutionConfigurationPlatforms) = preSolution
		Debug|Any CPU = Debug|Any CPU
		Release|Any CPU = Release|Any CPU
	EndGlobalSection
	GlobalSection(ProjectConfigurationPlatforms) = postSolution
		{A3713DDB-BAEC-4234-BE87-8D8F2CF50019}.Debug|Any CPU.ActiveCfg = Debug|Any CPU
		{A3713DDB-BAEC-4234-BE87-8D8F2CF50019}.Debug|Any CPU.Build.0 = Debug|Any CPU
		{A3713DDB-BAEC-4234-BE87-8D8F2CF50019}.Release|Any CPU.ActiveCfg = Release|Any CPU
		{A3713DDB-BAEC-4234-BE87-8D8F2CF50019}.Release|Any CPU.Build.0 = Release|Any CPU
	EndGlobalSection
	GlobalSection(SolutionProperties) = preSolution
		HideSolutionNode = FALSE
	EndGlobalSection
	GlobalSection(ExtensibilityGlobals) = postSolution
		SolutionGuid = {B8703F46-062B-4E6D-94B5-3336A8101753}
	EndGlobalSection
EndGlobal
