
Microsoft Visual Studio Solution File, Format Version 12.00
# Visual Studio Version 17
VisualStudioVersion = 17.0.31903.59
MinimumVisualStudioVersion = 10.0.40219.1
Project("{FAE04EC0-301F-11D3-BF4B-00C04F79EFBC}") = "StreamBigQuery", "StreamBigQuery\StreamBigQuery.csproj", "{3B0C08AE-367D-4F0F-8B1D-C74093C760F8}"
EndProject
Project("{FAE04EC0-301F-11D3-BF4B-00C04F79EFBC}") = "StreamBigQuery.Tests", "StreamBigQuery.Tests\StreamBigQuery.Tests.csproj", "{6774A3EE-4121-4DD9-9ABD-EFB675CD6E03}"
EndProject
Global
	GlobalSection(SolutionConfigurationPlatforms) = preSolution
		Debug|Any CPU = Debug|Any CPU
		Release|Any CPU = Release|Any CPU
	EndGlobalSection
	GlobalSection(SolutionProperties) = preSolution
		HideSolutionNode = FALSE
	EndGlobalSection
	GlobalSection(ProjectConfigurationPlatforms) = postSolution
		{3B0C08AE-367D-4F0F-8B1D-C74093C760F8}.Debug|Any CPU.ActiveCfg = Debug|Any CPU
		{3B0C08AE-367D-4F0F-8B1D-C74093C760F8}.Debug|Any CPU.Build.0 = Debug|Any CPU
		{3B0C08AE-367D-4F0F-8B1D-C74093C760F8}.Release|Any CPU.ActiveCfg = Release|Any CPU
		{3B0C08AE-367D-4F0F-8B1D-C74093C760F8}.Release|Any CPU.Build.0 = Release|Any CPU
		{6774A3EE-4121-4DD9-9ABD-EFB675CD6E03}.Debug|Any CPU.ActiveCfg = Debug|Any CPU
		{6774A3EE-4121-4DD9-9ABD-EFB675CD6E03}.Debug|Any CPU.Build.0 = Debug|Any CPU
		{6774A3EE-4121-4DD9-9ABD-EFB675CD6E03}.Release|Any CPU.ActiveCfg = Release|Any CPU
		{6774A3EE-4121-4DD9-9ABD-EFB675CD6E03}.Release|Any CPU.Build.0 = Release|Any CPU
	EndGlobalSection
EndGlobal
